{
  "version": 4,
  "terraform_version": "1.11.3",
  "serial": 518,
  "lineage": "43e7b4bf-f4e9-4992-c2a2-4ce4177cf5a8",
  "outputs": {
    "alb_dns_name": {
      "value": "project01-ALB-1153205967.ap-south-1.elb.amazonaws.com",
      "type": "string"
    },
    "alb_security_group_id": {
      "value": "sg-0f4dfed48a15e5fc8",
      "type": "string"
    },
    "alb_target_group_arn": {
      "value": "arn:aws:elasticloadbalancing:ap-south-1:225989359549:targetgroup/project01-TG/f642b96370d42d6e",
      "type": "string"
    },
    "alb_zone_id": {
      "value": "ZP97RAFLXTNZK",
      "type": "string"
    },
    "autoscaling_group_name": {
      "value": "project01-dev-ASG-2025041509393050910000000b",
      "type": "string"
    },
    "availability_zones_used": {
      "value": [
        "ap-south-1a",
        "ap-south-1b",
        "ap-south-1c"
      ],
      "type": [
        "list",
        "string"
      ]
    },
    "bastion_public_ip": {
      "value": "13.126.141.167",
      "type": "string"
    },
    "cloudwatch_dashboard_name": {
      "value": "project01-dev-Dashboard",
      "type": "string"
    },
    "db_credentials_secret_arn": {
      "value": "arn:aws:secretsmanager:ap-south-1:225989359549:secret:project01-dev-db-credentials-bT6Mwl",
      "type": "string"
    },
    "db_credentials_secret_password": {
      "value": "0y6qcirMVZJa8d9t",
      "type": "string",
      "sensitive": true
    },
    "db_credentials_secret_username": {
      "value": "dbadmin",
      "type": "string"
    },
    "db_instance_endpoint": {
      "value": "project01-dev-db.c1y0c2wc2ggw.ap-south-1.rds.amazonaws.com:5432",
      "type": "string",
      "sensitive": true
    },
    "db_instance_name": {
      "value": "project01db",
      "type": "string"
    },
    "db_instance_port": {
      "value": 5432,
      "type": "number"
    },
    "db_security_group_id": {
      "value": "sg-0d123586cf94a7bd9",
      "type": "string"
    },
    "ec2_security_group_id": {
      "value": "sg-062d6c5a82fa84fa5",
      "type": "string"
    },
    "nat_gateway_eip": {
      "value": "15.207.83.199",
      "type": "string"
    },
    "private_subnet_ids": {
      "value": [
        "subnet-0ed83758bc266614a",
        "subnet-0dfe45488f2d0271a",
        "subnet-022a2b142774342e5"
      ],
      "type": [
        "tuple",
        [
          "string",
          "string",
          "string"
        ]
      ]
    },
    "public_subnet_ids": {
      "value": [
        "subnet-09f8f1ea3d7083485",
        "subnet-0d2d9cf41c1855502",
        "subnet-01f8351229628a772"
      ],
      "type": [
        "tuple",
        [
          "string",
          "string",
          "string"
        ]
      ]
    },
    "vpc_id": {
      "value": "vpc-0815c8fffd49d054d",
      "type": "string"
    }
  },
  "resources": [
    {
      "mode": "data",
      "type": "aws_ami",
      "name": "latest_ami",
      "provider": "provider[\"registry.terraform.io/hashicorp/aws\"]",
      "instances": [
        {
          "schema_version": 0,
          "attributes": {
            "architecture": "x86_64",
            "arn": "arn:aws:ec2:ap-south-1::image/ami-02bd60530cb7649eb",
            "block_device_mappings": [
              {
                "device_name": "/dev/xvda",
                "ebs": {
                  "delete_on_termination": "true",
                  "encrypted": "false",
                  "iops": "3000",
                  "snapshot_id": "snap-0746dca52b22cc484",
                  "throughput": "125",
                  "volume_size": "30",
                  "volume_type": "gp3"
                },
                "no_device": "",
                "virtual_name": ""
              }
            ],
            "boot_mode": "uefi-preferred",
            "creation_date": "2025-04-03T22:36:50.000Z",
            "deprecation_time": "2027-04-03T22:36:50.000Z",
            "description": "Amazon Linux AMI 2023.0.20250403 x86_64 ECS HVM EBS",
            "ena_support": true,
            "executable_users": null,
            "filter": [
              {
                "name": "name",
                "values": [
                  "al2023-ami-*-kernel-*-x86_64"
                ]
              },
              {
                "name": "root-device-type",
                "values": [
                  "ebs"
                ]
              },
              {
                "name": "virtualization-type",
                "values": [
                  "hvm"
                ]
              }
            ],
            "hypervisor": "xen",
            "id": "ami-02bd60530cb7649eb",
            "image_id": "ami-02bd60530cb7649eb",
            "image_location": "amazon/al2023-ami-ecs-hvm-2023.0.20250403-kernel-6.1-x86_64",
            "image_owner_alias": "amazon",
            "image_type": "machine",
            "imds_support": "v2.0",
            "include_deprecated": false,
            "kernel_id": "",
            "last_launched_time": "",
            "most_recent": true,
            "name": "al2023-ami-ecs-hvm-2023.0.20250403-kernel-6.1-x86_64",
            "name_regex": null,
            "owner_id": "591542846629",
            "owners": [
              "amazon"
            ],
            "platform": "",
            "platform_details": "Linux/UNIX",
            "product_codes": [],
            "public": true,
            "ramdisk_id": "",
            "root_device_name": "/dev/xvda",
            "root_device_type": "ebs",
            "root_snapshot_id": "snap-0746dca52b22cc484",
            "sriov_net_support": "simple",
            "state": "available",
            "state_reason": {
              "code": "UNSET",
              "message": "UNSET"
            },
            "tags": {},
            "timeouts": null,
            "tpm_support": "",
            "uefi_data": null,
            "usage_operation": "RunInstances",
            "virtualization_type": "hvm"
          },
          "sensitive_attributes": []
        }
      ]
    },
    {
      "mode": "data",
      "type": "aws_availability_zones",
      "name": "available",
      "provider": "provider[\"registry.terraform.io/hashicorp/aws\"]",
      "instances": [
        {
          "schema_version": 0,
          "attributes": {
            "all_availability_zones": null,
            "exclude_names": null,
            "exclude_zone_ids": null,
            "filter": null,
            "group_names": [
              "ap-south-1-zg-1"
            ],
            "id": "ap-south-1",
            "names": [
              "ap-south-1a",
              "ap-south-1b",
              "ap-south-1c"
            ],
            "state": "available",
            "timeouts": null,
            "zone_ids": [
              "aps1-az1",
              "aps1-az3",
              "aps1-az2"
            ]
          },
          "sensitive_attributes": []
        }
      ]
    },
    {
      "mode": "managed",
      "type": "aws_autoscaling_group",
      "name": "app",
      "provider": "provider[\"registry.terraform.io/hashicorp/aws\"]",
      "instances": [
        {
          "schema_version": 1,
          "attributes": {
            "arn": "arn:aws:autoscaling:ap-south-1:225989359549:autoScalingGroup:8dda5726-3280-483d-ad78-7cf56ab6c83a:autoScalingGroupName/project01-dev-ASG-2025041509393050910000000b",
            "availability_zone_distribution": [
              {
                "capacity_distribution_strategy": "balanced-best-effort"
              }
            ],
            "availability_zones": [
              "ap-south-1a",
              "ap-south-1b",
              "ap-south-1c"
            ],
            "capacity_rebalance": false,
            "context": "",
            "default_cooldown": 300,
            "default_instance_warmup": 0,
            "desired_capacity": 2,
            "desired_capacity_type": "",
            "enabled_metrics": null,
            "force_delete": false,
            "force_delete_warm_pool": false,
            "health_check_grace_period": 300,
            "health_check_type": "ELB",
            "id": "project01-dev-ASG-2025041509393050910000000b",
            "ignore_failed_scaling_activities": false,
            "initial_lifecycle_hook": [],
            "instance_maintenance_policy": [],
            "instance_refresh": [],
            "launch_configuration": "",
            "launch_template": [
              {
                "id": "lt-0fafb7b9732f612b0",
                "name": "project01-dev-20250415093924230100000009",
                "version": "$Latest"
              }
            ],
            "load_balancers": [],
            "max_instance_lifetime": 0,
            "max_size": 5,
            "metrics_granularity": "1Minute",
            "min_elb_capacity": null,
            "min_size": 2,
            "mixed_instances_policy": [],
            "name": "project01-dev-ASG-2025041509393050910000000b",
            "name_prefix": "project01-dev-ASG-",
            "placement_group": "",
            "predicted_capacity": 0,
            "protect_from_scale_in": false,
            "service_linked_role_arn": "arn:aws:iam::225989359549:role/aws-service-role/autoscaling.amazonaws.com/AWSServiceRoleForAutoScaling",
            "suspended_processes": null,
            "tag": [
              {
                "key": "ASG-Group",
                "propagate_at_launch": true,
                "value": "project01-dev"
              },
              {
                "key": "Name",
                "propagate_at_launch": true,
                "value": "project01-ASG-Instance"
              }
            ],
            "target_group_arns": [
              "arn:aws:elasticloadbalancing:ap-south-1:225989359549:targetgroup/project01-TG/f642b96370d42d6e"
            ],
            "termination_policies": null,
            "timeouts": null,
            "traffic_source": [
              {
                "identifier": "arn:aws:elasticloadbalancing:ap-south-1:225989359549:targetgroup/project01-TG/f642b96370d42d6e",
                "type": "elbv2"
              }
            ],
            "vpc_zone_identifier": [
              "subnet-022a2b142774342e5",
              "subnet-0dfe45488f2d0271a",
              "subnet-0ed83758bc266614a"
            ],
            "wait_for_capacity_timeout": "10m",
            "wait_for_elb_capacity": null,
            "warm_pool": [],
            "warm_pool_size": 0
          },
          "sensitive_attributes": [],
          "private": "eyJlMmJmYjczMC1lY2FhLTExZTYtOGY4OC0zNDM2M2JjN2M0YzAiOnsiZGVsZXRlIjo2MDAwMDAwMDAwMDAsInVwZGF0ZSI6NjAwMDAwMDAwMDAwfSwic2NoZW1hX3ZlcnNpb24iOiIxIn0=",
          "dependencies": [
            "aws_db_instance.main",
            "aws_db_subnet_group.default",
            "aws_iam_instance_profile.ec2_profile",
            "aws_iam_role.ec2_role",
            "aws_launch_template.app",
            "aws_lb_target_group.app",
            "aws_secretsmanager_secret.db_credentials",
            "aws_security_group.alb",
            "aws_security_group.bastion",
            "aws_security_group.ec2",
            "aws_security_group.rds",
            "aws_ssm_parameter.cloudwatch_agent_config",
            "aws_subnet.private",
            "aws_vpc.main",
            "data.aws_ami.latest_ami",
            "data.aws_availability_zones.available",
            "random_password.db_password"
          ],
          "create_before_destroy": true
        }
      ]
    },
    {
      "mode": "managed",
      "type": "aws_autoscaling_policy",
      "name": "avg_cpu_target_tracking",
      "provider": "provider[\"registry.terraform.io/hashicorp/aws\"]",
      "instances": [
        {
          "schema_version": 0,
          "attributes": {
            "adjustment_type": "",
            "arn": "arn:aws:autoscaling:ap-south-1:225989359549:scalingPolicy:16799a7d-442d-4899-876b-3a0af02eeefe:autoScalingGroupName/project01-dev-ASG-2025041509393050910000000b:policyName/project01-avg-cpu-target-tracking",
            "autoscaling_group_name": "project01-dev-ASG-2025041509393050910000000b",
            "cooldown": 0,
            "enabled": true,
            "estimated_instance_warmup": 0,
            "id": "project01-avg-cpu-target-tracking",
            "metric_aggregation_type": "",
            "min_adjustment_magnitude": 0,
            "name": "project01-avg-cpu-target-tracking",
            "policy_type": "TargetTrackingScaling",
            "predictive_scaling_configuration": [],
            "scaling_adjustment": 0,
            "step_adjustment": [],
            "target_tracking_configuration": [
              {
                "customized_metric_specification": [],
                "disable_scale_in": false,
                "predefined_metric_specification": [
                  {
                    "predefined_metric_type": "ASGAverageCPUUtilization",
                    "resource_label": ""
                  }
                ],
                "target_value": 60
              }
            ]
          },
          "sensitive_attributes": [],
          "private": "bnVsbA==",
          "dependencies": [
            "aws_autoscaling_group.app",
            "aws_db_instance.main",
            "aws_db_subnet_group.default",
            "aws_iam_instance_profile.ec2_profile",
            "aws_iam_role.ec2_role",
            "aws_launch_template.app",
            "aws_lb_target_group.app",
            "aws_secretsmanager_secret.db_credentials",
            "aws_security_group.alb",
            "aws_security_group.bastion",
            "aws_security_group.ec2",
            "aws_security_group.rds",
            "aws_ssm_parameter.cloudwatch_agent_config",
            "aws_subnet.private",
            "aws_vpc.main",
            "data.aws_ami.latest_ami",
            "data.aws_availability_zones.available",
            "random_password.db_password"
          ]
        }
      ]
    },
    {
      "mode": "managed",
      "type": "aws_cloudwatch_dashboard",
      "name": "main",
      "provider": "provider[\"registry.terraform.io/hashicorp/aws\"]",
      "instances": [
        {
          "schema_version": 0,
          "attributes": {
            "dashboard_arn": "arn:aws:cloudwatch::225989359549:dashboard/project01-dev-Dashboard",
            "dashboard_body": "{\"widgets\":[{\"height\":6,\"properties\":{\"metrics\":[[\"AWS/ApplicationELB\",\"HealthyHostCount\",\"TargetGroup\",\"project01-TG\",\"LoadBalancer\",\"app\"],[\"AWS/ApplicationELB\",\"UnHealthyHostCount\",\"TargetGroup\",\"project01-TG\",\"LoadBalancer\",\"app\"],[\"AWS/ApplicationELB\",\"RequestCount\",\"LoadBalancer\",\"app\",{\"stat\":\"Sum\"}],[\"...\",\"HTTPCode_Target_5XX_Count\",{\"stat\":\"Sum\"}],[\"...\",\"HTTPCode_ELB_5XX_Count\",{\"stat\":\"Sum\"}],[\"...\",\"TargetConnectionErrorCount\",{\"stat\":\"Sum\"}]],\"period\":300,\"region\":\"ap-south-1\",\"stat\":\"Average\",\"title\":\"ALB Metrics (app)\"},\"type\":\"metric\",\"width\":12,\"x\":0,\"y\":0},{\"height\":6,\"properties\":{\"metrics\":[[\"AWS/EC2\",\"CPUUtilization\",\"AutoScalingGroupName\",\"project01-dev-ASG-2025041509393050910000000b\",{\"stat\":\"Average\"}],[\"...\",\"NetworkOut\",{\"stat\":\"Average\"}],[\"...\",\"NetworkIn\",{\"stat\":\"Average\"}]],\"period\":300,\"region\":\"ap-south-1\",\"stat\":\"Average\",\"title\":\"ASG Metrics (project01-dev-ASG-2025041509393050910000000b)\",\"yAxis\":{\"left\":{\"max\":100,\"min\":0}}},\"type\":\"metric\",\"width\":12,\"x\":12,\"y\":0},{\"height\":6,\"properties\":{\"metrics\":[[\"AWS/RDS\",\"CPUUtilization\",\"DBInstanceIdentifier\",\"db-76VESUKP72H2SETS2MMOVSFWSU\",{\"stat\":\"Average\"}],[\"...\",\"DatabaseConnections\",{\"stat\":\"Average\"}],[\"...\",\"FreeableMemory\",{\"stat\":\"Average\"}],[\"...\",\"ReadIOPS\",{\"stat\":\"Average\"}],[\"...\",\"WriteIOPS\",{\"stat\":\"Average\"}]],\"period\":300,\"region\":\"ap-south-1\",\"stat\":\"Average\",\"title\":\"RDS Metrics (project01-dev-db)\"},\"type\":\"metric\",\"width\":12,\"x\":0,\"y\":6},{\"height\":6,\"properties\":{\"metrics\":[[\"CWAgent\",\"mem_used_percent\",\"AutoScalingGroupName\",\"project01-dev-ASG-2025041509393050910000000b\"]],\"period\":300,\"region\":\"ap-south-1\",\"stat\":\"Average\",\"title\":\"EC2 Instance Memory (via CW Agent)\",\"yAxis\":{\"left\":{\"max\":100,\"min\":0}}},\"type\":\"metric\",\"width\":12,\"x\":12,\"y\":6}]}",
            "dashboard_name": "project01-dev-Dashboard",
            "id": "project01-dev-Dashboard"
          },
          "sensitive_attributes": [],
          "private": "bnVsbA==",
          "dependencies": [
            "aws_autoscaling_group.app",
            "aws_db_instance.main",
            "aws_db_subnet_group.default",
            "aws_iam_instance_profile.ec2_profile",
            "aws_iam_role.ec2_role",
            "aws_launch_template.app",
            "aws_lb.main",
            "aws_lb_target_group.app",
            "aws_secretsmanager_secret.db_credentials",
            "aws_security_group.alb",
            "aws_security_group.bastion",
            "aws_security_group.ec2",
            "aws_security_group.rds",
            "aws_ssm_parameter.cloudwatch_agent_config",
            "aws_subnet.private",
            "aws_subnet.public",
            "aws_vpc.main",
            "data.aws_ami.latest_ami",
            "data.aws_availability_zones.available",
            "random_password.db_password"
          ]
        }
      ]
    },
    {
      "mode": "managed",
      "type": "aws_db_instance",
      "name": "main",
      "provider": "provider[\"registry.terraform.io/hashicorp/aws\"]",
      "instances": [
        {
          "schema_version": 2,
          "attributes": {
            "address": "project01-dev-db.c1y0c2wc2ggw.ap-south-1.rds.amazonaws.com",
            "allocated_storage": 20,
            "allow_major_version_upgrade": null,
            "apply_immediately": false,
            "arn": "arn:aws:rds:ap-south-1:225989359549:db:project01-dev-db",
            "auto_minor_version_upgrade": true,
            "availability_zone": "ap-south-1a",
            "backup_retention_period": 7,
            "backup_target": "region",
            "backup_window": "23:40-00:10",
            "blue_green_update": [],
            "ca_cert_identifier": "rds-ca-rsa2048-g1",
            "character_set_name": "",
            "copy_tags_to_snapshot": false,
            "custom_iam_instance_profile": "",
            "customer_owned_ip_enabled": false,
            "database_insights_mode": "standard",
            "db_name": "project01db",
            "db_subnet_group_name": "project01-dev-rds-subnet-group",
            "dedicated_log_volume": false,
            "delete_automated_backups": true,
            "deletion_protection": false,
            "domain": "",
            "domain_auth_secret_arn": "",
            "domain_dns_ips": null,
            "domain_fqdn": "",
            "domain_iam_role_name": "",
            "domain_ou": "",
            "enabled_cloudwatch_logs_exports": null,
            "endpoint": "project01-dev-db.c1y0c2wc2ggw.ap-south-1.rds.amazonaws.com:5432",
            "engine": "postgres",
            "engine_lifecycle_support": "open-source-rds-extended-support",
            "engine_version": "15.12",
            "engine_version_actual": "15.12",
            "final_snapshot_identifier": null,
            "hosted_zone_id": "Z2VFMSZA74J7XZ",
            "iam_database_authentication_enabled": false,
            "id": "db-76VESUKP72H2SETS2MMOVSFWSU",
            "identifier": "project01-dev-db",
            "identifier_prefix": "",
            "instance_class": "db.t3.micro",
            "iops": 3000,
            "kms_key_id": "",
            "latest_restorable_time": "2025-04-15T09:37:17Z",
            "license_model": "postgresql-license",
            "listener_endpoint": [],
            "maintenance_window": "tue:06:26-tue:06:56",
            "manage_master_user_password": null,
            "master_user_secret": [],
            "master_user_secret_kms_key_id": null,
            "max_allocated_storage": 0,
            "monitoring_interval": 0,
            "monitoring_role_arn": "",
            "multi_az": false,
            "nchar_character_set_name": "",
            "network_type": "IPV4",
            "option_group_name": "default:postgres-15",
            "parameter_group_name": "default.postgres15",
            "password": "0y6qcirMVZJa8d9t",
            "password_wo": null,
            "password_wo_version": null,
            "performance_insights_enabled": false,
            "performance_insights_kms_key_id": "",
            "performance_insights_retention_period": 0,
            "port": 5432,
            "publicly_accessible": false,
            "replica_mode": "",
            "replicas": [],
            "replicate_source_db": "",
            "resource_id": "db-76VESUKP72H2SETS2MMOVSFWSU",
            "restore_to_point_in_time": [],
            "s3_import": [],
            "skip_final_snapshot": true,
            "snapshot_identifier": null,
            "status": "available",
            "storage_encrypted": false,
            "storage_throughput": 125,
            "storage_type": "gp3",
            "tags": {
              "Environment": "dev",
              "Name": "project01-RDS-Instance",
              "Terraform": "true"
            },
            "tags_all": {
              "Environment": "dev",
              "Name": "project01-RDS-Instance",
              "Terraform": "true"
            },
            "timeouts": null,
            "timezone": "",
            "upgrade_storage_config": null,
            "username": "dbadmin",
            "vpc_security_group_ids": [
              "sg-0d123586cf94a7bd9"
            ]
          },
          "sensitive_attributes": [
            [
              {
                "type": "get_attr",
                "value": "password_wo"
              }
            ],
            [
              {
                "type": "get_attr",
                "value": "password"
              }
            ]
          ],
          "private": "eyJlMmJmYjczMC1lY2FhLTExZTYtOGY4OC0zNDM2M2JjN2M0YzAiOnsiY3JlYXRlIjozMDAwMDAwMDAwMDAwLCJkZWxldGUiOjM2MDAwMDAwMDAwMDAsInVwZGF0ZSI6NDgwMDAwMDAwMDAwMH0sInNjaGVtYV92ZXJzaW9uIjoiMiJ9",
          "dependencies": [
            "aws_db_subnet_group.default",
            "aws_security_group.alb",
            "aws_security_group.bastion",
            "aws_security_group.ec2",
            "aws_security_group.rds",
            "aws_subnet.private",
            "aws_vpc.main",
            "data.aws_availability_zones.available",
            "random_password.db_password"
          ],
          "create_before_destroy": true
        }
      ]
    },
    {
      "mode": "managed",
      "type": "aws_db_subnet_group",
      "name": "default",
      "provider": "provider[\"registry.terraform.io/hashicorp/aws\"]",
      "instances": [
        {
          "schema_version": 0,
          "attributes": {
            "arn": "arn:aws:rds:ap-south-1:225989359549:subgrp:project01-dev-rds-subnet-group",
            "description": "Managed by Terraform",
            "id": "project01-dev-rds-subnet-group",
            "name": "project01-dev-rds-subnet-group",
            "name_prefix": "",
            "subnet_ids": [
              "subnet-022a2b142774342e5",
              "subnet-0dfe45488f2d0271a",
              "subnet-0ed83758bc266614a"
            ],
            "supported_network_types": [
              "IPV4"
            ],
            "tags": {
              "Environment": "dev",
              "Name": "project01-RDSSubnetGroup",
              "Terraform": "true"
            },
            "tags_all": {
              "Environment": "dev",
              "Name": "project01-RDSSubnetGroup",
              "Terraform": "true"
            },
            "vpc_id": "vpc-0815c8fffd49d054d"
          },
          "sensitive_attributes": [],
          "private": "bnVsbA==",
          "dependencies": [
            "aws_subnet.private",
            "aws_vpc.main",
            "data.aws_availability_zones.available"
          ],
          "create_before_destroy": true
        }
      ]
    },
    {
      "mode": "managed",
      "type": "aws_eip",
      "name": "nat",
      "provider": "provider[\"registry.terraform.io/hashicorp/aws\"]",
      "instances": [
        {
          "schema_version": 0,
          "attributes": {
            "address": null,
            "allocation_id": "eipalloc-09feb0fe86e2eabf2",
            "arn": "arn:aws:ec2:ap-south-1:225989359549:elastic-ip/eipalloc-09feb0fe86e2eabf2",
            "associate_with_private_ip": null,
            "association_id": "",
            "carrier_ip": "",
            "customer_owned_ip": "",
            "customer_owned_ipv4_pool": "",
            "domain": "vpc",
            "id": "eipalloc-09feb0fe86e2eabf2",
            "instance": "",
            "ipam_pool_id": null,
            "network_border_group": "ap-south-1",
            "network_interface": "",
            "private_dns": null,
            "private_ip": "",
            "ptr_record": "",
            "public_dns": "ec2-15-207-83-199.ap-south-1.compute.amazonaws.com",
            "public_ip": "15.207.83.199",
            "public_ipv4_pool": "amazon",
            "tags": {
              "Environment": "dev",
              "Name": "project01-NAT-EIP",
              "Terraform": "true"
            },
            "tags_all": {
              "Environment": "dev",
              "Name": "project01-NAT-EIP",
              "Terraform": "true"
            },
            "timeouts": null,
            "vpc": true
          },
          "sensitive_attributes": [],
          "private": "eyJlMmJmYjczMC1lY2FhLTExZTYtOGY4OC0zNDM2M2JjN2M0YzAiOnsiZGVsZXRlIjoxODAwMDAwMDAwMDAsInJlYWQiOjkwMDAwMDAwMDAwMCwidXBkYXRlIjozMDAwMDAwMDAwMDB9fQ=="
        }
      ]
    },
    {
      "mode": "managed",
      "type": "aws_iam_instance_profile",
      "name": "ec2_profile",
      "provider": "provider[\"registry.terraform.io/hashicorp/aws\"]",
      "instances": [
        {
          "schema_version": 0,
          "attributes": {
            "arn": "arn:aws:iam::225989359549:instance-profile/project01-dev-EC2-Profile",
            "create_date": "2025-04-15T09:32:58Z",
            "id": "project01-dev-EC2-Profile",
            "name": "project01-dev-EC2-Profile",
            "name_prefix": "",
            "path": "/",
            "role": "project01-dev-EC2-Role",
            "tags": {
              "Environment": "dev",
              "Name": "project01-EC2-Profile",
              "Terraform": "true"
            },
            "tags_all": {
              "Environment": "dev",
              "Name": "project01-EC2-Profile",
              "Terraform": "true"
            },
            "unique_id": "AIPATJHQD6662EJWQJMOI"
          },
          "sensitive_attributes": [],
          "private": "bnVsbA==",
          "dependencies": [
            "aws_iam_role.ec2_role"
          ],
          "create_before_destroy": true
        }
      ]
    },
    {
      "mode": "managed",
      "type": "aws_iam_policy",
      "name": "ec2_policy",
      "provider": "provider[\"registry.terraform.io/hashicorp/aws\"]",
      "instances": [
        {
          "schema_version": 0,
          "attributes": {
            "arn": "arn:aws:iam::225989359549:policy/project01-dev-EC2-Policy",
            "attachment_count": 0,
            "description": "Policy for EC2 instances to access Secrets Manager DB secret and CloudWatch Logs",
            "id": "arn:aws:iam::225989359549:policy/project01-dev-EC2-Policy",
            "name": "project01-dev-EC2-Policy",
            "name_prefix": "",
            "path": "/",
            "policy": "{\"Statement\":[{\"Action\":[\"secretsmanager:GetSecretValue\"],\"Effect\":\"Allow\",\"Resource\":\"arn:aws:secretsmanager:ap-south-1:225989359549:secret:project01-dev-db-credentials-bT6Mwl\"},{\"Action\":[\"logs:CreateLogGroup\",\"logs:CreateLogStream\",\"logs:PutLogEvents\",\"logs:DescribeLogStreams\"],\"Effect\":\"Allow\",\"Resource\":\"arn:aws:logs:*:*:*\"}],\"Version\":\"2012-10-17\"}",
            "policy_id": "ANPATJHQD666WYWPSDJDJ",
            "tags": null,
            "tags_all": {}
          },
          "sensitive_attributes": [],
          "private": "bnVsbA==",
          "dependencies": [
            "aws_secretsmanager_secret.db_credentials"
          ]
        }
      ]
    },
    {
      "mode": "managed",
      "type": "aws_iam_role",
      "name": "ec2_role",
      "provider": "provider[\"registry.terraform.io/hashicorp/aws\"]",
      "instances": [
        {
          "schema_version": 0,
          "attributes": {
            "arn": "arn:aws:iam::225989359549:role/project01-dev-EC2-Role",
            "assume_role_policy": "{\"Statement\":[{\"Action\":\"sts:AssumeRole\",\"Effect\":\"Allow\",\"Principal\":{\"Service\":\"ec2.amazonaws.com\"}}],\"Version\":\"2012-10-17\"}",
            "create_date": "2025-04-15T09:32:56Z",
            "description": "",
            "force_detach_policies": false,
            "id": "project01-dev-EC2-Role",
            "inline_policy": [],
            "managed_policy_arns": [],
            "max_session_duration": 3600,
            "name": "project01-dev-EC2-Role",
            "name_prefix": "",
            "path": "/",
            "permissions_boundary": "",
            "tags": {
              "Environment": "dev",
              "Name": "project01-EC2-Role",
              "Terraform": "true"
            },
            "tags_all": {
              "Environment": "dev",
              "Name": "project01-EC2-Role",
              "Terraform": "true"
            },
            "unique_id": "AROATJHQD666TVGUDSH64"
          },
          "sensitive_attributes": [],
          "private": "bnVsbA==",
          "create_before_destroy": true
        }
      ]
    },
    {
      "mode": "managed",
      "type": "aws_iam_role_policy_attachment",
      "name": "ec2_custom_policy_attach",
      "provider": "provider[\"registry.terraform.io/hashicorp/aws\"]",
      "instances": [
        {
          "schema_version": 0,
          "attributes": {
            "id": "project01-dev-EC2-Role-20250415093258517400000003",
            "policy_arn": "arn:aws:iam::225989359549:policy/project01-dev-EC2-Policy",
            "role": "project01-dev-EC2-Role"
          },
          "sensitive_attributes": [],
          "private": "bnVsbA==",
          "dependencies": [
            "aws_iam_policy.ec2_policy",
            "aws_iam_role.ec2_role",
            "aws_secretsmanager_secret.db_credentials"
          ]
        }
      ]
    },
    {
      "mode": "managed",
      "type": "aws_iam_role_policy_attachment",
      "name": "ec2_ssm_policy_attach",
      "provider": "provider[\"registry.terraform.io/hashicorp/aws\"]",
      "instances": [
        {
          "schema_version": 0,
          "attributes": {
            "id": "project01-dev-EC2-Role-20250415093258557600000004",
            "policy_arn": "arn:aws:iam::aws:policy/AmazonSSMManagedInstanceCore",
            "role": "project01-dev-EC2-Role"
          },
          "sensitive_attributes": [],
          "private": "bnVsbA==",
          "dependencies": [
            "aws_iam_role.ec2_role"
          ]
        }
      ]
    },
    {
      "mode": "managed",
      "type": "aws_instance",
      "name": "bastion",
      "provider": "provider[\"registry.terraform.io/hashicorp/aws\"]",
      "instances": [
        {
          "schema_version": 1,
          "attributes": {
            "ami": "ami-02bd60530cb7649eb",
            "arn": "arn:aws:ec2:ap-south-1:225989359549:instance/i-009c2fa7c970dd42a",
            "associate_public_ip_address": true,
            "availability_zone": "ap-south-1a",
            "capacity_reservation_specification": [
              {
                "capacity_reservation_preference": "open",
                "capacity_reservation_target": []
              }
            ],
            "cpu_core_count": 1,
            "cpu_options": [
              {
                "amd_sev_snp": "",
                "core_count": 1,
                "threads_per_core": 2
              }
            ],
            "cpu_threads_per_core": 2,
            "credit_specification": [
              {
                "cpu_credits": "unlimited"
              }
            ],
            "disable_api_stop": false,
            "disable_api_termination": false,
            "ebs_block_device": [],
            "ebs_optimized": false,
            "enable_primary_ipv6": null,
            "enclave_options": [
              {
                "enabled": false
              }
            ],
            "ephemeral_block_device": [],
            "get_password_data": false,
            "hibernation": false,
            "host_id": "",
            "host_resource_group_arn": null,
            "iam_instance_profile": "project01-dev-EC2-Profile",
            "id": "i-009c2fa7c970dd42a",
            "instance_initiated_shutdown_behavior": "stop",
            "instance_lifecycle": "",
            "instance_market_options": [],
            "instance_state": "running",
            "instance_type": "t3.micro",
            "ipv6_address_count": 0,
            "ipv6_addresses": [],
            "key_name": "aws_linux_mumbai",
            "launch_template": [],
            "maintenance_options": [
              {
                "auto_recovery": "default"
              }
            ],
            "metadata_options": [
              {
                "http_endpoint": "enabled",
                "http_protocol_ipv6": "disabled",
                "http_put_response_hop_limit": 2,
                "http_tokens": "required",
                "instance_metadata_tags": "disabled"
              }
            ],
            "monitoring": false,
            "network_interface": [],
            "outpost_arn": "",
            "password_data": "",
            "placement_group": "",
            "placement_partition_number": 0,
            "primary_network_interface_id": "eni-0ad04abcddddbe398",
            "private_dns": "ip-10-0-1-124.ap-south-1.compute.internal",
            "private_dns_name_options": [
              {
                "enable_resource_name_dns_a_record": false,
                "enable_resource_name_dns_aaaa_record": false,
                "hostname_type": "ip-name"
              }
            ],
            "private_ip": "10.0.1.124",
            "public_dns": "ec2-13-126-141-167.ap-south-1.compute.amazonaws.com",
            "public_ip": "13.126.141.167",
            "root_block_device": [
              {
                "delete_on_termination": true,
                "device_name": "/dev/xvda",
                "encrypted": true,
                "iops": 3000,
                "kms_key_id": "arn:aws:kms:ap-south-1:225989359549:key/6d8cde92-0652-4846-ac31-0465fdcf0deb",
                "tags": {},
                "tags_all": {},
                "throughput": 125,
                "volume_id": "vol-087a7cd104ec7a973",
                "volume_size": 30,
                "volume_type": "gp3"
              }
            ],
            "secondary_private_ips": [],
            "security_groups": [],
            "source_dest_check": true,
            "spot_instance_request_id": "",
            "subnet_id": "subnet-09f8f1ea3d7083485",
            "tags": {
              "Environment": "dev",
              "Name": "project01-BastionHost",
              "Terraform": "true"
            },
            "tags_all": {
              "Environment": "dev",
              "Name": "project01-BastionHost",
              "Terraform": "true"
            },
            "tenancy": "default",
            "timeouts": null,
            "user_data": null,
            "user_data_base64": null,
            "user_data_replace_on_change": false,
            "volume_tags": null,
            "vpc_security_group_ids": [
              "sg-02f0a9c1a8e407e79"
            ]
          },
          "sensitive_attributes": [],
          "private": "eyJlMmJmYjczMC1lY2FhLTExZTYtOGY4OC0zNDM2M2JjN2M0YzAiOnsiY3JlYXRlIjo2MDAwMDAwMDAwMDAsImRlbGV0ZSI6MTIwMDAwMDAwMDAwMCwicmVhZCI6OTAwMDAwMDAwMDAwLCJ1cGRhdGUiOjYwMDAwMDAwMDAwMH0sInNjaGVtYV92ZXJzaW9uIjoiMSJ9",
          "dependencies": [
            "aws_iam_instance_profile.ec2_profile",
            "aws_iam_role.ec2_role",
            "aws_security_group.bastion",
            "aws_subnet.public",
            "aws_vpc.main",
            "data.aws_ami.latest_ami",
            "data.aws_availability_zones.available"
          ]
        }
      ]
    },
    {
      "mode": "managed",
      "type": "aws_internet_gateway",
      "name": "gw",
      "provider": "provider[\"registry.terraform.io/hashicorp/aws\"]",
      "instances": [
        {
          "schema_version": 0,
          "attributes": {
            "arn": "arn:aws:ec2:ap-south-1:225989359549:internet-gateway/igw-009756d0e0877d7db",
            "id": "igw-009756d0e0877d7db",
            "owner_id": "225989359549",
            "tags": {
              "Environment": "dev",
              "Name": "project01-IGW",
              "Terraform": "true"
            },
            "tags_all": {
              "Environment": "dev",
              "Name": "project01-IGW",
              "Terraform": "true"
            },
            "timeouts": null,
            "vpc_id": "vpc-0815c8fffd49d054d"
          },
          "sensitive_attributes": [],
          "private": "eyJlMmJmYjczMC1lY2FhLTExZTYtOGY4OC0zNDM2M2JjN2M0YzAiOnsiY3JlYXRlIjoxMjAwMDAwMDAwMDAwLCJkZWxldGUiOjEyMDAwMDAwMDAwMDAsInVwZGF0ZSI6MTIwMDAwMDAwMDAwMH19",
          "dependencies": [
            "aws_vpc.main"
          ]
        }
      ]
    },
    {
      "mode": "managed",
      "type": "aws_launch_template",
      "name": "app",
      "provider": "provider[\"registry.terraform.io/hashicorp/aws\"]",
      "instances": [
        {
          "schema_version": 0,
          "attributes": {
            "arn": "arn:aws:ec2:ap-south-1:225989359549:launch-template/lt-0fafb7b9732f612b0",
            "block_device_mappings": [],
            "capacity_reservation_specification": [],
            "cpu_options": [],
            "credit_specification": [],
            "default_version": 1,
            "description": "Launch template for project01 instances",
            "disable_api_stop": false,
            "disable_api_termination": false,
            "ebs_optimized": "",
            "elastic_gpu_specifications": [],
            "elastic_inference_accelerator": [],
            "enclave_options": [],
            "hibernation_options": [],
            "iam_instance_profile": [
              {
                "arn": "arn:aws:iam::225989359549:instance-profile/project01-dev-EC2-Profile",
                "name": ""
              }
            ],
            "id": "lt-0fafb7b9732f612b0",
            "image_id": "ami-02bd60530cb7649eb",
            "instance_initiated_shutdown_behavior": "",
            "instance_market_options": [],
            "instance_requirements": [],
            "instance_type": "t3.micro",
            "kernel_id": "",
            "key_name": "aws_linux_mumbai",
            "latest_version": 1,
            "license_specification": [],
            "maintenance_options": [],
            "metadata_options": [
              {
                "http_endpoint": "enabled",
                "http_protocol_ipv6": "",
                "http_put_response_hop_limit": 0,
                "http_tokens": "required",
                "instance_metadata_tags": ""
              }
            ],
            "monitoring": [],
            "name": "project01-dev-20250415093924230100000009",
            "name_prefix": "project01-dev-",
            "network_interfaces": [
              {
                "associate_carrier_ip_address": "",
                "associate_public_ip_address": "false",
                "connection_tracking_specification": [],
                "delete_on_termination": "",
                "description": "",
                "device_index": 0,
                "ena_srd_specification": [],
                "interface_type": "",
                "ipv4_address_count": 0,
                "ipv4_addresses": null,
                "ipv4_prefix_count": 0,
                "ipv4_prefixes": null,
                "ipv6_address_count": 0,
                "ipv6_addresses": null,
                "ipv6_prefix_count": 0,
                "ipv6_prefixes": null,
                "network_card_index": 0,
                "network_interface_id": "",
                "primary_ipv6": "",
                "private_ip_address": "",
                "security_groups": [
                  "sg-062d6c5a82fa84fa5"
                ],
                "subnet_id": ""
              }
            ],
            "placement": [],
            "private_dns_name_options": [],
            "ram_disk_id": "",
            "security_group_names": null,
            "tag_specifications": [
              {
                "resource_type": "instance",
                "tags": {
                  "Environment": "dev",
                  "Name": "project01-Instance",
                  "Terraform": "true"
                }
              },
              {
                "resource_type": "volume",
                "tags": {
                  "Environment": "dev",
                  "Name": "project01-Volume",
                  "Terraform": "true"
                }
              }
            ],
            "tags": null,
            "tags_all": {},
            "update_default_version": null,
            "user_data": "IyEvYmluL2Jhc2ggLXhlCmVjaG8gIlN0YXJ0aW5nIFVzZXIgRGF0YSBTY3JpcHQgRXhlY3V0aW9uLi4uIgoKIyAtLS0gQmFzaWMgU2V0dXAgLS0tCmVjaG8gIlVwZGF0aW5nIHBhY2thZ2VzIGFuZCBpbnN0YWxsaW5nIHRvb2xzLi4uIgp5dW0gdXBkYXRlIC15Cnl1bSBpbnN0YWxsIC15IGF3cy1jbGkganEgZ2l0CgojIC0tLSBJbnN0YWxsIGFuZCBDb25maWd1cmUgQ2xvdWRXYXRjaCBBZ2VudCAtLS0KZWNobyAiSW5zdGFsbGluZyBhbmQgY29uZmlndXJpbmcgQ2xvdWRXYXRjaCBBZ2VudC4uLiIKeXVtIGluc3RhbGwgLXkgYW1hem9uLWNsb3Vkd2F0Y2gtYWdlbnQKCkNPTkZJR19PVVRQVVRfUEFUSD0iL29wdC9hd3MvYW1hem9uLWNsb3Vkd2F0Y2gtYWdlbnQvYmluL2NvbmZpZy5qc29uIgplY2hvICJGZXRjaGluZyBDbG91ZFdhdGNoIEFnZW50IGNvbmZpZyBmcm9tIFNTTSBwYXJhbWV0ZXI6IC9wcm9qZWN0MDEvZGV2L2Nsb3Vkd2F0Y2gtYWdlbnQtY29uZmlnIGluIHJlZ2lvbiBhcC1zb3V0aC0xIgphd3Mgc3NtIGdldC1wYXJhbWV0ZXIgLS1uYW1lICIvcHJvamVjdDAxL2Rldi9jbG91ZHdhdGNoLWFnZW50LWNvbmZpZyIgLS1yZWdpb24gImFwLXNvdXRoLTEiIC0tcXVlcnkgUGFyYW1ldGVyLlZhbHVlIC0tb3V0cHV0IHRleHQgPiAiJENPTkZJR19PVVRQVVRfUEFUSCIKaWYgWyAkPyAtbmUgMCBdOyB0aGVuCiAgZWNobyAiV0FSTklORzogRmFpbGVkIHRvIGZldGNoIENsb3VkV2F0Y2ggQWdlbnQgY29uZmlndXJhdGlvbiBmcm9tIFNTTS4gQWdlbnQgd2lsbCBub3QgY29sbGVjdCBjdXN0b20gbG9ncy9tZXRyaWNzLiIKZWxzZQogIGVjaG8gIlN1Y2Nlc3NmdWxseSBmZXRjaGVkIENsb3VkV2F0Y2ggQWdlbnQgY29uZmlndXJhdGlvbi4iCiAgZWNobyAiU3RhcnRpbmcgQ2xvdWRXYXRjaCBBZ2VudC4uLiIKICAvb3B0L2F3cy9hbWF6b24tY2xvdWR3YXRjaC1hZ2VudC9iaW4vYW1hem9uLWNsb3Vkd2F0Y2gtYWdlbnQtY3RsIC1hIGZldGNoLWNvbmZpZyAtbSBlYzIgLWMgImZpbGU6JENPTkZJR19PVVRQVVRfUEFUSCIgLXMKICBpZiBbICQ/IC1uZSAwIF07IHRoZW4KICAgIGVjaG8gIldBUk5JTkc6IEZhaWxlZCB0byBzdGFydCBDbG91ZFdhdGNoIEFnZW50LiIKICBlbHNlCiAgICBlY2hvICJDbG91ZFdhdGNoIEFnZW50IHN0YXJ0ZWQgc3VjY2Vzc2Z1bGx5LiIKICBmaQpmaQoKIyAtLS0gSW5zdGFsbCBOb2RlLmpzIC0tLQplY2hvICJTZXR0aW5nIHVwIE5vZGUuanMgdXNpbmcgbnZtLi4uIgojIFJ1biBhcyBlYzItdXNlciBmb3IgbnZtIGluc3RhbGxhdGlvbgpzdWRvIC11IGVjMi11c2VyIGJhc2ggLWMgJ2N1cmwgLW8tIGh0dHBzOi8vcmF3LmdpdGh1YnVzZXJjb250ZW50LmNvbS9udm0tc2gvbnZtL3YwLjM5LjcvaW5zdGFsbC5zaCB8IGJhc2gnCiMgU291cmNlIG52bSBmb3IgdGhlIGN1cnJlbnQgc2NyaXB0IGV4ZWN1dGlvbiAob3B0aW9uYWwsIGJ1dCBnb29kIGZvciBjbGFyaXR5KQpleHBvcnQgTlZNX0RJUj0iL2hvbWUvZWMyLXVzZXIvLm52bSIKWyAtcyAiJE5WTV9ESVIvbnZtLnNoIiBdICYmIFwuICIkTlZNX0RJUi9udm0uc2giCiMgSW5zdGFsbCBMVFMgTm9kZS5qcyB1c2luZyBudm0gY29tbWFuZCBzb3VyY2VkIHByZXZpb3VzbHkKbnZtIGluc3RhbGwgLS1sdHMKTk9ERV9WRVJTSU9OPSQobnZtIGN1cnJlbnQpCmVjaG8gIk5vZGUuanMgdmVyc2lvbiAkTk9ERV9WRVJTSU9OIGluc3RhbGxlZC4iCiMgTWFrZSBub2RlL25wbSBnbG9iYWxseSBhdmFpbGFibGUgZm9yIHJvb3QgdG9vIGlmIG5lZWRlZCBsYXRlciAob3IgdXNlIGZ1bGwgcGF0aHMpCmxuIC1zICROVk1fRElSL3ZlcnNpb25zL25vZGUvJE5PREVfVkVSU0lPTi9iaW4vbm9kZSAvdXNyL2Jpbi9ub2RlCmxuIC1zICROVk1fRElSL3ZlcnNpb25zL25vZGUvJE5PREVfVkVSU0lPTi9iaW4vbnBtIC91c3IvYmluL25wbQpsbiAtcyAkTlZNX0RJUi92ZXJzaW9ucy9ub2RlLyROT0RFX1ZFUlNJT04vYmluL25weCAvdXNyL2Jpbi9ucHggIyBBZGQgbnB4IHN5bWxpbmsgdG9vCgojIC0tLSBJbnN0YWxsIFBNMiBHbG9iYWxseSAtLS0KZWNobyAiSW5zdGFsbGluZyBQTTIgZ2xvYmFsbHkuLi4iCm5wbSBpbnN0YWxsIHBtMiAtZwojIEVuc3VyZSBQTTIgY29tbWFuZCBwYXRoIGlzIGxpbmtlZCBpZiBuZWVkZWQgKG5wbSBnbG9iYWwgbGluayBvZnRlbiBoYW5kbGVzIHRoaXMpCmxuIC1zICROVk1fRElSL3ZlcnNpb25zL25vZGUvJE5PREVfVkVSU0lPTi9iaW4vcG0yIC91c3IvYmluL3BtMgplY2hvICJQTTIgaW5zdGFsbGVkLiIKCiMgLS0tIEdldCBBcHBsaWNhdGlvbiBDb2RlIC0tLQpBUFBfQ0xPTkVfRElSPSIvb3B0L2FwcF9yZXBvIiAjIENsb25lIHJlcG8gcm9vdCBoZXJlCiMgQ09SUkVDVEVEOiBQb2ludCB0byB0aGUgc3BlY2lmaWMgYXBwIGRpcmVjdG9yeSB3aXRoaW4gdGhlIGNsb25lZCByZXBvCkFQUF9ESVI9Ii9vcHQvYXBwX3JlcG8vcHJvamVjdF8wMDEiCmVjaG8gIkNyZWF0aW5nIGFwcGxpY2F0aW9uIGNsb25lIGRpcmVjdG9yeTogJEFQUF9DTE9ORV9ESVIiCm1rZGlyIC1wICRBUFBfQ0xPTkVfRElSCmNob3duIGVjMi11c2VyOmVjMi11c2VyICRBUFBfQ0xPTkVfRElSCmNkICRBUFBfQ0xPTkVfRElSCgplY2hvICJDbG9uaW5nIGFwcGxpY2F0aW9uIGNvZGUgZnJvbSBodHRwczovL2dpdGh1Yi5jb20vcHJhdGlrc29udGFra2UvY2xvdWRfcHJvamVjdHMuZ2l0IgojIFJ1biBnaXQgY2xvbmUgYXMgZWMyLXVzZXIKc3VkbyAtdSBlYzItdXNlciBnaXQgY2xvbmUgImh0dHBzOi8vZ2l0aHViLmNvbS9wcmF0aWtzb250YWtrZS9jbG91ZF9wcm9qZWN0cy5naXQiIC4KaWYgWyAkPyAtbmUgMCBdOyB0aGVuCiAgZWNobyAiRkFUQUw6IEZhaWxlZCB0byBjbG9uZSBhcHBsaWNhdGlvbiByZXBvc2l0b3J5LiBFeGl0aW5nLiIKICBleGl0IDEKZmkKIyBDaGVjayBpZiB0aGUgYXBwIGRpcmVjdG9yeSBleGlzdHMgYWZ0ZXIgY2xvbmUKaWYgWyAhIC1kICIkQVBQX0RJUiIgXTsgdGhlbgogIGVjaG8gIkZBVEFMOiBBcHBsaWNhdGlvbiBkaXJlY3RvcnkgJEFQUF9ESVIgbm90IGZvdW5kIGFmdGVyIGNsb25pbmcuIENoZWNrIHJlcG9zaXRvcnkgc3RydWN0dXJlIGFuZCBwYXRoLiIKICBleGl0IDEKZmkKZWNobyAiQXBwbGljYXRpb24gY29kZSBjbG9uZWQuIgoKIyAtLS0gR2V0IERhdGFiYXNlIENyZWRlbnRpYWxzIC0tLQplY2hvICJGZXRjaGluZyBkYXRhYmFzZSBjcmVkZW50aWFscyBmcm9tIFNlY3JldHMgTWFuYWdlcjogYXJuOmF3czpzZWNyZXRzbWFuYWdlcjphcC1zb3V0aC0xOjIyNTk4OTM1OTU0OTpzZWNyZXQ6cHJvamVjdDAxLWRldi1kYi1jcmVkZW50aWFscy1iVDZNd2wiClNFQ1JFVF9BUk49ImFybjphd3M6c2VjcmV0c21hbmFnZXI6YXAtc291dGgtMToyMjU5ODkzNTk1NDk6c2VjcmV0OnByb2plY3QwMS1kZXYtZGItY3JlZGVudGlhbHMtYlQ2TXdsIgoKU0VDUkVUX0pTT049JChhd3Mgc2VjcmV0c21hbmFnZXIgZ2V0LXNlY3JldC12YWx1ZSAtLXNlY3JldC1pZCAiJFNFQ1JFVF9BUk4iIC0tcmVnaW9uICJhcC1zb3V0aC0xIiAtLXF1ZXJ5IFNlY3JldFN0cmluZyAtLW91dHB1dCB0ZXh0KQppZiBbICQ/IC1uZSAwIF07IHRoZW4KICBlY2hvICJGQVRBTDogRmFpbGVkIHRvIGZldGNoIGRhdGFiYXNlIHNlY3JldCBmcm9tIFNlY3JldHMgTWFuYWdlci4gQ2hlY2sgSUFNIHBlcm1pc3Npb25zIGFuZCBzZWNyZXQgQVJOLiBFeGl0aW5nLiIKICBleGl0IDEKZmkKCiMgUGFyc2UgdGhlIEpTT04gc2VjcmV0IHVzaW5nIGpxCkRCX1VTRVI9JChlY2hvICIkU0VDUkVUX0pTT04iIHwganEgLXIgLnVzZXJuYW1lKQpEQl9QQVNTPSQoZWNobyAiJFNFQ1JFVF9KU09OIiB8IGpxIC1yIC5wYXNzd29yZCkKZWNobyAiU3VjY2Vzc2Z1bGx5IHBhcnNlZCBkYXRhYmFzZSBjcmVkZW50aWFscy4iCgojIC0tLSBDb25maWd1cmUgQXBwbGljYXRpb24gRW52aXJvbm1lbnQgLS0tCmVjaG8gIkNyZWF0aW5nIC5lbnYgZmlsZSBpbiAkQVBQX0RJUiIKIyBVc2UgdGhlIHZhbHVlcyBwYXNzZWQgZGlyZWN0bHkgZnJvbSBUZXJyYWZvcm0gdGVtcGxhdGVmaWxlCmNhdCA8PEVPRiA+ICRBUFBfRElSLy5lbnYKIyBEYXRhYmFzZSBDb25maWd1cmF0aW9uCkRCX0hPU1Q9cHJvamVjdDAxLWRldi1kYi5jMXkwYzJ3YzJnZ3cuYXAtc291dGgtMS5yZHMuYW1hem9uYXdzLmNvbQpEQl9QT1JUPTU0MzIKREJfVVNFUj0ke0RCX1VTRVJ9CkRCX1BBU1NXT1JEPSR7REJfUEFTU30KREJfTkFNRT1wcm9qZWN0MDFkYgpEQl9TU0xfUkVRVUlSRT10cnVlCgojIEFwcGxpY2F0aW9uIFBvcnQKUE9SVD04MDgwCgojIE5vZGUgRW52aXJvbm1lbnQgKE9wdGlvbmFsIGJ1dCByZWNvbW1lbmRlZCkKTk9ERV9FTlY9cHJvZHVjdGlvbgpFT0YKCmNob3duIGVjMi11c2VyOmVjMi11c2VyICRBUFBfRElSLy5lbnYgIyBTZXQgb3duZXJzaGlwIGZvciB0aGUgLmVudiBmaWxlCmVjaG8gIi5lbnYgZmlsZSBjcmVhdGVkLiIKCiMgLS0tIEluc3RhbGwgQXBwbGljYXRpb24gRGVwZW5kZW5jaWVzIC0tLQplY2hvICJJbnN0YWxsaW5nIGFwcGxpY2F0aW9uIGRlcGVuZGVuY2llcyBpbiAkQVBQX0RJUi4uLiIKY2QgJEFQUF9ESVIgIyBOYXZpZ2F0ZSB0byB0aGUgYXBwIGRpcmVjdG9yeSBjb250YWluaW5nIHBhY2thZ2UuanNvbgojIFJ1biBucG0gaW5zdGFsbCBhcyB0aGUgZWMyLXVzZXIKc3VkbyAtdSBlYzItdXNlciBiYXNoIC1jICJzb3VyY2UgJE5WTV9ESVIvbnZtLnNoICYmIG5wbSBpbnN0YWxsIC0tcHJvZHVjdGlvbiIgIyBVc2UgLS1wcm9kdWN0aW9uIHRvIHNraXAgZGV2RGVwZW5kZW5jaWVzCmlmIFsgJD8gLW5lIDAgXTsgdGhlbgogIGVjaG8gIkZBVEFMOiBucG0gaW5zdGFsbCBmYWlsZWQuIEV4aXRpbmcuIgogIGV4aXQgMQpmaQplY2hvICJBcHBsaWNhdGlvbiBkZXBlbmRlbmNpZXMgaW5zdGFsbGVkLiIKCiMgLS0tIFNldHVwIEFwcGxpY2F0aW9uIGFzIGEgU2VydmljZSAodXNpbmcgc3lzdGVtZCkgLS0tCmVjaG8gIlNldHRpbmcgdXAgc3lzdGVtZCBzZXJ2aWNlIGZvciB0aGUgd2ViIGFwcGxpY2F0aW9uLi4uIgojTk9ERV9FWEVDX1BBVEg9IiROVk1fRElSL3ZlcnNpb25zL25vZGUvJE5PREVfVkVSU0lPTi9iaW4vbm9kZSIgIyBHZXQgY29ycmVjdCBOb2RlIHBhdGgKCgojIC0tLSBTdGFydCBBcHBsaWNhdGlvbiB3aXRoIFBNMiAtLS0KZWNobyAiU3RhcnRpbmcgYXBwbGljYXRpb24gdXNpbmcgUE0yLi4uIgpjZCAkQVBQX0RJUiAjIEVuc3VyZSB3ZSBhcmUgaW4gdGhlIGNvcnJlY3QgZGlyZWN0b3J5CiMgU3RhcnQgdGhlIGFwcCB1c2luZyBQTTIsIHJ1biBhcyBlYzItdXNlcgojIFVzZSBhbiBleHBsaWNpdCBuYW1lIGZvciB0aGUgcHJvY2VzcwojIFBhc3MgZW52aXJvbm1lbnQgdmFyaWFibGVzIGRpcmVjdGx5IE9SIHJlbHkgb24gLmVudiBsb2FkZWQgYnkgZG90ZW52IChpZiBzZXR1cCBpbiBzZXJ2ZXIuanMpCnN1ZG8gLXUgZWMyLXVzZXIgYmFzaCAtYyAic291cmNlICROVk1fRElSL252bS5zaCAmJiBwbTIgc3RhcnQgc2VydmVyLmpzIC0tbmFtZSB3ZWJhcHAtZGV2IgppZiBbICQ/IC1uZSAwIF07IHRoZW4KICBlY2hvICJFUlJPUjogcG0yIHN0YXJ0IGNvbW1hbmQgZmFpbGVkLiIKICAjIERvbid0IGV4aXQgaGVyZSwgdHJ5IHRvIHNldHVwIHN0YXJ0dXAgc2NyaXB0IGFueXdheQplbHNlCiAgZWNobyAiQXBwbGljYXRpb24gc3RhcnRlZCB2aWEgUE0yLiIKZmkKCiMgLS0tIENvbmZpZ3VyZSBQTTIgU3RhcnR1cCBTY3JpcHQgLS0tCiMgVGhpcyBnZW5lcmF0ZXMgYSBzeXN0ZW1kIHNlcnZpY2UgRk9SIFBNMiBpdHNlbGYKZWNobyAiQ29uZmlndXJpbmcgUE0yIHRvIHN0YXJ0IG9uIGJvb3QuLi4iCiMgVGhlIG91dHB1dCBvZiAncG0yIHN0YXJ0dXAnIHR5cGljYWxseSBwcm92aWRlcyBhIGNvbW1hbmQgdGhhdCBuZWVkcyB0byBiZSBydW4gYXMgcm9vdAojIFdlIGF0dGVtcHQgdG8gZXhlY3V0ZSBpdCBkaXJlY3RseS4gVGhpcyBtaWdodCByZXF1aXJlIHN1ZG8vcm9vdCBwcml2aWxlZ2VzLgplbnYgUEFUSD0kUEFUSDovdXNyL2JpbjokTlZNX0RJUi92ZXJzaW9ucy9ub2RlLyROT0RFX1ZFUlNJT04vYmluIHBtMiBzdGFydHVwIHN5c3RlbWQgLXUgZWMyLXVzZXIgLS1ocCAvaG9tZS9lYzItdXNlcgojIENoZWNrIGlmIHRoZSBwcmV2aW91cyBjb21tYW5kIGdlbmVyYXRlZCBvdXRwdXQvaW5zdHJ1Y3Rpb25zIC0gdHlwaWNhbGx5IGl0IGFza3MgdG8gcnVuIGEgYHN1ZG8gZW52IC4uLmAgY29tbWFuZC4KIyBGb3Igbm9uLWludGVyYWN0aXZlIHNldHVwLCB3ZSBob3BlIHRoZSBjb21tYW5kIGFib3ZlIGRvZXMgdGhlIGpvYi4gSWYgbm90LCBtYW51YWwgc2V0dXAgbWlnaHQgYmUgbmVlZGVkIHBvc3QtbGF1bmNoLgoKIyBTYXZlIHRoZSBjdXJyZW50IFBNMiBwcm9jZXNzIGxpc3Qgc28gaXQgcmVzdGFydHMgb24gYm9vdAplY2hvICJTYXZpbmcgY3VycmVudCBQTTIgcHJvY2VzcyBsaXN0Li4uIgpzdWRvIC11IGVjMi11c2VyIGJhc2ggLWMgInNvdXJjZSAkTlZNX0RJUi9udm0uc2ggJiYgcG0yIHNhdmUiCmVjaG8gIlBNMiBwcm9jZXNzIGxpc3Qgc2F2ZWQuIgoKCiMgLS0tIEVuZCBvZiBVc2VyIERhdGEgLS0tCmVjaG8gIlVzZXIgRGF0YSBTY3JpcHQgRXhlY3V0aW9uIENvbXBsZXRlZC4i",
            "vpc_security_group_ids": null
          },
          "sensitive_attributes": [],
          "private": "bnVsbA==",
          "dependencies": [
            "aws_db_instance.main",
            "aws_db_subnet_group.default",
            "aws_iam_instance_profile.ec2_profile",
            "aws_iam_role.ec2_role",
            "aws_secretsmanager_secret.db_credentials",
            "aws_security_group.alb",
            "aws_security_group.bastion",
            "aws_security_group.ec2",
            "aws_security_group.rds",
            "aws_ssm_parameter.cloudwatch_agent_config",
            "aws_subnet.private",
            "aws_vpc.main",
            "data.aws_ami.latest_ami",
            "data.aws_availability_zones.available",
            "random_password.db_password"
          ],
          "create_before_destroy": true
        }
      ]
    },
    {
      "mode": "managed",
      "type": "aws_lb",
      "name": "main",
      "provider": "provider[\"registry.terraform.io/hashicorp/aws\"]",
      "instances": [
        {
          "schema_version": 0,
          "attributes": {
            "access_logs": [
              {
                "bucket": "",
                "enabled": false,
                "prefix": ""
              }
            ],
            "arn": "arn:aws:elasticloadbalancing:ap-south-1:225989359549:loadbalancer/app/project01-ALB/040ddf2ff7ce9e50",
            "arn_suffix": "app/project01-ALB/040ddf2ff7ce9e50",
            "client_keep_alive": 3600,
            "connection_logs": [
              {
                "bucket": "",
                "enabled": false,
                "prefix": ""
              }
            ],
            "customer_owned_ipv4_pool": "",
            "desync_mitigation_mode": "defensive",
            "dns_name": "project01-ALB-1153205967.ap-south-1.elb.amazonaws.com",
            "dns_record_client_routing_policy": null,
            "drop_invalid_header_fields": false,
            "enable_cross_zone_load_balancing": true,
            "enable_deletion_protection": false,
            "enable_http2": true,
            "enable_tls_version_and_cipher_suite_headers": false,
            "enable_waf_fail_open": false,
            "enable_xff_client_port": false,
            "enable_zonal_shift": false,
            "enforce_security_group_inbound_rules_on_private_link_traffic": "",
            "id": "arn:aws:elasticloadbalancing:ap-south-1:225989359549:loadbalancer/app/project01-ALB/040ddf2ff7ce9e50",
            "idle_timeout": 60,
            "internal": false,
            "ip_address_type": "ipv4",
            "ipam_pools": [],
            "load_balancer_type": "application",
            "name": "project01-ALB",
            "name_prefix": "",
            "preserve_host_header": false,
            "security_groups": [
              "sg-0f4dfed48a15e5fc8"
            ],
            "subnet_mapping": [
              {
                "allocation_id": "",
                "ipv6_address": "",
                "outpost_id": "",
                "private_ipv4_address": "",
                "subnet_id": "subnet-01f8351229628a772"
              },
              {
                "allocation_id": "",
                "ipv6_address": "",
                "outpost_id": "",
                "private_ipv4_address": "",
                "subnet_id": "subnet-09f8f1ea3d7083485"
              },
              {
                "allocation_id": "",
                "ipv6_address": "",
                "outpost_id": "",
                "private_ipv4_address": "",
                "subnet_id": "subnet-0d2d9cf41c1855502"
              }
            ],
            "subnets": [
              "subnet-01f8351229628a772",
              "subnet-09f8f1ea3d7083485",
              "subnet-0d2d9cf41c1855502"
            ],
            "tags": {
              "Environment": "dev",
              "Name": "project01-ALB",
              "Terraform": "true"
            },
            "tags_all": {
              "Environment": "dev",
              "Name": "project01-ALB",
              "Terraform": "true"
            },
            "timeouts": null,
            "vpc_id": "vpc-0815c8fffd49d054d",
            "xff_header_processing_mode": "append",
            "zone_id": "ZP97RAFLXTNZK"
          },
          "sensitive_attributes": [],
          "private": "eyJlMmJmYjczMC1lY2FhLTExZTYtOGY4OC0zNDM2M2JjN2M0YzAiOnsiY3JlYXRlIjo2MDAwMDAwMDAwMDAsImRlbGV0ZSI6NjAwMDAwMDAwMDAwLCJ1cGRhdGUiOjYwMDAwMDAwMDAwMH19",
          "dependencies": [
            "aws_security_group.alb",
            "aws_subnet.public",
            "aws_vpc.main",
            "data.aws_availability_zones.available"
          ]
        }
      ]
    },
    {
      "mode": "managed",
      "type": "aws_lb_listener",
      "name": "http",
      "provider": "provider[\"registry.terraform.io/hashicorp/aws\"]",
      "instances": [
        {
          "schema_version": 0,
          "attributes": {
            "alpn_policy": null,
            "arn": "arn:aws:elasticloadbalancing:ap-south-1:225989359549:listener/app/project01-ALB/040ddf2ff7ce9e50/9c9154ee4ad1a7bc",
            "certificate_arn": null,
            "default_action": [
              {
                "authenticate_cognito": [],
                "authenticate_oidc": [],
                "fixed_response": [],
                "forward": [],
                "order": 1,
                "redirect": [],
                "target_group_arn": "arn:aws:elasticloadbalancing:ap-south-1:225989359549:targetgroup/project01-TG/f642b96370d42d6e",
                "type": "forward"
              }
            ],
            "id": "arn:aws:elasticloadbalancing:ap-south-1:225989359549:listener/app/project01-ALB/040ddf2ff7ce9e50/9c9154ee4ad1a7bc",
            "load_balancer_arn": "arn:aws:elasticloadbalancing:ap-south-1:225989359549:loadbalancer/app/project01-ALB/040ddf2ff7ce9e50",
            "mutual_authentication": [],
            "port": 80,
            "protocol": "HTTP",
            "routing_http_request_x_amzn_mtls_clientcert_header_name": null,
            "routing_http_request_x_amzn_mtls_clientcert_issuer_header_name": null,
            "routing_http_request_x_amzn_mtls_clientcert_leaf_header_name": null,
            "routing_http_request_x_amzn_mtls_clientcert_serial_number_header_name": null,
            "routing_http_request_x_amzn_mtls_clientcert_subject_header_name": null,
            "routing_http_request_x_amzn_mtls_clientcert_validity_header_name": null,
            "routing_http_request_x_amzn_tls_cipher_suite_header_name": null,
            "routing_http_request_x_amzn_tls_version_header_name": null,
            "routing_http_response_access_control_allow_credentials_header_value": "",
            "routing_http_response_access_control_allow_headers_header_value": "",
            "routing_http_response_access_control_allow_methods_header_value": "",
            "routing_http_response_access_control_allow_origin_header_value": "",
            "routing_http_response_access_control_expose_headers_header_value": "",
            "routing_http_response_access_control_max_age_header_value": "",
            "routing_http_response_content_security_policy_header_value": "",
            "routing_http_response_server_enabled": false,
            "routing_http_response_strict_transport_security_header_value": "",
            "routing_http_response_x_content_type_options_header_value": "",
            "routing_http_response_x_frame_options_header_value": "",
            "ssl_policy": "",
            "tags": null,
            "tags_all": {},
            "tcp_idle_timeout_seconds": null,
            "timeouts": null
          },
          "sensitive_attributes": [],
          "private": "eyJlMmJmYjczMC1lY2FhLTExZTYtOGY4OC0zNDM2M2JjN2M0YzAiOnsiY3JlYXRlIjozMDAwMDAwMDAwMDAsInVwZGF0ZSI6MzAwMDAwMDAwMDAwfX0=",
          "dependencies": [
            "aws_lb.main",
            "aws_lb_target_group.app",
            "aws_security_group.alb",
            "aws_subnet.public",
            "aws_vpc.main",
            "data.aws_availability_zones.available"
          ]
        }
      ]
    },
    {
      "mode": "managed",
      "type": "aws_lb_target_group",
      "name": "app",
      "provider": "provider[\"registry.terraform.io/hashicorp/aws\"]",
      "instances": [
        {
          "schema_version": 0,
          "attributes": {
            "arn": "arn:aws:elasticloadbalancing:ap-south-1:225989359549:targetgroup/project01-TG/f642b96370d42d6e",
            "arn_suffix": "targetgroup/project01-TG/f642b96370d42d6e",
            "connection_termination": null,
            "deregistration_delay": "300",
            "health_check": [
              {
                "enabled": true,
                "healthy_threshold": 3,
                "interval": 30,
                "matcher": "200",
                "path": "/health",
                "port": "traffic-port",
                "protocol": "HTTP",
                "timeout": 5,
                "unhealthy_threshold": 3
              }
            ],
            "id": "arn:aws:elasticloadbalancing:ap-south-1:225989359549:targetgroup/project01-TG/f642b96370d42d6e",
            "ip_address_type": "ipv4",
            "lambda_multi_value_headers_enabled": false,
            "load_balancer_arns": [],
            "load_balancing_algorithm_type": "round_robin",
            "load_balancing_anomaly_mitigation": "off",
            "load_balancing_cross_zone_enabled": "use_load_balancer_configuration",
            "name": "project01-TG",
            "name_prefix": "",
            "port": 8080,
            "preserve_client_ip": null,
            "protocol": "HTTP",
            "protocol_version": "HTTP1",
            "proxy_protocol_v2": false,
            "slow_start": 0,
            "stickiness": [
              {
                "cookie_duration": 86400,
                "cookie_name": "",
                "enabled": false,
                "type": "lb_cookie"
              }
            ],
            "tags": {
              "Environment": "dev",
              "Name": "project01-TG",
              "Terraform": "true"
            },
            "tags_all": {
              "Environment": "dev",
              "Name": "project01-TG",
              "Terraform": "true"
            },
            "target_failover": [
              {
                "on_deregistration": null,
                "on_unhealthy": null
              }
            ],
            "target_group_health": [
              {
                "dns_failover": [
                  {
                    "minimum_healthy_targets_count": "1",
                    "minimum_healthy_targets_percentage": "off"
                  }
                ],
                "unhealthy_state_routing": [
                  {
                    "minimum_healthy_targets_count": 1,
                    "minimum_healthy_targets_percentage": "off"
                  }
                ]
              }
            ],
            "target_health_state": [
              {
                "enable_unhealthy_connection_termination": null,
                "unhealthy_draining_interval": null
              }
            ],
            "target_type": "instance",
            "vpc_id": "vpc-0815c8fffd49d054d"
          },
          "sensitive_attributes": [],
          "private": "bnVsbA==",
          "dependencies": [
            "aws_vpc.main"
          ],
          "create_before_destroy": true
        }
      ]
    },
    {
      "mode": "managed",
      "type": "aws_nat_gateway",
      "name": "gw",
      "provider": "provider[\"registry.terraform.io/hashicorp/aws\"]",
      "instances": [
        {
          "schema_version": 0,
          "attributes": {
            "allocation_id": "eipalloc-09feb0fe86e2eabf2",
            "association_id": "eipassoc-0f110ea2e39d57e34",
            "connectivity_type": "public",
            "id": "nat-0197ea19a1d41f1a9",
            "network_interface_id": "eni-02db4c1ac1a23f069",
            "private_ip": "10.0.1.41",
            "public_ip": "15.207.83.199",
            "secondary_allocation_ids": null,
            "secondary_private_ip_address_count": 0,
            "secondary_private_ip_addresses": [],
            "subnet_id": "subnet-09f8f1ea3d7083485",
            "tags": {
              "Environment": "dev",
              "Name": "project01-NAT-GW-ap-south-1a",
              "Terraform": "true"
            },
            "tags_all": {
              "Environment": "dev",
              "Name": "project01-NAT-GW-ap-south-1a",
              "Terraform": "true"
            },
            "timeouts": null
          },
          "sensitive_attributes": [],
          "private": "eyJlMmJmYjczMC1lY2FhLTExZTYtOGY4OC0zNDM2M2JjN2M0YzAiOnsiY3JlYXRlIjo2MDAwMDAwMDAwMDAsImRlbGV0ZSI6MTgwMDAwMDAwMDAwMCwidXBkYXRlIjo2MDAwMDAwMDAwMDB9fQ==",
          "dependencies": [
            "aws_eip.nat",
            "aws_internet_gateway.gw",
            "aws_subnet.public",
            "aws_vpc.main",
            "data.aws_availability_zones.available"
          ]
        }
      ]
    },
    {
      "mode": "managed",
      "type": "aws_route_table",
      "name": "private",
      "provider": "provider[\"registry.terraform.io/hashicorp/aws\"]",
      "instances": [
        {
          "schema_version": 0,
          "attributes": {
            "arn": "arn:aws:ec2:ap-south-1:225989359549:route-table/rtb-0ab1d8c62d4435553",
            "id": "rtb-0ab1d8c62d4435553",
            "owner_id": "225989359549",
            "propagating_vgws": [],
            "route": [
              {
                "carrier_gateway_id": "",
                "cidr_block": "0.0.0.0/0",
                "core_network_arn": "",
                "destination_prefix_list_id": "",
                "egress_only_gateway_id": "",
                "gateway_id": "",
                "ipv6_cidr_block": "",
                "local_gateway_id": "",
                "nat_gateway_id": "nat-0197ea19a1d41f1a9",
                "network_interface_id": "",
                "transit_gateway_id": "",
                "vpc_endpoint_id": "",
                "vpc_peering_connection_id": ""
              }
            ],
            "tags": {
              "Environment": "dev",
              "Name": "project01-PrivateRouteTable",
              "Terraform": "true",
              "Tier": "Private"
            },
            "tags_all": {
              "Environment": "dev",
              "Name": "project01-PrivateRouteTable",
              "Terraform": "true",
              "Tier": "Private"
            },
            "timeouts": null,
            "vpc_id": "vpc-0815c8fffd49d054d"
          },
          "sensitive_attributes": [],
          "private": "eyJlMmJmYjczMC1lY2FhLTExZTYtOGY4OC0zNDM2M2JjN2M0YzAiOnsiY3JlYXRlIjozMDAwMDAwMDAwMDAsImRlbGV0ZSI6MzAwMDAwMDAwMDAwLCJ1cGRhdGUiOjEyMDAwMDAwMDAwMH19",
          "dependencies": [
            "aws_eip.nat",
            "aws_internet_gateway.gw",
            "aws_nat_gateway.gw",
            "aws_subnet.public",
            "aws_vpc.main",
            "data.aws_availability_zones.available"
          ]
        }
      ]
    },
    {
      "mode": "managed",
      "type": "aws_route_table",
      "name": "public",
      "provider": "provider[\"registry.terraform.io/hashicorp/aws\"]",
      "instances": [
        {
          "schema_version": 0,
          "attributes": {
            "arn": "arn:aws:ec2:ap-south-1:225989359549:route-table/rtb-0459acd3265eafa3a",
            "id": "rtb-0459acd3265eafa3a",
            "owner_id": "225989359549",
            "propagating_vgws": [],
            "route": [
              {
                "carrier_gateway_id": "",
                "cidr_block": "0.0.0.0/0",
                "core_network_arn": "",
                "destination_prefix_list_id": "",
                "egress_only_gateway_id": "",
                "gateway_id": "igw-009756d0e0877d7db",
                "ipv6_cidr_block": "",
                "local_gateway_id": "",
                "nat_gateway_id": "",
                "network_interface_id": "",
                "transit_gateway_id": "",
                "vpc_endpoint_id": "",
                "vpc_peering_connection_id": ""
              }
            ],
            "tags": {
              "Environment": "dev",
              "Name": "project01-PublicRouteTable",
              "Terraform": "true",
              "Tier": "Public"
            },
            "tags_all": {
              "Environment": "dev",
              "Name": "project01-PublicRouteTable",
              "Terraform": "true",
              "Tier": "Public"
            },
            "timeouts": null,
            "vpc_id": "vpc-0815c8fffd49d054d"
          },
          "sensitive_attributes": [],
          "private": "eyJlMmJmYjczMC1lY2FhLTExZTYtOGY4OC0zNDM2M2JjN2M0YzAiOnsiY3JlYXRlIjozMDAwMDAwMDAwMDAsImRlbGV0ZSI6MzAwMDAwMDAwMDAwLCJ1cGRhdGUiOjEyMDAwMDAwMDAwMH19",
          "dependencies": [
            "aws_internet_gateway.gw",
            "aws_vpc.main"
          ]
        }
      ]
    },
    {
      "mode": "managed",
      "type": "aws_route_table_association",
      "name": "private",
      "provider": "provider[\"registry.terraform.io/hashicorp/aws\"]",
      "instances": [
        {
          "index_key": 0,
          "schema_version": 0,
          "attributes": {
            "gateway_id": "",
            "id": "rtbassoc-0cb7a0a11e8b4a16c",
            "route_table_id": "rtb-0ab1d8c62d4435553",
            "subnet_id": "subnet-0ed83758bc266614a",
            "timeouts": null
          },
          "sensitive_attributes": [],
          "private": "eyJlMmJmYjczMC1lY2FhLTExZTYtOGY4OC0zNDM2M2JjN2M0YzAiOnsiY3JlYXRlIjozMDAwMDAwMDAwMDAsImRlbGV0ZSI6MzAwMDAwMDAwMDAwLCJ1cGRhdGUiOjEyMDAwMDAwMDAwMH19",
          "dependencies": [
            "aws_eip.nat",
            "aws_internet_gateway.gw",
            "aws_nat_gateway.gw",
            "aws_route_table.private",
            "aws_subnet.private",
            "aws_subnet.public",
            "aws_vpc.main",
            "data.aws_availability_zones.available"
          ]
        },
        {
          "index_key": 1,
          "schema_version": 0,
          "attributes": {
            "gateway_id": "",
            "id": "rtbassoc-00f8c06a5e89bc9d1",
            "route_table_id": "rtb-0ab1d8c62d4435553",
            "subnet_id": "subnet-0dfe45488f2d0271a",
            "timeouts": null
          },
          "sensitive_attributes": [],
          "private": "eyJlMmJmYjczMC1lY2FhLTExZTYtOGY4OC0zNDM2M2JjN2M0YzAiOnsiY3JlYXRlIjozMDAwMDAwMDAwMDAsImRlbGV0ZSI6MzAwMDAwMDAwMDAwLCJ1cGRhdGUiOjEyMDAwMDAwMDAwMH19",
          "dependencies": [
            "aws_eip.nat",
            "aws_internet_gateway.gw",
            "aws_nat_gateway.gw",
            "aws_route_table.private",
            "aws_subnet.private",
            "aws_subnet.public",
            "aws_vpc.main",
            "data.aws_availability_zones.available"
          ]
        },
        {
          "index_key": 2,
          "schema_version": 0,
          "attributes": {
            "gateway_id": "",
            "id": "rtbassoc-02294695acc8fc954",
            "route_table_id": "rtb-0ab1d8c62d4435553",
            "subnet_id": "subnet-022a2b142774342e5",
            "timeouts": null
          },
          "sensitive_attributes": [],
          "private": "eyJlMmJmYjczMC1lY2FhLTExZTYtOGY4OC0zNDM2M2JjN2M0YzAiOnsiY3JlYXRlIjozMDAwMDAwMDAwMDAsImRlbGV0ZSI6MzAwMDAwMDAwMDAwLCJ1cGRhdGUiOjEyMDAwMDAwMDAwMH19",
          "dependencies": [
            "aws_eip.nat",
            "aws_internet_gateway.gw",
            "aws_nat_gateway.gw",
            "aws_route_table.private",
            "aws_subnet.private",
            "aws_subnet.public",
            "aws_vpc.main",
            "data.aws_availability_zones.available"
          ]
        }
      ]
    },
    {
      "mode": "managed",
      "type": "aws_route_table_association",
      "name": "public",
      "provider": "provider[\"registry.terraform.io/hashicorp/aws\"]",
      "instances": [
        {
          "index_key": 0,
          "schema_version": 0,
          "attributes": {
            "gateway_id": "",
            "id": "rtbassoc-0d41749ac117d6295",
            "route_table_id": "rtb-0459acd3265eafa3a",
            "subnet_id": "subnet-09f8f1ea3d7083485",
            "timeouts": null
          },
          "sensitive_attributes": [],
          "private": "eyJlMmJmYjczMC1lY2FhLTExZTYtOGY4OC0zNDM2M2JjN2M0YzAiOnsiY3JlYXRlIjozMDAwMDAwMDAwMDAsImRlbGV0ZSI6MzAwMDAwMDAwMDAwLCJ1cGRhdGUiOjEyMDAwMDAwMDAwMH19",
          "dependencies": [
            "aws_internet_gateway.gw",
            "aws_route_table.public",
            "aws_subnet.public",
            "aws_vpc.main",
            "data.aws_availability_zones.available"
          ]
        },
        {
          "index_key": 1,
          "schema_version": 0,
          "attributes": {
            "gateway_id": "",
            "id": "rtbassoc-095ff1a351c169d2c",
            "route_table_id": "rtb-0459acd3265eafa3a",
            "subnet_id": "subnet-0d2d9cf41c1855502",
            "timeouts": null
          },
          "sensitive_attributes": [],
          "private": "eyJlMmJmYjczMC1lY2FhLTExZTYtOGY4OC0zNDM2M2JjN2M0YzAiOnsiY3JlYXRlIjozMDAwMDAwMDAwMDAsImRlbGV0ZSI6MzAwMDAwMDAwMDAwLCJ1cGRhdGUiOjEyMDAwMDAwMDAwMH19",
          "dependencies": [
            "aws_internet_gateway.gw",
            "aws_route_table.public",
            "aws_subnet.public",
            "aws_vpc.main",
            "data.aws_availability_zones.available"
          ]
        },
        {
          "index_key": 2,
          "schema_version": 0,
          "attributes": {
            "gateway_id": "",
            "id": "rtbassoc-05bb532b8feec4f1b",
            "route_table_id": "rtb-0459acd3265eafa3a",
            "subnet_id": "subnet-01f8351229628a772",
            "timeouts": null
          },
          "sensitive_attributes": [],
          "private": "eyJlMmJmYjczMC1lY2FhLTExZTYtOGY4OC0zNDM2M2JjN2M0YzAiOnsiY3JlYXRlIjozMDAwMDAwMDAwMDAsImRlbGV0ZSI6MzAwMDAwMDAwMDAwLCJ1cGRhdGUiOjEyMDAwMDAwMDAwMH19",
          "dependencies": [
            "aws_internet_gateway.gw",
            "aws_route_table.public",
            "aws_subnet.public",
            "aws_vpc.main",
            "data.aws_availability_zones.available"
          ]
        }
      ]
    },
    {
      "mode": "managed",
      "type": "aws_secretsmanager_secret",
      "name": "db_credentials",
      "provider": "provider[\"registry.terraform.io/hashicorp/aws\"]",
      "instances": [
        {
          "schema_version": 0,
          "attributes": {
            "arn": "arn:aws:secretsmanager:ap-south-1:225989359549:secret:project01-dev-db-credentials-bT6Mwl",
            "description": "Credentials for the project01 RDS database",
            "force_overwrite_replica_secret": false,
            "id": "arn:aws:secretsmanager:ap-south-1:225989359549:secret:project01-dev-db-credentials-bT6Mwl",
            "kms_key_id": "",
            "name": "project01-dev-db-credentials",
            "name_prefix": "",
            "policy": "",
            "recovery_window_in_days": 30,
            "replica": [],
            "tags": {
              "Environment": "dev",
              "Name": "project01-DB-Secret",
              "Terraform": "true"
            },
            "tags_all": {
              "Environment": "dev",
              "Name": "project01-DB-Secret",
              "Terraform": "true"
            }
          },
          "sensitive_attributes": [],
          "private": "bnVsbA==",
          "create_before_destroy": true
        }
      ]
    },
    {
      "mode": "managed",
      "type": "aws_secretsmanager_secret_version",
      "name": "db_credentials",
      "provider": "provider[\"registry.terraform.io/hashicorp/aws\"]",
      "instances": [
        {
          "schema_version": 0,
          "attributes": {
            "arn": "arn:aws:secretsmanager:ap-south-1:225989359549:secret:project01-dev-db-credentials-bT6Mwl",
            "has_secret_string_wo": null,
            "id": "arn:aws:secretsmanager:ap-south-1:225989359549:secret:project01-dev-db-credentials-bT6Mwl|terraform-20250415093256504900000002",
            "secret_binary": "",
            "secret_id": "arn:aws:secretsmanager:ap-south-1:225989359549:secret:project01-dev-db-credentials-bT6Mwl",
            "secret_string": "{\"engine\":\"postgres\",\"password\":\"0y6qcirMVZJa8d9t\",\"username\":\"dbadmin\"}",
            "secret_string_wo": null,
            "secret_string_wo_version": null,
            "version_id": "terraform-20250415093256504900000002",
            "version_stages": [
              "AWSCURRENT"
            ]
          },
          "sensitive_attributes": [
            [
              {
                "type": "get_attr",
                "value": "secret_string"
              }
            ],
            [
              {
                "type": "get_attr",
                "value": "secret_binary"
              }
            ],
            [
              {
                "type": "get_attr",
                "value": "secret_string_wo"
              }
            ]
          ],
          "private": "bnVsbA==",
          "dependencies": [
            "aws_secretsmanager_secret.db_credentials",
            "random_password.db_password"
          ]
        }
      ]
    },
    {
      "mode": "managed",
      "type": "aws_security_group",
      "name": "alb",
      "provider": "provider[\"registry.terraform.io/hashicorp/aws\"]",
      "instances": [
        {
          "schema_version": 1,
          "attributes": {
            "arn": "arn:aws:ec2:ap-south-1:225989359549:security-group/sg-0f4dfed48a15e5fc8",
            "description": "Allow HTTP/HTTPS inbound traffic to ALB and all outbound",
            "egress": [
              {
                "cidr_blocks": [
                  "0.0.0.0/0"
                ],
                "description": "",
                "from_port": 0,
                "ipv6_cidr_blocks": [
                  "::/0"
                ],
                "prefix_list_ids": [],
                "protocol": "-1",
                "security_groups": [],
                "self": false,
                "to_port": 0
              }
            ],
            "id": "sg-0f4dfed48a15e5fc8",
            "ingress": [
              {
                "cidr_blocks": [
                  "0.0.0.0/0"
                ],
                "description": "Allow HTTP traffic (for redirect)",
                "from_port": 80,
                "ipv6_cidr_blocks": [
                  "::/0"
                ],
                "prefix_list_ids": [],
                "protocol": "tcp",
                "security_groups": [],
                "self": false,
                "to_port": 80
              },
              {
                "cidr_blocks": [
                  "0.0.0.0/0"
                ],
                "description": "Allow HTTPS traffic",
                "from_port": 443,
                "ipv6_cidr_blocks": [
                  "::/0"
                ],
                "prefix_list_ids": [],
                "protocol": "tcp",
                "security_groups": [],
                "self": false,
                "to_port": 443
              }
            ],
            "name": "project01-ALB-SG",
            "name_prefix": "",
            "owner_id": "225989359549",
            "revoke_rules_on_delete": false,
            "tags": {
              "Environment": "dev",
              "Name": "project01-ALB-SG",
              "Terraform": "true"
            },
            "tags_all": {
              "Environment": "dev",
              "Name": "project01-ALB-SG",
              "Terraform": "true"
            },
            "timeouts": null,
            "vpc_id": "vpc-0815c8fffd49d054d"
          },
          "sensitive_attributes": [],
          "private": "eyJlMmJmYjczMC1lY2FhLTExZTYtOGY4OC0zNDM2M2JjN2M0YzAiOnsiY3JlYXRlIjo2MDAwMDAwMDAwMDAsImRlbGV0ZSI6OTAwMDAwMDAwMDAwfSwic2NoZW1hX3ZlcnNpb24iOiIxIn0=",
          "dependencies": [
            "aws_vpc.main"
          ],
          "create_before_destroy": true
        }
      ]
    },
    {
      "mode": "managed",
      "type": "aws_security_group",
      "name": "bastion",
      "provider": "provider[\"registry.terraform.io/hashicorp/aws\"]",
      "instances": [
        {
          "schema_version": 1,
          "attributes": {
            "arn": "arn:aws:ec2:ap-south-1:225989359549:security-group/sg-02f0a9c1a8e407e79",
            "description": "Allow SSH inbound from My IP and all outbound",
            "egress": [
              {
                "cidr_blocks": [
                  "0.0.0.0/0"
                ],
                "description": "",
                "from_port": 0,
                "ipv6_cidr_blocks": [
                  "::/0"
                ],
                "prefix_list_ids": [],
                "protocol": "-1",
                "security_groups": [],
                "self": false,
                "to_port": 0
              }
            ],
            "id": "sg-02f0a9c1a8e407e79",
            "ingress": [
              {
                "cidr_blocks": [
                  "0.0.0.0/0"
                ],
                "description": "Allow SSH from My IP",
                "from_port": 22,
                "ipv6_cidr_blocks": [],
                "prefix_list_ids": [],
                "protocol": "tcp",
                "security_groups": [],
                "self": false,
                "to_port": 22
              }
            ],
            "name": "project01-Bastion-SG",
            "name_prefix": "",
            "owner_id": "225989359549",
            "revoke_rules_on_delete": false,
            "tags": {
              "Environment": "dev",
              "Name": "project01-Bastion-SG",
              "Terraform": "true"
            },
            "tags_all": {
              "Environment": "dev",
              "Name": "project01-Bastion-SG",
              "Terraform": "true"
            },
            "timeouts": null,
            "vpc_id": "vpc-0815c8fffd49d054d"
          },
          "sensitive_attributes": [],
          "private": "eyJlMmJmYjczMC1lY2FhLTExZTYtOGY4OC0zNDM2M2JjN2M0YzAiOnsiY3JlYXRlIjo2MDAwMDAwMDAwMDAsImRlbGV0ZSI6OTAwMDAwMDAwMDAwfSwic2NoZW1hX3ZlcnNpb24iOiIxIn0=",
          "dependencies": [
            "aws_vpc.main"
          ],
          "create_before_destroy": true
        }
      ]
    },
    {
      "mode": "managed",
      "type": "aws_security_group",
      "name": "ec2",
      "provider": "provider[\"registry.terraform.io/hashicorp/aws\"]",
      "instances": [
        {
          "schema_version": 1,
          "attributes": {
            "arn": "arn:aws:ec2:ap-south-1:225989359549:security-group/sg-062d6c5a82fa84fa5",
            "description": "Allow traffic from ALB and outbound to DB and Internet",
            "egress": [
              {
                "cidr_blocks": [
                  "0.0.0.0/0"
                ],
                "description": "Allow all other outbound traffic",
                "from_port": 0,
                "ipv6_cidr_blocks": [
                  "::/0"
                ],
                "prefix_list_ids": [],
                "protocol": "-1",
                "security_groups": [],
                "self": false,
                "to_port": 0
              }
            ],
            "id": "sg-062d6c5a82fa84fa5",
            "ingress": [
              {
                "cidr_blocks": [],
                "description": "Allow SSH from Bastion SG",
                "from_port": 22,
                "ipv6_cidr_blocks": [],
                "prefix_list_ids": [],
                "protocol": "tcp",
                "security_groups": [
                  "sg-02f0a9c1a8e407e79"
                ],
                "self": false,
                "to_port": 22
              },
              {
                "cidr_blocks": [],
                "description": "Allow traffic from ALB",
                "from_port": 8080,
                "ipv6_cidr_blocks": [],
                "prefix_list_ids": [],
                "protocol": "tcp",
                "security_groups": [
                  "sg-0f4dfed48a15e5fc8"
                ],
                "self": false,
                "to_port": 8080
              }
            ],
            "name": "project01-EC2-SG",
            "name_prefix": "",
            "owner_id": "225989359549",
            "revoke_rules_on_delete": false,
            "tags": {
              "Environment": "dev",
              "Name": "project01-EC2-SG",
              "Terraform": "true"
            },
            "tags_all": {
              "Environment": "dev",
              "Name": "project01-EC2-SG",
              "Terraform": "true"
            },
            "timeouts": null,
            "vpc_id": "vpc-0815c8fffd49d054d"
          },
          "sensitive_attributes": [],
          "private": "eyJlMmJmYjczMC1lY2FhLTExZTYtOGY4OC0zNDM2M2JjN2M0YzAiOnsiY3JlYXRlIjo2MDAwMDAwMDAwMDAsImRlbGV0ZSI6OTAwMDAwMDAwMDAwfSwic2NoZW1hX3ZlcnNpb24iOiIxIn0=",
          "dependencies": [
            "aws_security_group.alb",
            "aws_security_group.bastion",
            "aws_vpc.main"
          ],
          "create_before_destroy": true
        }
      ]
    },
    {
      "mode": "managed",
      "type": "aws_security_group",
      "name": "rds",
      "provider": "provider[\"registry.terraform.io/hashicorp/aws\"]",
      "instances": [
        {
          "schema_version": 1,
          "attributes": {
            "arn": "arn:aws:ec2:ap-south-1:225989359549:security-group/sg-0d123586cf94a7bd9",
            "description": "Allow inbound traffic from EC2 instances to PostgreSQL",
            "egress": [
              {
                "cidr_blocks": [
                  "0.0.0.0/0"
                ],
                "description": "Allow all other outbound traffic",
                "from_port": 0,
                "ipv6_cidr_blocks": [
                  "::/0"
                ],
                "prefix_list_ids": [],
                "protocol": "-1",
                "security_groups": [],
                "self": false,
                "to_port": 0
              }
            ],
            "id": "sg-0d123586cf94a7bd9",
            "ingress": [
              {
                "cidr_blocks": [],
                "description": "Allow PostgreSQL access from EC2 SG",
                "from_port": 5432,
                "ipv6_cidr_blocks": [],
                "prefix_list_ids": [],
                "protocol": "tcp",
                "security_groups": [
                  "sg-062d6c5a82fa84fa5"
                ],
                "self": false,
                "to_port": 5432
              }
            ],
            "name": "project01-RDS-SG",
            "name_prefix": "",
            "owner_id": "225989359549",
            "revoke_rules_on_delete": false,
            "tags": {
              "Environment": "dev",
              "Name": "project01-RDS-SG",
              "Terraform": "true"
            },
            "tags_all": {
              "Environment": "dev",
              "Name": "project01-RDS-SG",
              "Terraform": "true"
            },
            "timeouts": null,
            "vpc_id": "vpc-0815c8fffd49d054d"
          },
          "sensitive_attributes": [],
          "private": "eyJlMmJmYjczMC1lY2FhLTExZTYtOGY4OC0zNDM2M2JjN2M0YzAiOnsiY3JlYXRlIjo2MDAwMDAwMDAwMDAsImRlbGV0ZSI6OTAwMDAwMDAwMDAwfSwic2NoZW1hX3ZlcnNpb24iOiIxIn0=",
          "dependencies": [
            "aws_security_group.alb",
            "aws_security_group.bastion",
            "aws_security_group.ec2",
            "aws_vpc.main"
          ],
          "create_before_destroy": true
        }
      ]
    },
    {
      "mode": "managed",
      "type": "aws_ssm_parameter",
      "name": "cloudwatch_agent_config",
      "provider": "provider[\"registry.terraform.io/hashicorp/aws\"]",
      "instances": [
        {
          "schema_version": 0,
          "attributes": {
            "allowed_pattern": "",
            "arn": "arn:aws:ssm:ap-south-1:225989359549:parameter/project01/dev/cloudwatch-agent-config",
            "data_type": "text",
            "description": "CloudWatch Agent configuration for project01 dev",
            "has_value_wo": null,
            "id": "/project01/dev/cloudwatch-agent-config",
            "insecure_value": null,
            "key_id": "",
            "name": "/project01/dev/cloudwatch-agent-config",
            "overwrite": null,
            "tags": {
              "Environment": "dev",
              "Name": "project01-CW-Agent-Config",
              "Terraform": "true"
            },
            "tags_all": {
              "Environment": "dev",
              "Name": "project01-CW-Agent-Config",
              "Terraform": "true"
            },
            "tier": "Standard",
            "type": "String",
            "value": "{\n  \"agent\": {\n    \"run_as_user\": \"root\"\n  },\n  \"logs\": {\n    \"logs_collected\": {\n      \"files\": {\n        \"collect_list\": [\n          {\n            \"file_path\": \"/opt/app/logs/app.log\", # IMPORTANT: Change to your app's actual log file path\n            \"log_group_name\": \"/project01/dev/app.log\", # Interpolation works here!\n            \"log_stream_name\": \"{instance_id}\",\n            \"timestamp_format\": \"%Y-%m-%d %H:%M:%S\", # Adjust format if needed\n            \"multi_line_start_pattern\": \"{timestamp_format}\" # Adjust if needed for multi-line logs\n          },\n          {\n            \"file_path\": \"/var/log/messages\", # Example system logs\n            \"log_group_name\": \"/project01/dev/system.log\", # Interpolation works here!\n            \"log_stream_name\": \"{instance_id}\"\n          }\n        ]\n      }\n    },\n    \"log_stream_name\": \"project01-dev-DefaultLogStream\", # Optional: Default stream name if others fail\n    \"force_flush_interval\": 15\n  },\n  \"metrics\": {\n     \"metrics_collected\": {\n       \"collectd\": {\n         \"metrics_aggregation_interval\": 60\n       },\n       \"cpu\": {\n         \"measurement\": [\n           \"cpu_usage_idle\",\n           \"cpu_usage_nice\",\n           \"cpu_usage_system\",\n           \"cpu_usage_user\",\n           \"cpu_usage_wait\"\n         ],\n         \"metrics_collection_interval\": 60,\n         \"totalcpu\": true\n       },\n       \"disk\": {\n         \"measurement\": [\n           \"used_percent\",\n           \"inodes_free\"\n         ],\n         \"metrics_collection_interval\": 60,\n         \"resources\": [\n           \"/\"\n         ]\n       },\n       \"mem\": {\n         \"measurement\": [\n           \"mem_used_percent\"\n         ],\n         \"metrics_collection_interval\": 60\n       },\n       \"swap\": {\n         \"measurement\": [\n           \"swap_used_percent\"\n         ],\n         \"metrics_collection_interval\": 60\n       }\n     },\n     # Optional: Add aggregation dimensions if needed\n     # \"append_dimensions\": {\n     #   \"AutoScalingGroupName\": \"${aws:AutoScalingGroupName}\",\n     #   \"ImageId\": \"${aws:ImageId}\",\n     #   \"InstanceId\": \"${aws:InstanceId}\",\n     #   \"InstanceType\": \"${aws:InstanceType}\"\n     # }\n     \"aggregation_interval\": 60 # How often metrics are aggregated and sent (seconds)\n  }\n}\n",
            "value_wo": null,
            "value_wo_version": null,
            "version": 1
          },
          "sensitive_attributes": [
            [
              {
                "type": "get_attr",
                "value": "value_wo"
              }
            ],
            [
              {
                "type": "get_attr",
                "value": "value"
              }
            ]
          ],
          "private": "bnVsbA==",
          "create_before_destroy": true
        }
      ]
    },
    {
      "mode": "managed",
      "type": "aws_subnet",
      "name": "private",
      "provider": "provider[\"registry.terraform.io/hashicorp/aws\"]",
      "instances": [
        {
          "index_key": 0,
          "schema_version": 1,
          "attributes": {
            "arn": "arn:aws:ec2:ap-south-1:225989359549:subnet/subnet-0ed83758bc266614a",
            "assign_ipv6_address_on_creation": false,
            "availability_zone": "ap-south-1a",
            "availability_zone_id": "aps1-az1",
            "cidr_block": "10.0.101.0/24",
            "customer_owned_ipv4_pool": "",
            "enable_dns64": false,
            "enable_lni_at_device_index": 0,
            "enable_resource_name_dns_a_record_on_launch": false,
            "enable_resource_name_dns_aaaa_record_on_launch": false,
            "id": "subnet-0ed83758bc266614a",
            "ipv6_cidr_block": "",
            "ipv6_cidr_block_association_id": "",
            "ipv6_native": false,
            "map_customer_owned_ip_on_launch": false,
            "map_public_ip_on_launch": false,
            "outpost_arn": "",
            "owner_id": "225989359549",
            "private_dns_hostname_type_on_launch": "ip-name",
            "tags": {
              "Environment": "dev",
              "Name": "project01-PrivateSubnet-ap-south-1a",
              "Terraform": "true",
              "Tier": "Private"
            },
            "tags_all": {
              "Environment": "dev",
              "Name": "project01-PrivateSubnet-ap-south-1a",
              "Terraform": "true",
              "Tier": "Private"
            },
            "timeouts": null,
            "vpc_id": "vpc-0815c8fffd49d054d"
          },
          "sensitive_attributes": [],
          "private": "eyJlMmJmYjczMC1lY2FhLTExZTYtOGY4OC0zNDM2M2JjN2M0YzAiOnsiY3JlYXRlIjo2MDAwMDAwMDAwMDAsImRlbGV0ZSI6MTIwMDAwMDAwMDAwMH0sInNjaGVtYV92ZXJzaW9uIjoiMSJ9",
          "dependencies": [
            "aws_vpc.main",
            "data.aws_availability_zones.available"
          ],
          "create_before_destroy": true
        },
        {
          "index_key": 1,
          "schema_version": 1,
          "attributes": {
            "arn": "arn:aws:ec2:ap-south-1:225989359549:subnet/subnet-0dfe45488f2d0271a",
            "assign_ipv6_address_on_creation": false,
            "availability_zone": "ap-south-1b",
            "availability_zone_id": "aps1-az3",
            "cidr_block": "10.0.102.0/24",
            "customer_owned_ipv4_pool": "",
            "enable_dns64": false,
            "enable_lni_at_device_index": 0,
            "enable_resource_name_dns_a_record_on_launch": false,
            "enable_resource_name_dns_aaaa_record_on_launch": false,
            "id": "subnet-0dfe45488f2d0271a",
            "ipv6_cidr_block": "",
            "ipv6_cidr_block_association_id": "",
            "ipv6_native": false,
            "map_customer_owned_ip_on_launch": false,
            "map_public_ip_on_launch": false,
            "outpost_arn": "",
            "owner_id": "225989359549",
            "private_dns_hostname_type_on_launch": "ip-name",
            "tags": {
              "Environment": "dev",
              "Name": "project01-PrivateSubnet-ap-south-1b",
              "Terraform": "true",
              "Tier": "Private"
            },
            "tags_all": {
              "Environment": "dev",
              "Name": "project01-PrivateSubnet-ap-south-1b",
              "Terraform": "true",
              "Tier": "Private"
            },
            "timeouts": null,
            "vpc_id": "vpc-0815c8fffd49d054d"
          },
          "sensitive_attributes": [],
          "private": "eyJlMmJmYjczMC1lY2FhLTExZTYtOGY4OC0zNDM2M2JjN2M0YzAiOnsiY3JlYXRlIjo2MDAwMDAwMDAwMDAsImRlbGV0ZSI6MTIwMDAwMDAwMDAwMH0sInNjaGVtYV92ZXJzaW9uIjoiMSJ9",
          "dependencies": [
            "aws_vpc.main",
            "data.aws_availability_zones.available"
          ],
          "create_before_destroy": true
        },
        {
          "index_key": 2,
          "schema_version": 1,
          "attributes": {
            "arn": "arn:aws:ec2:ap-south-1:225989359549:subnet/subnet-022a2b142774342e5",
            "assign_ipv6_address_on_creation": false,
            "availability_zone": "ap-south-1c",
            "availability_zone_id": "aps1-az2",
            "cidr_block": "10.0.103.0/24",
            "customer_owned_ipv4_pool": "",
            "enable_dns64": false,
            "enable_lni_at_device_index": 0,
            "enable_resource_name_dns_a_record_on_launch": false,
            "enable_resource_name_dns_aaaa_record_on_launch": false,
            "id": "subnet-022a2b142774342e5",
            "ipv6_cidr_block": "",
            "ipv6_cidr_block_association_id": "",
            "ipv6_native": false,
            "map_customer_owned_ip_on_launch": false,
            "map_public_ip_on_launch": false,
            "outpost_arn": "",
            "owner_id": "225989359549",
            "private_dns_hostname_type_on_launch": "ip-name",
            "tags": {
              "Environment": "dev",
              "Name": "project01-PrivateSubnet-ap-south-1c",
              "Terraform": "true",
              "Tier": "Private"
            },
            "tags_all": {
              "Environment": "dev",
              "Name": "project01-PrivateSubnet-ap-south-1c",
              "Terraform": "true",
              "Tier": "Private"
            },
            "timeouts": null,
            "vpc_id": "vpc-0815c8fffd49d054d"
          },
          "sensitive_attributes": [],
          "private": "eyJlMmJmYjczMC1lY2FhLTExZTYtOGY4OC0zNDM2M2JjN2M0YzAiOnsiY3JlYXRlIjo2MDAwMDAwMDAwMDAsImRlbGV0ZSI6MTIwMDAwMDAwMDAwMH0sInNjaGVtYV92ZXJzaW9uIjoiMSJ9",
          "dependencies": [
            "aws_vpc.main",
            "data.aws_availability_zones.available"
          ],
          "create_before_destroy": true
        }
      ]
    },
    {
      "mode": "managed",
      "type": "aws_subnet",
      "name": "public",
      "provider": "provider[\"registry.terraform.io/hashicorp/aws\"]",
      "instances": [
        {
          "index_key": 0,
          "schema_version": 1,
          "attributes": {
            "arn": "arn:aws:ec2:ap-south-1:225989359549:subnet/subnet-09f8f1ea3d7083485",
            "assign_ipv6_address_on_creation": false,
            "availability_zone": "ap-south-1a",
            "availability_zone_id": "aps1-az1",
            "cidr_block": "10.0.1.0/24",
            "customer_owned_ipv4_pool": "",
            "enable_dns64": false,
            "enable_lni_at_device_index": 0,
            "enable_resource_name_dns_a_record_on_launch": false,
            "enable_resource_name_dns_aaaa_record_on_launch": false,
            "id": "subnet-09f8f1ea3d7083485",
            "ipv6_cidr_block": "",
            "ipv6_cidr_block_association_id": "",
            "ipv6_native": false,
            "map_customer_owned_ip_on_launch": false,
            "map_public_ip_on_launch": true,
            "outpost_arn": "",
            "owner_id": "225989359549",
            "private_dns_hostname_type_on_launch": "ip-name",
            "tags": {
              "Environment": "dev",
              "Name": "project01-PublicSubnet-ap-south-1a",
              "Terraform": "true",
              "Tier": "Public"
            },
            "tags_all": {
              "Environment": "dev",
              "Name": "project01-PublicSubnet-ap-south-1a",
              "Terraform": "true",
              "Tier": "Public"
            },
            "timeouts": null,
            "vpc_id": "vpc-0815c8fffd49d054d"
          },
          "sensitive_attributes": [],
          "private": "eyJlMmJmYjczMC1lY2FhLTExZTYtOGY4OC0zNDM2M2JjN2M0YzAiOnsiY3JlYXRlIjo2MDAwMDAwMDAwMDAsImRlbGV0ZSI6MTIwMDAwMDAwMDAwMH0sInNjaGVtYV92ZXJzaW9uIjoiMSJ9",
          "dependencies": [
            "aws_vpc.main",
            "data.aws_availability_zones.available"
          ]
        },
        {
          "index_key": 1,
          "schema_version": 1,
          "attributes": {
            "arn": "arn:aws:ec2:ap-south-1:225989359549:subnet/subnet-0d2d9cf41c1855502",
            "assign_ipv6_address_on_creation": false,
            "availability_zone": "ap-south-1b",
            "availability_zone_id": "aps1-az3",
            "cidr_block": "10.0.2.0/24",
            "customer_owned_ipv4_pool": "",
            "enable_dns64": false,
            "enable_lni_at_device_index": 0,
            "enable_resource_name_dns_a_record_on_launch": false,
            "enable_resource_name_dns_aaaa_record_on_launch": false,
            "id": "subnet-0d2d9cf41c1855502",
            "ipv6_cidr_block": "",
            "ipv6_cidr_block_association_id": "",
            "ipv6_native": false,
            "map_customer_owned_ip_on_launch": false,
            "map_public_ip_on_launch": true,
            "outpost_arn": "",
            "owner_id": "225989359549",
            "private_dns_hostname_type_on_launch": "ip-name",
            "tags": {
              "Environment": "dev",
              "Name": "project01-PublicSubnet-ap-south-1b",
              "Terraform": "true",
              "Tier": "Public"
            },
            "tags_all": {
              "Environment": "dev",
              "Name": "project01-PublicSubnet-ap-south-1b",
              "Terraform": "true",
              "Tier": "Public"
            },
            "timeouts": null,
            "vpc_id": "vpc-0815c8fffd49d054d"
          },
          "sensitive_attributes": [],
          "private": "eyJlMmJmYjczMC1lY2FhLTExZTYtOGY4OC0zNDM2M2JjN2M0YzAiOnsiY3JlYXRlIjo2MDAwMDAwMDAwMDAsImRlbGV0ZSI6MTIwMDAwMDAwMDAwMH0sInNjaGVtYV92ZXJzaW9uIjoiMSJ9",
          "dependencies": [
            "aws_vpc.main",
            "data.aws_availability_zones.available"
          ]
        },
        {
          "index_key": 2,
          "schema_version": 1,
          "attributes": {
            "arn": "arn:aws:ec2:ap-south-1:225989359549:subnet/subnet-01f8351229628a772",
            "assign_ipv6_address_on_creation": false,
            "availability_zone": "ap-south-1c",
            "availability_zone_id": "aps1-az2",
            "cidr_block": "10.0.3.0/24",
            "customer_owned_ipv4_pool": "",
            "enable_dns64": false,
            "enable_lni_at_device_index": 0,
            "enable_resource_name_dns_a_record_on_launch": false,
            "enable_resource_name_dns_aaaa_record_on_launch": false,
            "id": "subnet-01f8351229628a772",
            "ipv6_cidr_block": "",
            "ipv6_cidr_block_association_id": "",
            "ipv6_native": false,
            "map_customer_owned_ip_on_launch": false,
            "map_public_ip_on_launch": true,
            "outpost_arn": "",
            "owner_id": "225989359549",
            "private_dns_hostname_type_on_launch": "ip-name",
            "tags": {
              "Environment": "dev",
              "Name": "project01-PublicSubnet-ap-south-1c",
              "Terraform": "true",
              "Tier": "Public"
            },
            "tags_all": {
              "Environment": "dev",
              "Name": "project01-PublicSubnet-ap-south-1c",
              "Terraform": "true",
              "Tier": "Public"
            },
            "timeouts": null,
            "vpc_id": "vpc-0815c8fffd49d054d"
          },
          "sensitive_attributes": [],
          "private": "eyJlMmJmYjczMC1lY2FhLTExZTYtOGY4OC0zNDM2M2JjN2M0YzAiOnsiY3JlYXRlIjo2MDAwMDAwMDAwMDAsImRlbGV0ZSI6MTIwMDAwMDAwMDAwMH0sInNjaGVtYV92ZXJzaW9uIjoiMSJ9",
          "dependencies": [
            "aws_vpc.main",
            "data.aws_availability_zones.available"
          ]
        }
      ]
    },
    {
      "mode": "managed",
      "type": "aws_vpc",
      "name": "main",
      "provider": "provider[\"registry.terraform.io/hashicorp/aws\"]",
      "instances": [
        {
          "schema_version": 1,
          "attributes": {
            "arn": "arn:aws:ec2:ap-south-1:225989359549:vpc/vpc-0815c8fffd49d054d",
            "assign_generated_ipv6_cidr_block": false,
            "cidr_block": "10.0.0.0/16",
            "default_network_acl_id": "acl-0e19bbdf1e285b32f",
            "default_route_table_id": "rtb-0681d144275c090ec",
            "default_security_group_id": "sg-0249088fa2296f145",
            "dhcp_options_id": "dopt-0ce102aa45c8c97fc",
            "enable_dns_hostnames": true,
            "enable_dns_support": true,
            "enable_network_address_usage_metrics": false,
            "id": "vpc-0815c8fffd49d054d",
            "instance_tenancy": "default",
            "ipv4_ipam_pool_id": null,
            "ipv4_netmask_length": null,
            "ipv6_association_id": "",
            "ipv6_cidr_block": "",
            "ipv6_cidr_block_network_border_group": "",
            "ipv6_ipam_pool_id": "",
            "ipv6_netmask_length": 0,
            "main_route_table_id": "rtb-0681d144275c090ec",
            "owner_id": "225989359549",
            "tags": {
              "Environment": "dev",
              "Name": "project01-VPC",
              "Terraform": "true"
            },
            "tags_all": {
              "Environment": "dev",
              "Name": "project01-VPC",
              "Terraform": "true"
            }
          },
          "sensitive_attributes": [],
          "private": "eyJzY2hlbWFfdmVyc2lvbiI6IjEifQ==",
          "create_before_destroy": true
        }
      ]
    },
    {
      "mode": "managed",
      "type": "random_password",
      "name": "db_password",
      "provider": "provider[\"registry.terraform.io/hashicorp/random\"]",
      "instances": [
        {
          "schema_version": 3,
          "attributes": {
            "bcrypt_hash": "$2a$10$oVovz9D6gaETXqdob5ZIouQoPMQbqUKXOU/SjI2BNlG6hlyz7zT1W",
            "id": "none",
            "keepers": null,
            "length": 16,
            "lower": true,
            "min_lower": 0,
            "min_numeric": 0,
            "min_special": 0,
            "min_upper": 0,
            "number": true,
            "numeric": true,
            "override_special": "_%@",
            "result": "0y6qcirMVZJa8d9t",
            "special": true,
            "upper": true
          },
          "sensitive_attributes": [
            [
              {
                "type": "get_attr",
                "value": "result"
              }
            ],
            [
              {
                "type": "get_attr",
                "value": "bcrypt_hash"
              }
            ]
          ],
          "create_before_destroy": true
        }
      ]
    }
  ],
  "check_results": null
}
