{
  "version": 4,
  "terraform_version": "1.11.3",
  "serial": 340,
  "lineage": "43e7b4bf-f4e9-4992-c2a2-4ce4177cf5a8",
  "outputs": {
    "alb_dns_name": {
      "value": "project01-ALB-1034707422.ap-south-1.elb.amazonaws.com",
      "type": "string"
    },
    "alb_security_group_id": {
      "value": "sg-004ac64e7e7f39f66",
      "type": "string"
    },
    "alb_target_group_arn": {
      "value": "arn:aws:elasticloadbalancing:ap-south-1:225989359549:targetgroup/project01-TG/17a28819db3d278e",
      "type": "string"
    },
    "alb_zone_id": {
      "value": "ZP97RAFLXTNZK",
      "type": "string"
    },
    "autoscaling_group_name": {
      "value": "project01-dev-ASG-2025041402401431580000000b",
      "type": "string"
    },
    "availability_zones_used": {
      "value": [
        "ap-south-1a",
        "ap-south-1b",
        "ap-south-1c"
      ],
      "type": [
        "list",
        "string"
      ]
    },
    "bastion_public_ip": {
      "value": "65.2.189.155",
      "type": "string"
    },
    "cloudwatch_dashboard_name": {
      "value": "project01-dev-Dashboard",
      "type": "string"
    },
    "db_credentials_secret_arn": {
      "value": "arn:aws:secretsmanager:ap-south-1:225989359549:secret:project01-dev-db-credentials-Ty0hR6",
      "type": "string"
    },
    "db_credentials_secret_password": {
      "value": "ksNVWmRLsXILa5Pj",
      "type": "string",
      "sensitive": true
    },
    "db_credentials_secret_username": {
      "value": "dbadmin",
      "type": "string"
    },
    "db_instance_endpoint": {
      "value": "project01-dev-db.c1y0c2wc2ggw.ap-south-1.rds.amazonaws.com:5432",
      "type": "string",
      "sensitive": true
    },
    "db_instance_name": {
      "value": "project01db",
      "type": "string"
    },
    "db_instance_port": {
      "value": 5432,
      "type": "number"
    },
    "db_security_group_id": {
      "value": "sg-0a19134ff62deadfb",
      "type": "string"
    },
    "ec2_security_group_id": {
      "value": "sg-0c9d424b4e6901773",
      "type": "string"
    },
    "nat_gateway_eip": {
      "value": "3.108.140.80",
      "type": "string"
    },
    "private_subnet_ids": {
      "value": [
        "subnet-08ec3a5152fb3e99d",
        "subnet-0938c477a0e70c25b",
        "subnet-0c35345bc1a16f783"
      ],
      "type": [
        "tuple",
        [
          "string",
          "string",
          "string"
        ]
      ]
    },
    "public_subnet_ids": {
      "value": [
        "subnet-05132fd967a6c2b60",
        "subnet-055f108c16aec4a1b",
        "subnet-082aec15f3f69b07f"
      ],
      "type": [
        "tuple",
        [
          "string",
          "string",
          "string"
        ]
      ]
    },
    "vpc_id": {
      "value": "vpc-0d130e9297a521230",
      "type": "string"
    }
  },
  "resources": [
    {
      "mode": "data",
      "type": "aws_ami",
      "name": "latest_ami",
      "provider": "provider[\"registry.terraform.io/hashicorp/aws\"]",
      "instances": [
        {
          "schema_version": 0,
          "attributes": {
            "architecture": "x86_64",
            "arn": "arn:aws:ec2:ap-south-1::image/ami-02bd60530cb7649eb",
            "block_device_mappings": [
              {
                "device_name": "/dev/xvda",
                "ebs": {
                  "delete_on_termination": "true",
                  "encrypted": "false",
                  "iops": "3000",
                  "snapshot_id": "snap-0746dca52b22cc484",
                  "throughput": "125",
                  "volume_size": "30",
                  "volume_type": "gp3"
                },
                "no_device": "",
                "virtual_name": ""
              }
            ],
            "boot_mode": "uefi-preferred",
            "creation_date": "2025-04-03T22:36:50.000Z",
            "deprecation_time": "2027-04-03T22:36:50.000Z",
            "description": "Amazon Linux AMI 2023.0.20250403 x86_64 ECS HVM EBS",
            "ena_support": true,
            "executable_users": null,
            "filter": [
              {
                "name": "name",
                "values": [
                  "al2023-ami-*-kernel-*-x86_64"
                ]
              },
              {
                "name": "root-device-type",
                "values": [
                  "ebs"
                ]
              },
              {
                "name": "virtualization-type",
                "values": [
                  "hvm"
                ]
              }
            ],
            "hypervisor": "xen",
            "id": "ami-02bd60530cb7649eb",
            "image_id": "ami-02bd60530cb7649eb",
            "image_location": "amazon/al2023-ami-ecs-hvm-2023.0.20250403-kernel-6.1-x86_64",
            "image_owner_alias": "amazon",
            "image_type": "machine",
            "imds_support": "v2.0",
            "include_deprecated": false,
            "kernel_id": "",
            "last_launched_time": "",
            "most_recent": true,
            "name": "al2023-ami-ecs-hvm-2023.0.20250403-kernel-6.1-x86_64",
            "name_regex": null,
            "owner_id": "591542846629",
            "owners": [
              "amazon"
            ],
            "platform": "",
            "platform_details": "Linux/UNIX",
            "product_codes": [],
            "public": true,
            "ramdisk_id": "",
            "root_device_name": "/dev/xvda",
            "root_device_type": "ebs",
            "root_snapshot_id": "snap-0746dca52b22cc484",
            "sriov_net_support": "simple",
            "state": "available",
            "state_reason": {
              "code": "UNSET",
              "message": "UNSET"
            },
            "tags": {},
            "timeouts": null,
            "tpm_support": "",
            "uefi_data": null,
            "usage_operation": "RunInstances",
            "virtualization_type": "hvm"
          },
          "sensitive_attributes": []
        }
      ]
    },
    {
      "mode": "data",
      "type": "aws_availability_zones",
      "name": "available",
      "provider": "provider[\"registry.terraform.io/hashicorp/aws\"]",
      "instances": [
        {
          "schema_version": 0,
          "attributes": {
            "all_availability_zones": null,
            "exclude_names": null,
            "exclude_zone_ids": null,
            "filter": null,
            "group_names": [
              "ap-south-1-zg-1"
            ],
            "id": "ap-south-1",
            "names": [
              "ap-south-1a",
              "ap-south-1b",
              "ap-south-1c"
            ],
            "state": "available",
            "timeouts": null,
            "zone_ids": [
              "aps1-az1",
              "aps1-az3",
              "aps1-az2"
            ]
          },
          "sensitive_attributes": []
        }
      ]
    },
    {
      "mode": "managed",
      "type": "aws_autoscaling_group",
      "name": "app",
      "provider": "provider[\"registry.terraform.io/hashicorp/aws\"]",
      "instances": [
        {
          "schema_version": 1,
          "attributes": {
            "arn": "arn:aws:autoscaling:ap-south-1:225989359549:autoScalingGroup:52d3c5e5-aadf-46f8-85c3-cbe5e5a4ea43:autoScalingGroupName/project01-dev-ASG-2025041402401431580000000b",
            "availability_zone_distribution": [
              {
                "capacity_distribution_strategy": "balanced-best-effort"
              }
            ],
            "availability_zones": [
              "ap-south-1a",
              "ap-south-1b",
              "ap-south-1c"
            ],
            "capacity_rebalance": false,
            "context": "",
            "default_cooldown": 300,
            "default_instance_warmup": 0,
            "desired_capacity": 2,
            "desired_capacity_type": "",
            "enabled_metrics": [],
            "force_delete": false,
            "force_delete_warm_pool": false,
            "health_check_grace_period": 300,
            "health_check_type": "ELB",
            "id": "project01-dev-ASG-2025041402401431580000000b",
            "ignore_failed_scaling_activities": false,
            "initial_lifecycle_hook": [],
            "instance_maintenance_policy": [],
            "instance_refresh": [],
            "launch_configuration": "",
            "launch_template": [
              {
                "id": "lt-0173b93263e3727a5",
                "name": "project01-dev-20250414024008043400000009",
                "version": "$Latest"
              }
            ],
            "load_balancers": [],
            "max_instance_lifetime": 0,
            "max_size": 5,
            "metrics_granularity": "1Minute",
            "min_elb_capacity": null,
            "min_size": 2,
            "mixed_instances_policy": [],
            "name": "project01-dev-ASG-2025041402401431580000000b",
            "name_prefix": "project01-dev-ASG-",
            "placement_group": "",
            "predicted_capacity": 0,
            "protect_from_scale_in": false,
            "service_linked_role_arn": "arn:aws:iam::225989359549:role/aws-service-role/autoscaling.amazonaws.com/AWSServiceRoleForAutoScaling",
            "suspended_processes": [],
            "tag": [
              {
                "key": "ASG-Group",
                "propagate_at_launch": true,
                "value": "project01-dev"
              },
              {
                "key": "Name",
                "propagate_at_launch": true,
                "value": "project01-ASG-Instance"
              }
            ],
            "target_group_arns": [
              "arn:aws:elasticloadbalancing:ap-south-1:225989359549:targetgroup/project01-TG/17a28819db3d278e"
            ],
            "termination_policies": [],
            "timeouts": null,
            "traffic_source": [
              {
                "identifier": "arn:aws:elasticloadbalancing:ap-south-1:225989359549:targetgroup/project01-TG/17a28819db3d278e",
                "type": "elbv2"
              }
            ],
            "vpc_zone_identifier": [
              "subnet-08ec3a5152fb3e99d",
              "subnet-0938c477a0e70c25b",
              "subnet-0c35345bc1a16f783"
            ],
            "wait_for_capacity_timeout": "10m",
            "wait_for_elb_capacity": null,
            "warm_pool": [],
            "warm_pool_size": 0
          },
          "sensitive_attributes": [],
          "private": "eyJlMmJmYjczMC1lY2FhLTExZTYtOGY4OC0zNDM2M2JjN2M0YzAiOnsiZGVsZXRlIjo2MDAwMDAwMDAwMDAsInVwZGF0ZSI6NjAwMDAwMDAwMDAwfSwic2NoZW1hX3ZlcnNpb24iOiIxIn0=",
          "dependencies": [
            "aws_db_instance.main",
            "aws_db_subnet_group.default",
            "aws_iam_instance_profile.ec2_profile",
            "aws_iam_role.ec2_role",
            "aws_launch_template.app",
            "aws_lb_target_group.app",
            "aws_secretsmanager_secret.db_credentials",
            "aws_security_group.alb",
            "aws_security_group.bastion",
            "aws_security_group.ec2",
            "aws_security_group.rds",
            "aws_ssm_parameter.cloudwatch_agent_config",
            "aws_subnet.private",
            "aws_vpc.main",
            "data.aws_ami.latest_ami",
            "data.aws_availability_zones.available",
            "random_password.db_password"
          ],
          "create_before_destroy": true
        }
      ]
    },
    {
      "mode": "managed",
      "type": "aws_autoscaling_policy",
      "name": "avg_cpu_target_tracking",
      "provider": "provider[\"registry.terraform.io/hashicorp/aws\"]",
      "instances": [
        {
          "schema_version": 0,
          "attributes": {
            "adjustment_type": "",
            "arn": "arn:aws:autoscaling:ap-south-1:225989359549:scalingPolicy:f3433a9c-0314-4178-b13d-9d1132ee9a38:autoScalingGroupName/project01-dev-ASG-2025041402401431580000000b:policyName/project01-avg-cpu-target-tracking",
            "autoscaling_group_name": "project01-dev-ASG-2025041402401431580000000b",
            "cooldown": 0,
            "enabled": true,
            "estimated_instance_warmup": 0,
            "id": "project01-avg-cpu-target-tracking",
            "metric_aggregation_type": "",
            "min_adjustment_magnitude": 0,
            "name": "project01-avg-cpu-target-tracking",
            "policy_type": "TargetTrackingScaling",
            "predictive_scaling_configuration": [],
            "scaling_adjustment": 0,
            "step_adjustment": [],
            "target_tracking_configuration": [
              {
                "customized_metric_specification": [],
                "disable_scale_in": false,
                "predefined_metric_specification": [
                  {
                    "predefined_metric_type": "ASGAverageCPUUtilization",
                    "resource_label": ""
                  }
                ],
                "target_value": 60
              }
            ]
          },
          "sensitive_attributes": [],
          "private": "bnVsbA==",
          "dependencies": [
            "aws_autoscaling_group.app",
            "aws_db_instance.main",
            "aws_db_subnet_group.default",
            "aws_iam_instance_profile.ec2_profile",
            "aws_iam_role.ec2_role",
            "aws_launch_template.app",
            "aws_lb_target_group.app",
            "aws_secretsmanager_secret.db_credentials",
            "aws_security_group.alb",
            "aws_security_group.bastion",
            "aws_security_group.ec2",
            "aws_security_group.rds",
            "aws_ssm_parameter.cloudwatch_agent_config",
            "aws_subnet.private",
            "aws_vpc.main",
            "data.aws_ami.latest_ami",
            "data.aws_availability_zones.available",
            "random_password.db_password"
          ]
        }
      ]
    },
    {
      "mode": "managed",
      "type": "aws_cloudwatch_dashboard",
      "name": "main",
      "provider": "provider[\"registry.terraform.io/hashicorp/aws\"]",
      "instances": [
        {
          "schema_version": 0,
          "attributes": {
            "dashboard_arn": "arn:aws:cloudwatch::225989359549:dashboard/project01-dev-Dashboard",
            "dashboard_body": "{\"widgets\":[{\"height\":6,\"properties\":{\"metrics\":[[\"AWS/ApplicationELB\",\"HealthyHostCount\",\"TargetGroup\",\"project01-TG\",\"LoadBalancer\",\"app\"],[\"AWS/ApplicationELB\",\"UnHealthyHostCount\",\"TargetGroup\",\"project01-TG\",\"LoadBalancer\",\"app\"],[\"AWS/ApplicationELB\",\"RequestCount\",\"LoadBalancer\",\"app\",{\"stat\":\"Sum\"}],[\"...\",\"HTTPCode_Target_5XX_Count\",{\"stat\":\"Sum\"}],[\"...\",\"HTTPCode_ELB_5XX_Count\",{\"stat\":\"Sum\"}],[\"...\",\"TargetConnectionErrorCount\",{\"stat\":\"Sum\"}]],\"period\":300,\"region\":\"ap-south-1\",\"stat\":\"Average\",\"title\":\"ALB Metrics (app)\"},\"type\":\"metric\",\"width\":12,\"x\":0,\"y\":0},{\"height\":6,\"properties\":{\"metrics\":[[\"AWS/EC2\",\"CPUUtilization\",\"AutoScalingGroupName\",\"project01-dev-ASG-2025041402401431580000000b\",{\"stat\":\"Average\"}],[\"...\",\"NetworkOut\",{\"stat\":\"Average\"}],[\"...\",\"NetworkIn\",{\"stat\":\"Average\"}]],\"period\":300,\"region\":\"ap-south-1\",\"stat\":\"Average\",\"title\":\"ASG Metrics (project01-dev-ASG-2025041402401431580000000b)\",\"yAxis\":{\"left\":{\"max\":100,\"min\":0}}},\"type\":\"metric\",\"width\":12,\"x\":12,\"y\":0},{\"height\":6,\"properties\":{\"metrics\":[[\"AWS/RDS\",\"CPUUtilization\",\"DBInstanceIdentifier\",\"db-CXNRWW2NPYBJE7U7XYMI5V2MWE\",{\"stat\":\"Average\"}],[\"...\",\"DatabaseConnections\",{\"stat\":\"Average\"}],[\"...\",\"FreeableMemory\",{\"stat\":\"Average\"}],[\"...\",\"ReadIOPS\",{\"stat\":\"Average\"}],[\"...\",\"WriteIOPS\",{\"stat\":\"Average\"}]],\"period\":300,\"region\":\"ap-south-1\",\"stat\":\"Average\",\"title\":\"RDS Metrics (project01-dev-db)\"},\"type\":\"metric\",\"width\":12,\"x\":0,\"y\":6},{\"height\":6,\"properties\":{\"metrics\":[[\"CWAgent\",\"mem_used_percent\",\"AutoScalingGroupName\",\"project01-dev-ASG-2025041402401431580000000b\"]],\"period\":300,\"region\":\"ap-south-1\",\"stat\":\"Average\",\"title\":\"EC2 Instance Memory (via CW Agent)\",\"yAxis\":{\"left\":{\"max\":100,\"min\":0}}},\"type\":\"metric\",\"width\":12,\"x\":12,\"y\":6}]}",
            "dashboard_name": "project01-dev-Dashboard",
            "id": "project01-dev-Dashboard"
          },
          "sensitive_attributes": [],
          "private": "bnVsbA==",
          "dependencies": [
            "aws_autoscaling_group.app",
            "aws_db_instance.main",
            "aws_db_subnet_group.default",
            "aws_iam_instance_profile.ec2_profile",
            "aws_iam_role.ec2_role",
            "aws_launch_template.app",
            "aws_lb.main",
            "aws_lb_target_group.app",
            "aws_secretsmanager_secret.db_credentials",
            "aws_security_group.alb",
            "aws_security_group.bastion",
            "aws_security_group.ec2",
            "aws_security_group.rds",
            "aws_ssm_parameter.cloudwatch_agent_config",
            "aws_subnet.private",
            "aws_subnet.public",
            "aws_vpc.main",
            "data.aws_ami.latest_ami",
            "data.aws_availability_zones.available",
            "random_password.db_password"
          ]
        }
      ]
    },
    {
      "mode": "managed",
      "type": "aws_db_instance",
      "name": "main",
      "provider": "provider[\"registry.terraform.io/hashicorp/aws\"]",
      "instances": [
        {
          "schema_version": 2,
          "attributes": {
            "address": "project01-dev-db.c1y0c2wc2ggw.ap-south-1.rds.amazonaws.com",
            "allocated_storage": 20,
            "allow_major_version_upgrade": null,
            "apply_immediately": false,
            "arn": "arn:aws:rds:ap-south-1:225989359549:db:project01-dev-db",
            "auto_minor_version_upgrade": true,
            "availability_zone": "ap-south-1c",
            "backup_retention_period": 7,
            "backup_target": "region",
            "backup_window": "19:03-19:33",
            "blue_green_update": [],
            "ca_cert_identifier": "rds-ca-rsa2048-g1",
            "character_set_name": "",
            "copy_tags_to_snapshot": false,
            "custom_iam_instance_profile": "",
            "customer_owned_ip_enabled": false,
            "database_insights_mode": "standard",
            "db_name": "project01db",
            "db_subnet_group_name": "project01-dev-rds-subnet-group",
            "dedicated_log_volume": false,
            "delete_automated_backups": true,
            "deletion_protection": false,
            "domain": "",
            "domain_auth_secret_arn": "",
            "domain_dns_ips": [],
            "domain_fqdn": "",
            "domain_iam_role_name": "",
            "domain_ou": "",
            "enabled_cloudwatch_logs_exports": [],
            "endpoint": "project01-dev-db.c1y0c2wc2ggw.ap-south-1.rds.amazonaws.com:5432",
            "engine": "postgres",
            "engine_lifecycle_support": "open-source-rds-extended-support",
            "engine_version": "15.12",
            "engine_version_actual": "15.12",
            "final_snapshot_identifier": null,
            "hosted_zone_id": "Z2VFMSZA74J7XZ",
            "iam_database_authentication_enabled": false,
            "id": "db-CXNRWW2NPYBJE7U7XYMI5V2MWE",
            "identifier": "project01-dev-db",
            "identifier_prefix": "",
            "instance_class": "db.t3.micro",
            "iops": 3000,
            "kms_key_id": "",
            "latest_restorable_time": "2025-04-14T02:56:21Z",
            "license_model": "postgresql-license",
            "listener_endpoint": [],
            "maintenance_window": "sun:12:24-sun:12:54",
            "manage_master_user_password": null,
            "master_user_secret": [],
            "master_user_secret_kms_key_id": null,
            "max_allocated_storage": 0,
            "monitoring_interval": 0,
            "monitoring_role_arn": "",
            "multi_az": false,
            "nchar_character_set_name": "",
            "network_type": "IPV4",
            "option_group_name": "default:postgres-15",
            "parameter_group_name": "default.postgres15",
            "password": "ksNVWmRLsXILa5Pj",
            "password_wo": null,
            "password_wo_version": null,
            "performance_insights_enabled": false,
            "performance_insights_kms_key_id": "",
            "performance_insights_retention_period": 0,
            "port": 5432,
            "publicly_accessible": false,
            "replica_mode": "",
            "replicas": [],
            "replicate_source_db": "",
            "resource_id": "db-CXNRWW2NPYBJE7U7XYMI5V2MWE",
            "restore_to_point_in_time": [],
            "s3_import": [],
            "skip_final_snapshot": true,
            "snapshot_identifier": null,
            "status": "available",
            "storage_encrypted": false,
            "storage_throughput": 125,
            "storage_type": "gp3",
            "tags": {
              "Environment": "dev",
              "Name": "project01-RDS-Instance",
              "Terraform": "true"
            },
            "tags_all": {
              "Environment": "dev",
              "Name": "project01-RDS-Instance",
              "Terraform": "true"
            },
            "timeouts": null,
            "timezone": "",
            "upgrade_storage_config": null,
            "username": "dbadmin",
            "vpc_security_group_ids": [
              "sg-0a19134ff62deadfb"
            ]
          },
          "sensitive_attributes": [
            [
              {
                "type": "get_attr",
                "value": "password"
              }
            ],
            [
              {
                "type": "get_attr",
                "value": "password_wo"
              }
            ]
          ],
          "private": "eyJlMmJmYjczMC1lY2FhLTExZTYtOGY4OC0zNDM2M2JjN2M0YzAiOnsiY3JlYXRlIjozMDAwMDAwMDAwMDAwLCJkZWxldGUiOjM2MDAwMDAwMDAwMDAsInVwZGF0ZSI6NDgwMDAwMDAwMDAwMH0sInNjaGVtYV92ZXJzaW9uIjoiMiJ9",
          "dependencies": [
            "aws_db_subnet_group.default",
            "aws_security_group.rds",
            "aws_subnet.private",
            "aws_vpc.main",
            "data.aws_availability_zones.available",
            "random_password.db_password"
          ],
          "create_before_destroy": true
        }
      ]
    },
    {
      "mode": "managed",
      "type": "aws_db_subnet_group",
      "name": "default",
      "provider": "provider[\"registry.terraform.io/hashicorp/aws\"]",
      "instances": [
        {
          "schema_version": 0,
          "attributes": {
            "arn": "arn:aws:rds:ap-south-1:225989359549:subgrp:project01-dev-rds-subnet-group",
            "description": "Managed by Terraform",
            "id": "project01-dev-rds-subnet-group",
            "name": "project01-dev-rds-subnet-group",
            "name_prefix": "",
            "subnet_ids": [
              "subnet-08ec3a5152fb3e99d",
              "subnet-0938c477a0e70c25b",
              "subnet-0c35345bc1a16f783"
            ],
            "supported_network_types": [
              "IPV4"
            ],
            "tags": {
              "Environment": "dev",
              "Name": "project01-RDSSubnetGroup",
              "Terraform": "true"
            },
            "tags_all": {
              "Environment": "dev",
              "Name": "project01-RDSSubnetGroup",
              "Terraform": "true"
            },
            "vpc_id": "vpc-0d130e9297a521230"
          },
          "sensitive_attributes": [],
          "private": "bnVsbA==",
          "dependencies": [
            "aws_subnet.private",
            "aws_vpc.main",
            "data.aws_availability_zones.available"
          ],
          "create_before_destroy": true
        }
      ]
    },
    {
      "mode": "managed",
      "type": "aws_eip",
      "name": "nat",
      "provider": "provider[\"registry.terraform.io/hashicorp/aws\"]",
      "instances": [
        {
          "schema_version": 0,
          "attributes": {
            "address": null,
            "allocation_id": "eipalloc-0b868911987d95f2d",
            "arn": "arn:aws:ec2:ap-south-1:225989359549:elastic-ip/eipalloc-0b868911987d95f2d",
            "associate_with_private_ip": null,
            "association_id": "eipassoc-06614def9e8d66ca7",
            "carrier_ip": "",
            "customer_owned_ip": "",
            "customer_owned_ipv4_pool": "",
            "domain": "vpc",
            "id": "eipalloc-0b868911987d95f2d",
            "instance": "",
            "ipam_pool_id": null,
            "network_border_group": "ap-south-1",
            "network_interface": "eni-01181b3248222fdb8",
            "private_dns": "ip-10-0-1-22.ap-south-1.compute.internal",
            "private_ip": "10.0.1.22",
            "ptr_record": "",
            "public_dns": "ec2-3-108-140-80.ap-south-1.compute.amazonaws.com",
            "public_ip": "3.108.140.80",
            "public_ipv4_pool": "amazon",
            "tags": {
              "Environment": "dev",
              "Name": "project01-NAT-EIP",
              "Terraform": "true"
            },
            "tags_all": {
              "Environment": "dev",
              "Name": "project01-NAT-EIP",
              "Terraform": "true"
            },
            "timeouts": null,
            "vpc": true
          },
          "sensitive_attributes": [],
          "private": "eyJlMmJmYjczMC1lY2FhLTExZTYtOGY4OC0zNDM2M2JjN2M0YzAiOnsiZGVsZXRlIjoxODAwMDAwMDAwMDAsInJlYWQiOjkwMDAwMDAwMDAwMCwidXBkYXRlIjozMDAwMDAwMDAwMDB9fQ=="
        }
      ]
    },
    {
      "mode": "managed",
      "type": "aws_iam_instance_profile",
      "name": "ec2_profile",
      "provider": "provider[\"registry.terraform.io/hashicorp/aws\"]",
      "instances": [
        {
          "schema_version": 0,
          "attributes": {
            "arn": "arn:aws:iam::225989359549:instance-profile/project01-dev-EC2-Profile",
            "create_date": "2025-04-14T02:33:27Z",
            "id": "project01-dev-EC2-Profile",
            "name": "project01-dev-EC2-Profile",
            "name_prefix": "",
            "path": "/",
            "role": "project01-dev-EC2-Role",
            "tags": {
              "Environment": "dev",
              "Name": "project01-EC2-Profile",
              "Terraform": "true"
            },
            "tags_all": {
              "Environment": "dev",
              "Name": "project01-EC2-Profile",
              "Terraform": "true"
            },
            "unique_id": "AIPATJHQD666YAS5NGXXC"
          },
          "sensitive_attributes": [],
          "private": "bnVsbA==",
          "dependencies": [
            "aws_iam_role.ec2_role"
          ],
          "create_before_destroy": true
        }
      ]
    },
    {
      "mode": "managed",
      "type": "aws_iam_policy",
      "name": "ec2_policy",
      "provider": "provider[\"registry.terraform.io/hashicorp/aws\"]",
      "instances": [
        {
          "schema_version": 0,
          "attributes": {
            "arn": "arn:aws:iam::225989359549:policy/project01-dev-EC2-Policy",
            "attachment_count": 1,
            "description": "Policy for EC2 instances to access Secrets Manager DB secret and CloudWatch Logs",
            "id": "arn:aws:iam::225989359549:policy/project01-dev-EC2-Policy",
            "name": "project01-dev-EC2-Policy",
            "name_prefix": "",
            "path": "/",
            "policy": "{\"Statement\":[{\"Action\":[\"secretsmanager:GetSecretValue\"],\"Effect\":\"Allow\",\"Resource\":\"arn:aws:secretsmanager:ap-south-1:225989359549:secret:project01-dev-db-credentials-Ty0hR6\"},{\"Action\":[\"logs:CreateLogGroup\",\"logs:CreateLogStream\",\"logs:PutLogEvents\",\"logs:DescribeLogStreams\"],\"Effect\":\"Allow\",\"Resource\":\"arn:aws:logs:*:*:*\"}],\"Version\":\"2012-10-17\"}",
            "policy_id": "ANPATJHQD666ZHO5BMEHS",
            "tags": {},
            "tags_all": {}
          },
          "sensitive_attributes": [],
          "private": "bnVsbA==",
          "dependencies": [
            "aws_secretsmanager_secret.db_credentials"
          ]
        }
      ]
    },
    {
      "mode": "managed",
      "type": "aws_iam_role",
      "name": "ec2_role",
      "provider": "provider[\"registry.terraform.io/hashicorp/aws\"]",
      "instances": [
        {
          "schema_version": 0,
          "attributes": {
            "arn": "arn:aws:iam::225989359549:role/project01-dev-EC2-Role",
            "assume_role_policy": "{\"Statement\":[{\"Action\":\"sts:AssumeRole\",\"Effect\":\"Allow\",\"Principal\":{\"Service\":\"ec2.amazonaws.com\"}}],\"Version\":\"2012-10-17\"}",
            "create_date": "2025-04-14T02:33:26Z",
            "description": "",
            "force_detach_policies": false,
            "id": "project01-dev-EC2-Role",
            "inline_policy": [],
            "managed_policy_arns": [
              "arn:aws:iam::225989359549:policy/project01-dev-EC2-Policy",
              "arn:aws:iam::aws:policy/AmazonSSMManagedInstanceCore"
            ],
            "max_session_duration": 3600,
            "name": "project01-dev-EC2-Role",
            "name_prefix": "",
            "path": "/",
            "permissions_boundary": "",
            "tags": {
              "Environment": "dev",
              "Name": "project01-EC2-Role",
              "Terraform": "true"
            },
            "tags_all": {
              "Environment": "dev",
              "Name": "project01-EC2-Role",
              "Terraform": "true"
            },
            "unique_id": "AROATJHQD666T52GJEIYK"
          },
          "sensitive_attributes": [],
          "private": "bnVsbA==",
          "create_before_destroy": true
        }
      ]
    },
    {
      "mode": "managed",
      "type": "aws_iam_role_policy_attachment",
      "name": "ec2_custom_policy_attach",
      "provider": "provider[\"registry.terraform.io/hashicorp/aws\"]",
      "instances": [
        {
          "schema_version": 0,
          "attributes": {
            "id": "project01-dev-EC2-Role-20250414023327858900000004",
            "policy_arn": "arn:aws:iam::225989359549:policy/project01-dev-EC2-Policy",
            "role": "project01-dev-EC2-Role"
          },
          "sensitive_attributes": [],
          "private": "bnVsbA==",
          "dependencies": [
            "aws_iam_policy.ec2_policy",
            "aws_iam_role.ec2_role",
            "aws_secretsmanager_secret.db_credentials"
          ]
        }
      ]
    },
    {
      "mode": "managed",
      "type": "aws_iam_role_policy_attachment",
      "name": "ec2_ssm_policy_attach",
      "provider": "provider[\"registry.terraform.io/hashicorp/aws\"]",
      "instances": [
        {
          "schema_version": 0,
          "attributes": {
            "id": "project01-dev-EC2-Role-20250414023327805400000003",
            "policy_arn": "arn:aws:iam::aws:policy/AmazonSSMManagedInstanceCore",
            "role": "project01-dev-EC2-Role"
          },
          "sensitive_attributes": [],
          "private": "bnVsbA==",
          "dependencies": [
            "aws_iam_role.ec2_role"
          ]
        }
      ]
    },
    {
      "mode": "managed",
      "type": "aws_instance",
      "name": "bastion",
      "provider": "provider[\"registry.terraform.io/hashicorp/aws\"]",
      "instances": [
        {
          "schema_version": 1,
          "attributes": {
            "ami": "ami-02bd60530cb7649eb",
            "arn": "arn:aws:ec2:ap-south-1:225989359549:instance/i-0e58c9cf7d1e1d65e",
            "associate_public_ip_address": true,
            "availability_zone": "ap-south-1a",
            "capacity_reservation_specification": [
              {
                "capacity_reservation_preference": "open",
                "capacity_reservation_target": []
              }
            ],
            "cpu_core_count": 1,
            "cpu_options": [
              {
                "amd_sev_snp": "",
                "core_count": 1,
                "threads_per_core": 2
              }
            ],
            "cpu_threads_per_core": 2,
            "credit_specification": [
              {
                "cpu_credits": "unlimited"
              }
            ],
            "disable_api_stop": false,
            "disable_api_termination": false,
            "ebs_block_device": [],
            "ebs_optimized": false,
            "enable_primary_ipv6": null,
            "enclave_options": [
              {
                "enabled": false
              }
            ],
            "ephemeral_block_device": [],
            "get_password_data": false,
            "hibernation": false,
            "host_id": "",
            "host_resource_group_arn": null,
            "iam_instance_profile": "project01-dev-EC2-Profile",
            "id": "i-0e58c9cf7d1e1d65e",
            "instance_initiated_shutdown_behavior": "stop",
            "instance_lifecycle": "",
            "instance_market_options": [],
            "instance_state": "running",
            "instance_type": "t3.micro",
            "ipv6_address_count": 0,
            "ipv6_addresses": [],
            "key_name": "aws_linux_mumbai",
            "launch_template": [],
            "maintenance_options": [
              {
                "auto_recovery": "default"
              }
            ],
            "metadata_options": [
              {
                "http_endpoint": "enabled",
                "http_protocol_ipv6": "disabled",
                "http_put_response_hop_limit": 2,
                "http_tokens": "required",
                "instance_metadata_tags": "disabled"
              }
            ],
            "monitoring": false,
            "network_interface": [],
            "outpost_arn": "",
            "password_data": "",
            "placement_group": "",
            "placement_partition_number": 0,
            "primary_network_interface_id": "eni-0aeb23917bbc1ae3a",
            "private_dns": "ip-10-0-1-154.ap-south-1.compute.internal",
            "private_dns_name_options": [
              {
                "enable_resource_name_dns_a_record": false,
                "enable_resource_name_dns_aaaa_record": false,
                "hostname_type": "ip-name"
              }
            ],
            "private_ip": "10.0.1.154",
            "public_dns": "ec2-65-2-189-155.ap-south-1.compute.amazonaws.com",
            "public_ip": "65.2.189.155",
            "root_block_device": [
              {
                "delete_on_termination": true,
                "device_name": "/dev/xvda",
                "encrypted": true,
                "iops": 3000,
                "kms_key_id": "arn:aws:kms:ap-south-1:225989359549:key/6d8cde92-0652-4846-ac31-0465fdcf0deb",
                "tags": {},
                "tags_all": {},
                "throughput": 125,
                "volume_id": "vol-0c5a1c34956c2eca9",
                "volume_size": 30,
                "volume_type": "gp3"
              }
            ],
            "secondary_private_ips": [],
            "security_groups": [],
            "source_dest_check": true,
            "spot_instance_request_id": "",
            "subnet_id": "subnet-05132fd967a6c2b60",
            "tags": {
              "Environment": "dev",
              "Name": "project01-BastionHost",
              "Terraform": "true"
            },
            "tags_all": {
              "Environment": "dev",
              "Name": "project01-BastionHost",
              "Terraform": "true"
            },
            "tenancy": "default",
            "timeouts": null,
            "user_data": null,
            "user_data_base64": null,
            "user_data_replace_on_change": false,
            "volume_tags": null,
            "vpc_security_group_ids": [
              "sg-0525ad1a1f9dfcb7a"
            ]
          },
          "sensitive_attributes": [],
          "private": "eyJlMmJmYjczMC1lY2FhLTExZTYtOGY4OC0zNDM2M2JjN2M0YzAiOnsiY3JlYXRlIjo2MDAwMDAwMDAwMDAsImRlbGV0ZSI6MTIwMDAwMDAwMDAwMCwicmVhZCI6OTAwMDAwMDAwMDAwLCJ1cGRhdGUiOjYwMDAwMDAwMDAwMH0sInNjaGVtYV92ZXJzaW9uIjoiMSJ9",
          "dependencies": [
            "aws_iam_instance_profile.ec2_profile",
            "aws_iam_role.ec2_role",
            "aws_security_group.bastion",
            "aws_subnet.public",
            "aws_vpc.main",
            "data.aws_ami.latest_ami",
            "data.aws_availability_zones.available"
          ]
        }
      ]
    },
    {
      "mode": "managed",
      "type": "aws_internet_gateway",
      "name": "gw",
      "provider": "provider[\"registry.terraform.io/hashicorp/aws\"]",
      "instances": [
        {
          "schema_version": 0,
          "attributes": {
            "arn": "arn:aws:ec2:ap-south-1:225989359549:internet-gateway/igw-0426d7be1b40d8c36",
            "id": "igw-0426d7be1b40d8c36",
            "owner_id": "225989359549",
            "tags": {
              "Environment": "dev",
              "Name": "project01-IGW",
              "Terraform": "true"
            },
            "tags_all": {
              "Environment": "dev",
              "Name": "project01-IGW",
              "Terraform": "true"
            },
            "timeouts": null,
            "vpc_id": "vpc-0d130e9297a521230"
          },
          "sensitive_attributes": [],
          "private": "eyJlMmJmYjczMC1lY2FhLTExZTYtOGY4OC0zNDM2M2JjN2M0YzAiOnsiY3JlYXRlIjoxMjAwMDAwMDAwMDAwLCJkZWxldGUiOjEyMDAwMDAwMDAwMDAsInVwZGF0ZSI6MTIwMDAwMDAwMDAwMH19",
          "dependencies": [
            "aws_vpc.main"
          ]
        }
      ]
    },
    {
      "mode": "managed",
      "type": "aws_launch_template",
      "name": "app",
      "provider": "provider[\"registry.terraform.io/hashicorp/aws\"]",
      "instances": [
        {
          "schema_version": 0,
          "attributes": {
            "arn": "arn:aws:ec2:ap-south-1:225989359549:launch-template/lt-0173b93263e3727a5",
            "block_device_mappings": [],
            "capacity_reservation_specification": [],
            "cpu_options": [],
            "credit_specification": [],
            "default_version": 1,
            "description": "Launch template for project01 instances",
            "disable_api_stop": false,
            "disable_api_termination": false,
            "ebs_optimized": "",
            "elastic_gpu_specifications": [],
            "elastic_inference_accelerator": [],
            "enclave_options": [],
            "hibernation_options": [],
            "iam_instance_profile": [
              {
                "arn": "arn:aws:iam::225989359549:instance-profile/project01-dev-EC2-Profile",
                "name": ""
              }
            ],
            "id": "lt-0173b93263e3727a5",
            "image_id": "ami-02bd60530cb7649eb",
            "instance_initiated_shutdown_behavior": "",
            "instance_market_options": [],
            "instance_requirements": [],
            "instance_type": "t3.micro",
            "kernel_id": "",
            "key_name": "aws_linux_mumbai",
            "latest_version": 2,
            "license_specification": [],
            "maintenance_options": [],
            "metadata_options": [
              {
                "http_endpoint": "enabled",
                "http_protocol_ipv6": "",
                "http_put_response_hop_limit": 0,
                "http_tokens": "required",
                "instance_metadata_tags": ""
              }
            ],
            "monitoring": [],
            "name": "project01-dev-20250414024008043400000009",
            "name_prefix": "project01-dev-",
            "network_interfaces": [
              {
                "associate_carrier_ip_address": "",
                "associate_public_ip_address": "false",
                "connection_tracking_specification": [],
                "delete_on_termination": "",
                "description": "",
                "device_index": 0,
                "ena_srd_specification": [],
                "interface_type": "",
                "ipv4_address_count": 0,
                "ipv4_addresses": [],
                "ipv4_prefix_count": 0,
                "ipv4_prefixes": [],
                "ipv6_address_count": 0,
                "ipv6_addresses": [],
                "ipv6_prefix_count": 0,
                "ipv6_prefixes": [],
                "network_card_index": 0,
                "network_interface_id": "",
                "primary_ipv6": "",
                "private_ip_address": "",
                "security_groups": [
                  "sg-0c9d424b4e6901773"
                ],
                "subnet_id": ""
              }
            ],
            "placement": [],
            "private_dns_name_options": [],
            "ram_disk_id": "",
            "security_group_names": [],
            "tag_specifications": [
              {
                "resource_type": "instance",
                "tags": {
                  "Environment": "dev",
                  "Name": "project01-Instance",
                  "Terraform": "true"
                }
              },
              {
                "resource_type": "volume",
                "tags": {
                  "Environment": "dev",
                  "Name": "project01-Volume",
                  "Terraform": "true"
                }
              }
            ],
            "tags": {},
            "tags_all": {},
            "update_default_version": null,
            "user_data": "IyEvYmluL2Jhc2ggLXhlCiMgVXNlciBkYXRhIHNjcmlwdCBmb3IgTm9kZS5qcyBBcHAgKFByb2plY3QgMDAxKQoKZWNobyAiU3RhcnRpbmcgVXNlciBEYXRhIFNjcmlwdCBFeGVjdXRpb24uLi4iCgojIC0tLSBQYXJhbWV0ZXJzIHBhc3NlZCBmcm9tIFRlcnJhZm9ybSAtLS0KIyBhcHBfc291cmNlX3VybD0iaHR0cHM6Ly9naXRodWIuY29tL3ByYXRpa3NvbnRha2tlL2Nsb3VkX3Byb2plY3RzLmdpdCIgIyBFeGFtcGxlOiBodHRwczovL2dpdGh1Yi5jb20vcHJhdGlrc29udGFra2UvY2xvdWRfcHJvamVjdHMuZ2l0CiMgZGJfc2VjcmV0X2Fybj0iYXJuOmF3czpzZWNyZXRzbWFuYWdlcjphcC1zb3V0aC0xOjIyNTk4OTM1OTU0OTpzZWNyZXQ6cHJvamVjdDAxLWRldi1kYi1jcmVkZW50aWFscy1UeTBoUjYiCiMgYXdzX3JlZ2lvbj0iYXAtc291dGgtMSIKIyBkYl9ob3N0PSJwcm9qZWN0MDEtZGV2LWRiLmMxeTBjMndjMmdndy5hcC1zb3V0aC0xLnJkcy5hbWF6b25hd3MuY29tIgojIGRiX3BvcnQ9IjU0MzIiCiMgZGJfbmFtZT0icHJvamVjdDAxZGIiCiMgYXBwX3BvcnQ9IjgwODAiCiMgY3dfYWdlbnRfY29uZmlnX3BhcmFtX25hbWU9Ii9wcm9qZWN0MDEvZGV2L2Nsb3Vkd2F0Y2gtYWdlbnQtY29uZmlnIgojIHByb2plY3RfbmFtZT0icHJvamVjdDAxIgojIGVudmlyb25tZW50PSJkZXYiCgojIC0tLSBCYXNpYyBTZXR1cCAtLS0KZWNobyAiVXBkYXRpbmcgcGFja2FnZXMgYW5kIGluc3RhbGxpbmcgdG9vbHMuLi4iCnl1bSB1cGRhdGUgLXkKeXVtIGluc3RhbGwgLXkgYXdzLWNsaSBqcSBnaXQKCiMgLS0tIEluc3RhbGwgYW5kIENvbmZpZ3VyZSBDbG91ZFdhdGNoIEFnZW50IC0tLQplY2hvICJJbnN0YWxsaW5nIGFuZCBjb25maWd1cmluZyBDbG91ZFdhdGNoIEFnZW50Li4uIgp5dW0gaW5zdGFsbCAteSBhbWF6b24tY2xvdWR3YXRjaC1hZ2VudAoKQ09ORklHX09VVFBVVF9QQVRIPSIvb3B0L2F3cy9hbWF6b24tY2xvdWR3YXRjaC1hZ2VudC9iaW4vY29uZmlnLmpzb24iCmVjaG8gIkZldGNoaW5nIENsb3VkV2F0Y2ggQWdlbnQgY29uZmlnIGZyb20gU1NNIHBhcmFtZXRlcjogL3Byb2plY3QwMS9kZXYvY2xvdWR3YXRjaC1hZ2VudC1jb25maWcgaW4gcmVnaW9uIGFwLXNvdXRoLTEiCmF3cyBzc20gZ2V0LXBhcmFtZXRlciAtLW5hbWUgIi9wcm9qZWN0MDEvZGV2L2Nsb3Vkd2F0Y2gtYWdlbnQtY29uZmlnIiAtLXJlZ2lvbiAiYXAtc291dGgtMSIgLS1xdWVyeSBQYXJhbWV0ZXIuVmFsdWUgLS1vdXRwdXQgdGV4dCA+ICIkQ09ORklHX09VVFBVVF9QQVRIIgppZiBbICQ/IC1uZSAwIF07IHRoZW4KICBlY2hvICJXQVJOSU5HOiBGYWlsZWQgdG8gZmV0Y2ggQ2xvdWRXYXRjaCBBZ2VudCBjb25maWd1cmF0aW9uIGZyb20gU1NNLiBBZ2VudCB3aWxsIG5vdCBjb2xsZWN0IGN1c3RvbSBsb2dzL21ldHJpY3MuIgplbHNlCiAgZWNobyAiU3VjY2Vzc2Z1bGx5IGZldGNoZWQgQ2xvdWRXYXRjaCBBZ2VudCBjb25maWd1cmF0aW9uLiIKICBlY2hvICJTdGFydGluZyBDbG91ZFdhdGNoIEFnZW50Li4uIgogIC9vcHQvYXdzL2FtYXpvbi1jbG91ZHdhdGNoLWFnZW50L2Jpbi9hbWF6b24tY2xvdWR3YXRjaC1hZ2VudC1jdGwgLWEgZmV0Y2gtY29uZmlnIC1tIGVjMiAtYyAiZmlsZTokQ09ORklHX09VVFBVVF9QQVRIIiAtcwogIGlmIFsgJD8gLW5lIDAgXTsgdGhlbgogICAgZWNobyAiV0FSTklORzogRmFpbGVkIHRvIHN0YXJ0IENsb3VkV2F0Y2ggQWdlbnQuIgogIGVsc2UKICAgIGVjaG8gIkNsb3VkV2F0Y2ggQWdlbnQgc3RhcnRlZCBzdWNjZXNzZnVsbHkuIgogIGZpCmZpCgojIC0tLSBJbnN0YWxsIE5vZGUuanMgLS0tCmVjaG8gIlNldHRpbmcgdXAgTm9kZS5qcyB1c2luZyBudm0uLi4iCiMgUnVuIGFzIGVjMi11c2VyIGZvciBudm0gaW5zdGFsbGF0aW9uCnN1ZG8gLXUgZWMyLXVzZXIgYmFzaCAtYyAnY3VybCAtby0gaHR0cHM6Ly9yYXcuZ2l0aHVidXNlcmNvbnRlbnQuY29tL252bS1zaC9udm0vdjAuMzkuNy9pbnN0YWxsLnNoIHwgYmFzaCcKIyBTb3VyY2UgbnZtIGZvciB0aGUgY3VycmVudCBzY3JpcHQgZXhlY3V0aW9uIChvcHRpb25hbCwgYnV0IGdvb2QgZm9yIGNsYXJpdHkpCmV4cG9ydCBOVk1fRElSPSIvaG9tZS9lYzItdXNlci8ubnZtIgpbIC1zICIkTlZNX0RJUi9udm0uc2giIF0gJiYgXC4gIiROVk1fRElSL252bS5zaCIKIyBJbnN0YWxsIExUUyBOb2RlLmpzIHVzaW5nIG52bSBjb21tYW5kIHNvdXJjZWQgcHJldmlvdXNseQpudm0gaW5zdGFsbCAtLWx0cwpOT0RFX1ZFUlNJT049JChudm0gY3VycmVudCkKZWNobyAiTm9kZS5qcyB2ZXJzaW9uICROT0RFX1ZFUlNJT04gaW5zdGFsbGVkLiIKIyBNYWtlIG5vZGUvbnBtIGdsb2JhbGx5IGF2YWlsYWJsZSBmb3Igcm9vdCB0b28gaWYgbmVlZGVkIGxhdGVyIChvciB1c2UgZnVsbCBwYXRocykKbG4gLXMgJE5WTV9ESVIvdmVyc2lvbnMvbm9kZS8kTk9ERV9WRVJTSU9OL2Jpbi9ub2RlIC91c3IvYmluL25vZGUKbG4gLXMgJE5WTV9ESVIvdmVyc2lvbnMvbm9kZS8kTk9ERV9WRVJTSU9OL2Jpbi9ucG0gL3Vzci9iaW4vbnBtCgojIC0tLSBHZXQgQXBwbGljYXRpb24gQ29kZSAtLS0KQVBQX0NMT05FX0RJUj0iL29wdC9hcHBfcmVwbyIgIyBDbG9uZSByZXBvIHJvb3QgaGVyZQojIENPUlJFQ1RFRDogUG9pbnQgdG8gdGhlIHNwZWNpZmljIGFwcCBkaXJlY3Rvcnkgd2l0aGluIHRoZSBjbG9uZWQgcmVwbwpBUFBfRElSPSIvb3B0L2FwcF9yZXBvL3Byb2plY3RfMDAxIgplY2hvICJDcmVhdGluZyBhcHBsaWNhdGlvbiBjbG9uZSBkaXJlY3Rvcnk6ICRBUFBfQ0xPTkVfRElSIgpta2RpciAtcCAkQVBQX0NMT05FX0RJUgpjaG93biBlYzItdXNlcjplYzItdXNlciAkQVBQX0NMT05FX0RJUgpjZCAkQVBQX0NMT05FX0RJUgoKZWNobyAiQ2xvbmluZyBhcHBsaWNhdGlvbiBjb2RlIGZyb20gaHR0cHM6Ly9naXRodWIuY29tL3ByYXRpa3NvbnRha2tlL2Nsb3VkX3Byb2plY3RzLmdpdCIKIyBSdW4gZ2l0IGNsb25lIGFzIGVjMi11c2VyCnN1ZG8gLXUgZWMyLXVzZXIgZ2l0IGNsb25lICJodHRwczovL2dpdGh1Yi5jb20vcHJhdGlrc29udGFra2UvY2xvdWRfcHJvamVjdHMuZ2l0IiAuCmlmIFsgJD8gLW5lIDAgXTsgdGhlbgogIGVjaG8gIkZBVEFMOiBGYWlsZWQgdG8gY2xvbmUgYXBwbGljYXRpb24gcmVwb3NpdG9yeS4gRXhpdGluZy4iCiAgZXhpdCAxCmZpCiMgQ2hlY2sgaWYgdGhlIGFwcCBkaXJlY3RvcnkgZXhpc3RzIGFmdGVyIGNsb25lCmlmIFsgISAtZCAiJEFQUF9ESVIiIF07IHRoZW4KICBlY2hvICJGQVRBTDogQXBwbGljYXRpb24gZGlyZWN0b3J5ICRBUFBfRElSIG5vdCBmb3VuZCBhZnRlciBjbG9uaW5nLiBDaGVjayByZXBvc2l0b3J5IHN0cnVjdHVyZSBhbmQgcGF0aC4iCiAgZXhpdCAxCmZpCmVjaG8gIkFwcGxpY2F0aW9uIGNvZGUgY2xvbmVkLiIKCiMgLS0tIEdldCBEYXRhYmFzZSBDcmVkZW50aWFscyAtLS0KZWNobyAiRmV0Y2hpbmcgZGF0YWJhc2UgY3JlZGVudGlhbHMgZnJvbSBTZWNyZXRzIE1hbmFnZXI6IGFybjphd3M6c2VjcmV0c21hbmFnZXI6YXAtc291dGgtMToyMjU5ODkzNTk1NDk6c2VjcmV0OnByb2plY3QwMS1kZXYtZGItY3JlZGVudGlhbHMtVHkwaFI2IgpTRUNSRVRfQVJOPSJhcm46YXdzOnNlY3JldHNtYW5hZ2VyOmFwLXNvdXRoLTE6MjI1OTg5MzU5NTQ5OnNlY3JldDpwcm9qZWN0MDEtZGV2LWRiLWNyZWRlbnRpYWxzLVR5MGhSNiIKClNFQ1JFVF9KU09OPSQoYXdzIHNlY3JldHNtYW5hZ2VyIGdldC1zZWNyZXQtdmFsdWUgLS1zZWNyZXQtaWQgIiRTRUNSRVRfQVJOIiAtLXJlZ2lvbiAiYXAtc291dGgtMSIgLS1xdWVyeSBTZWNyZXRTdHJpbmcgLS1vdXRwdXQgdGV4dCkKaWYgWyAkPyAtbmUgMCBdOyB0aGVuCiAgZWNobyAiRkFUQUw6IEZhaWxlZCB0byBmZXRjaCBkYXRhYmFzZSBzZWNyZXQgZnJvbSBTZWNyZXRzIE1hbmFnZXIuIENoZWNrIElBTSBwZXJtaXNzaW9ucyBhbmQgc2VjcmV0IEFSTi4gRXhpdGluZy4iCiAgZXhpdCAxCmZpCgojIFBhcnNlIHRoZSBKU09OIHNlY3JldCB1c2luZyBqcQpEQl9VU0VSPSQoZWNobyAiJFNFQ1JFVF9KU09OIiB8IGpxIC1yIC51c2VybmFtZSkKREJfUEFTUz0kKGVjaG8gIiRTRUNSRVRfSlNPTiIgfCBqcSAtciAucGFzc3dvcmQpCmVjaG8gIlN1Y2Nlc3NmdWxseSBwYXJzZWQgZGF0YWJhc2UgY3JlZGVudGlhbHMuIgoKIyAtLS0gQ29uZmlndXJlIEFwcGxpY2F0aW9uIEVudmlyb25tZW50IC0tLQplY2hvICJDcmVhdGluZyAuZW52IGZpbGUgaW4gJEFQUF9ESVIiCiMgVXNlIHRoZSB2YWx1ZXMgcGFzc2VkIGRpcmVjdGx5IGZyb20gVGVycmFmb3JtIHRlbXBsYXRlZmlsZQpjYXQgPDxFT0YgPiAkQVBQX0RJUi8uZW52CiMgRGF0YWJhc2UgQ29uZmlndXJhdGlvbgpEQl9IT1NUPXByb2plY3QwMS1kZXYtZGIuYzF5MGMyd2MyZ2d3LmFwLXNvdXRoLTEucmRzLmFtYXpvbmF3cy5jb20KREJfUE9SVD01NDMyCkRCX1VTRVI9JHtEQl9VU0VSfQpEQl9QQVNTV09SRD0ke0RCX1BBU1N9ICMgTm90ZTogVXNlIERCX1BBU1MsIG5vdCBQQVNTV09SRCwgdG8gbWF0Y2ggdGhlIG1vZGlmaWVkIGRiLmNvbmZpZy5qcyBleGFtcGxlCkRCX05BTUU9cHJvamVjdDAxZGIKREJfU1NMX1JFUVVJUkU9dHJ1ZSAjIEV4cGxpY2l0bHkgc2V0IGJhc2VkIG9uIFJEUyBkZWZhdWx0cwoKIyBBcHBsaWNhdGlvbiBQb3J0ClBPUlQ9ODA4MAoKIyBOb2RlIEVudmlyb25tZW50IChPcHRpb25hbCBidXQgcmVjb21tZW5kZWQpCk5PREVfRU5WPXByb2R1Y3Rpb24KRU9GCgpjaG93biBlYzItdXNlcjplYzItdXNlciAkQVBQX0RJUi8uZW52ICMgU2V0IG93bmVyc2hpcCBmb3IgdGhlIC5lbnYgZmlsZQplY2hvICIuZW52IGZpbGUgY3JlYXRlZC4iCgojIC0tLSBJbnN0YWxsIEFwcGxpY2F0aW9uIERlcGVuZGVuY2llcyAtLS0KZWNobyAiSW5zdGFsbGluZyBhcHBsaWNhdGlvbiBkZXBlbmRlbmNpZXMgaW4gJEFQUF9ESVIuLi4iCmNkICRBUFBfRElSICMgTmF2aWdhdGUgdG8gdGhlIGFwcCBkaXJlY3RvcnkgY29udGFpbmluZyBwYWNrYWdlLmpzb24KIyBSdW4gbnBtIGluc3RhbGwgYXMgdGhlIGVjMi11c2VyCnN1ZG8gLXUgZWMyLXVzZXIgYmFzaCAtYyAic291cmNlICROVk1fRElSL252bS5zaCAmJiBucG0gaW5zdGFsbCAtLXByb2R1Y3Rpb24iICMgVXNlIC0tcHJvZHVjdGlvbiB0byBza2lwIGRldkRlcGVuZGVuY2llcwppZiBbICQ/IC1uZSAwIF07IHRoZW4KICBlY2hvICJGQVRBTDogbnBtIGluc3RhbGwgZmFpbGVkLiBFeGl0aW5nLiIKICBleGl0IDEKZmkKZWNobyAiQXBwbGljYXRpb24gZGVwZW5kZW5jaWVzIGluc3RhbGxlZC4iCgojIC0tLSBTZXR1cCBBcHBsaWNhdGlvbiBhcyBhIFNlcnZpY2UgKHVzaW5nIHN5c3RlbWQpIC0tLQplY2hvICJTZXR0aW5nIHVwIHN5c3RlbWQgc2VydmljZSBmb3IgdGhlIHdlYiBhcHBsaWNhdGlvbi4uLiIKI05PREVfRVhFQ19QQVRIPSIkTlZNX0RJUi92ZXJzaW9ucy9ub2RlLyROT0RFX1ZFUlNJT04vYmluL25vZGUiICMgR2V0IGNvcnJlY3QgTm9kZSBwYXRoCgpjYXQgPDxFT0YgPiAvZXRjL3N5c3RlbWQvc3lzdGVtL3dlYmFwcC5zZXJ2aWNlCltVbml0XQpEZXNjcmlwdGlvbj1Ob2RlSlMgV2ViIEFwcGxpY2F0aW9uIChwcm9qZWN0MDEgLSBkZXYpClJlcXVpcmVzPW5ldHdvcmstb25saW5lLnRhcmdldApBZnRlcj1uZXR3b3JrLW9ubGluZS50YXJnZXQgYW1hem9uLWNsb3Vkd2F0Y2gtYWdlbnQuc2VydmljZSAjIFN0YXJ0IGFmdGVyIENXIEFnZW50CgpbU2VydmljZV0KVXNlcj1lYzItdXNlciAjIFJ1biBhcyB0aGlzIHVzZXIKR3JvdXA9ZWMyLXVzZXIgIyBSdW4gYXMgdGhpcyBncm91cApXb3JraW5nRGlyZWN0b3J5PSR7QVBQX0RJUn0gIyBTZXQgd29ya2luZyBkaXJlY3RvcnkgdG8gdGhlIGFwcCBmb2xkZXIKRW52aXJvbm1lbnRGaWxlPSR7QVBQX0RJUn0vLmVudiAjIExvYWQgZW52aXJvbm1lbnQgdmFyaWFibGVzIGZyb20gLmVudiBmaWxlCkV4ZWNTdGFydD0vdXNyL2Jpbi9ub2RlIHNlcnZlci5qcyAjIEV4ZWN1dGUgdGhlIG1haW4gc2VydmVyIGZpbGUKUmVzdGFydD1vbi1mYWlsdXJlClN0YW5kYXJkT3V0cHV0PWpvdXJuYWwgIyBMb2cgc3Rkb3V0IHRvIGpvdXJuYWxkClN0YW5kYXJkRXJyb3I9am91cm5hbCAgIyBMb2cgc3RkZXJyIHRvIGpvdXJuYWxkClN5c2xvZ0lkZW50aWZpZXI9d2ViYXBwLWRldiAjIFRhZyBsb2dzIHdpdGggZW52aXJvbm1lbnQKCltJbnN0YWxsXQpXYW50ZWRCeT1tdWx0aS11c2VyLnRhcmdldApFT0YKCiMgUmVsb2FkIHN5c3RlbWQsIGVuYWJsZSBhbmQgc3RhcnQgdGhlIHNlcnZpY2UKZWNobyAiUmVsb2FkaW5nIHN5c3RlbWQsIGVuYWJsaW5nIGFuZCBzdGFydGluZyB3ZWJhcHAgc2VydmljZS4uLiIKc3lzdGVtY3RsIGRhZW1vbi1yZWxvYWQKc3lzdGVtY3RsIGVuYWJsZSB3ZWJhcHAuc2VydmljZQpzeXN0ZW1jdGwgc3RhcnQgd2ViYXBwLnNlcnZpY2UKaWYgWyAkPyAtbmUgMCBdOyB0aGVuCiAgZWNobyAiRVJST1I6IEZhaWxlZCB0byBzdGFydCB3ZWJhcHAgc2VydmljZS4gQ2hlY2sgc3RhdHVzIHdpdGggJ3N5c3RlbWN0bCBzdGF0dXMgd2ViYXBwLnNlcnZpY2UnIGFuZCBsb2dzIHdpdGggJ2pvdXJuYWxjdGwgLXUgd2ViYXBwLnNlcnZpY2UnLiIKICAjIENvbnNpZGVyIGV4aXRpbmcgaWYgdGhlIGFwcCBmYWlsaW5nIHRvIHN0YXJ0IGlzIGNyaXRpY2FsCmVsc2UKICBlY2hvICJ3ZWJhcHAgc2VydmljZSBzdGFydGVkIHN1Y2Nlc3NmdWxseS4iCmZpCgojIC0tLSBFbmQgb2YgVXNlciBEYXRhIC0tLQplY2hvICJVc2VyIERhdGEgU2NyaXB0IEV4ZWN1dGlvbiBDb21wbGV0ZWQuIg==",
            "vpc_security_group_ids": []
          },
          "sensitive_attributes": [],
          "private": "bnVsbA==",
          "dependencies": [
            "aws_db_instance.main",
            "aws_db_subnet_group.default",
            "aws_iam_instance_profile.ec2_profile",
            "aws_iam_role.ec2_role",
            "aws_secretsmanager_secret.db_credentials",
            "aws_security_group.alb",
            "aws_security_group.bastion",
            "aws_security_group.ec2",
            "aws_security_group.rds",
            "aws_ssm_parameter.cloudwatch_agent_config",
            "aws_subnet.private",
            "aws_vpc.main",
            "data.aws_ami.latest_ami",
            "data.aws_availability_zones.available",
            "random_password.db_password"
          ],
          "create_before_destroy": true
        }
      ]
    },
    {
      "mode": "managed",
      "type": "aws_lb",
      "name": "main",
      "provider": "provider[\"registry.terraform.io/hashicorp/aws\"]",
      "instances": [
        {
          "schema_version": 0,
          "attributes": {
            "access_logs": [
              {
                "bucket": "",
                "enabled": false,
                "prefix": ""
              }
            ],
            "arn": "arn:aws:elasticloadbalancing:ap-south-1:225989359549:loadbalancer/app/project01-ALB/8728bd073f9e06b9",
            "arn_suffix": "app/project01-ALB/8728bd073f9e06b9",
            "client_keep_alive": 3600,
            "connection_logs": [
              {
                "bucket": "",
                "enabled": false,
                "prefix": ""
              }
            ],
            "customer_owned_ipv4_pool": "",
            "desync_mitigation_mode": "defensive",
            "dns_name": "project01-ALB-1034707422.ap-south-1.elb.amazonaws.com",
            "dns_record_client_routing_policy": null,
            "drop_invalid_header_fields": false,
            "enable_cross_zone_load_balancing": true,
            "enable_deletion_protection": false,
            "enable_http2": true,
            "enable_tls_version_and_cipher_suite_headers": false,
            "enable_waf_fail_open": false,
            "enable_xff_client_port": false,
            "enable_zonal_shift": false,
            "enforce_security_group_inbound_rules_on_private_link_traffic": "",
            "id": "arn:aws:elasticloadbalancing:ap-south-1:225989359549:loadbalancer/app/project01-ALB/8728bd073f9e06b9",
            "idle_timeout": 60,
            "internal": false,
            "ip_address_type": "ipv4",
            "ipam_pools": [],
            "load_balancer_type": "application",
            "name": "project01-ALB",
            "name_prefix": "",
            "preserve_host_header": false,
            "security_groups": [
              "sg-004ac64e7e7f39f66"
            ],
            "subnet_mapping": [
              {
                "allocation_id": "",
                "ipv6_address": "",
                "outpost_id": "",
                "private_ipv4_address": "",
                "subnet_id": "subnet-05132fd967a6c2b60"
              },
              {
                "allocation_id": "",
                "ipv6_address": "",
                "outpost_id": "",
                "private_ipv4_address": "",
                "subnet_id": "subnet-055f108c16aec4a1b"
              },
              {
                "allocation_id": "",
                "ipv6_address": "",
                "outpost_id": "",
                "private_ipv4_address": "",
                "subnet_id": "subnet-082aec15f3f69b07f"
              }
            ],
            "subnets": [
              "subnet-05132fd967a6c2b60",
              "subnet-055f108c16aec4a1b",
              "subnet-082aec15f3f69b07f"
            ],
            "tags": {
              "Environment": "dev",
              "Name": "project01-ALB",
              "Terraform": "true"
            },
            "tags_all": {
              "Environment": "dev",
              "Name": "project01-ALB",
              "Terraform": "true"
            },
            "timeouts": null,
            "vpc_id": "vpc-0d130e9297a521230",
            "xff_header_processing_mode": "append",
            "zone_id": "ZP97RAFLXTNZK"
          },
          "sensitive_attributes": [],
          "private": "eyJlMmJmYjczMC1lY2FhLTExZTYtOGY4OC0zNDM2M2JjN2M0YzAiOnsiY3JlYXRlIjo2MDAwMDAwMDAwMDAsImRlbGV0ZSI6NjAwMDAwMDAwMDAwLCJ1cGRhdGUiOjYwMDAwMDAwMDAwMH19",
          "dependencies": [
            "aws_security_group.alb",
            "aws_subnet.public",
            "aws_vpc.main",
            "data.aws_availability_zones.available"
          ]
        }
      ]
    },
    {
      "mode": "managed",
      "type": "aws_lb_listener",
      "name": "http",
      "provider": "provider[\"registry.terraform.io/hashicorp/aws\"]",
      "instances": [
        {
          "schema_version": 0,
          "attributes": {
            "alpn_policy": null,
            "arn": "arn:aws:elasticloadbalancing:ap-south-1:225989359549:listener/app/project01-ALB/8728bd073f9e06b9/1c55467ef8810514",
            "certificate_arn": null,
            "default_action": [
              {
                "authenticate_cognito": [],
                "authenticate_oidc": [],
                "fixed_response": [],
                "forward": [],
                "order": 1,
                "redirect": [],
                "target_group_arn": "arn:aws:elasticloadbalancing:ap-south-1:225989359549:targetgroup/project01-TG/17a28819db3d278e",
                "type": "forward"
              }
            ],
            "id": "arn:aws:elasticloadbalancing:ap-south-1:225989359549:listener/app/project01-ALB/8728bd073f9e06b9/1c55467ef8810514",
            "load_balancer_arn": "arn:aws:elasticloadbalancing:ap-south-1:225989359549:loadbalancer/app/project01-ALB/8728bd073f9e06b9",
            "mutual_authentication": [],
            "port": 80,
            "protocol": "HTTP",
            "routing_http_request_x_amzn_mtls_clientcert_header_name": null,
            "routing_http_request_x_amzn_mtls_clientcert_issuer_header_name": null,
            "routing_http_request_x_amzn_mtls_clientcert_leaf_header_name": null,
            "routing_http_request_x_amzn_mtls_clientcert_serial_number_header_name": null,
            "routing_http_request_x_amzn_mtls_clientcert_subject_header_name": null,
            "routing_http_request_x_amzn_mtls_clientcert_validity_header_name": null,
            "routing_http_request_x_amzn_tls_cipher_suite_header_name": null,
            "routing_http_request_x_amzn_tls_version_header_name": null,
            "routing_http_response_access_control_allow_credentials_header_value": "",
            "routing_http_response_access_control_allow_headers_header_value": "",
            "routing_http_response_access_control_allow_methods_header_value": "",
            "routing_http_response_access_control_allow_origin_header_value": "",
            "routing_http_response_access_control_expose_headers_header_value": "",
            "routing_http_response_access_control_max_age_header_value": "",
            "routing_http_response_content_security_policy_header_value": "",
            "routing_http_response_server_enabled": false,
            "routing_http_response_strict_transport_security_header_value": "",
            "routing_http_response_x_content_type_options_header_value": "",
            "routing_http_response_x_frame_options_header_value": "",
            "ssl_policy": "",
            "tags": {},
            "tags_all": {},
            "tcp_idle_timeout_seconds": null,
            "timeouts": null
          },
          "sensitive_attributes": [],
          "private": "eyJlMmJmYjczMC1lY2FhLTExZTYtOGY4OC0zNDM2M2JjN2M0YzAiOnsiY3JlYXRlIjozMDAwMDAwMDAwMDAsInVwZGF0ZSI6MzAwMDAwMDAwMDAwfX0=",
          "dependencies": [
            "aws_lb.main",
            "aws_lb_target_group.app",
            "aws_security_group.alb",
            "aws_subnet.public",
            "aws_vpc.main",
            "data.aws_availability_zones.available"
          ]
        }
      ]
    },
    {
      "mode": "managed",
      "type": "aws_lb_target_group",
      "name": "app",
      "provider": "provider[\"registry.terraform.io/hashicorp/aws\"]",
      "instances": [
        {
          "schema_version": 0,
          "attributes": {
            "arn": "arn:aws:elasticloadbalancing:ap-south-1:225989359549:targetgroup/project01-TG/17a28819db3d278e",
            "arn_suffix": "targetgroup/project01-TG/17a28819db3d278e",
            "connection_termination": null,
            "deregistration_delay": "300",
            "health_check": [
              {
                "enabled": true,
                "healthy_threshold": 3,
                "interval": 30,
                "matcher": "200",
                "path": "/health",
                "port": "traffic-port",
                "protocol": "HTTP",
                "timeout": 5,
                "unhealthy_threshold": 3
              }
            ],
            "id": "arn:aws:elasticloadbalancing:ap-south-1:225989359549:targetgroup/project01-TG/17a28819db3d278e",
            "ip_address_type": "ipv4",
            "lambda_multi_value_headers_enabled": false,
            "load_balancer_arns": [
              "arn:aws:elasticloadbalancing:ap-south-1:225989359549:loadbalancer/app/project01-ALB/8728bd073f9e06b9"
            ],
            "load_balancing_algorithm_type": "round_robin",
            "load_balancing_anomaly_mitigation": "off",
            "load_balancing_cross_zone_enabled": "use_load_balancer_configuration",
            "name": "project01-TG",
            "name_prefix": "",
            "port": 3000,
            "preserve_client_ip": null,
            "protocol": "HTTP",
            "protocol_version": "HTTP1",
            "proxy_protocol_v2": false,
            "slow_start": 0,
            "stickiness": [
              {
                "cookie_duration": 86400,
                "cookie_name": "",
                "enabled": false,
                "type": "lb_cookie"
              }
            ],
            "tags": {
              "Environment": "dev",
              "Name": "project01-TG",
              "Terraform": "true"
            },
            "tags_all": {
              "Environment": "dev",
              "Name": "project01-TG",
              "Terraform": "true"
            },
            "target_failover": [
              {
                "on_deregistration": null,
                "on_unhealthy": null
              }
            ],
            "target_group_health": [
              {
                "dns_failover": [
                  {
                    "minimum_healthy_targets_count": "1",
                    "minimum_healthy_targets_percentage": "off"
                  }
                ],
                "unhealthy_state_routing": [
                  {
                    "minimum_healthy_targets_count": 1,
                    "minimum_healthy_targets_percentage": "off"
                  }
                ]
              }
            ],
            "target_health_state": [
              {
                "enable_unhealthy_connection_termination": null,
                "unhealthy_draining_interval": null
              }
            ],
            "target_type": "instance",
            "vpc_id": "vpc-0d130e9297a521230"
          },
          "sensitive_attributes": [],
          "private": "bnVsbA==",
          "dependencies": [
            "aws_vpc.main"
          ],
          "create_before_destroy": true
        }
      ]
    },
    {
      "mode": "managed",
      "type": "aws_nat_gateway",
      "name": "gw",
      "provider": "provider[\"registry.terraform.io/hashicorp/aws\"]",
      "instances": [
        {
          "schema_version": 0,
          "attributes": {
            "allocation_id": "eipalloc-0b868911987d95f2d",
            "association_id": "eipassoc-06614def9e8d66ca7",
            "connectivity_type": "public",
            "id": "nat-02c5d3715bc51caae",
            "network_interface_id": "eni-01181b3248222fdb8",
            "private_ip": "10.0.1.22",
            "public_ip": "3.108.140.80",
            "secondary_allocation_ids": [],
            "secondary_private_ip_address_count": 0,
            "secondary_private_ip_addresses": [],
            "subnet_id": "subnet-05132fd967a6c2b60",
            "tags": {
              "Environment": "dev",
              "Name": "project01-NAT-GW-ap-south-1a",
              "Terraform": "true"
            },
            "tags_all": {
              "Environment": "dev",
              "Name": "project01-NAT-GW-ap-south-1a",
              "Terraform": "true"
            },
            "timeouts": null
          },
          "sensitive_attributes": [],
          "private": "eyJlMmJmYjczMC1lY2FhLTExZTYtOGY4OC0zNDM2M2JjN2M0YzAiOnsiY3JlYXRlIjo2MDAwMDAwMDAwMDAsImRlbGV0ZSI6MTgwMDAwMDAwMDAwMCwidXBkYXRlIjo2MDAwMDAwMDAwMDB9fQ==",
          "dependencies": [
            "aws_eip.nat",
            "aws_internet_gateway.gw",
            "aws_subnet.public",
            "aws_vpc.main",
            "data.aws_availability_zones.available"
          ]
        }
      ]
    },
    {
      "mode": "managed",
      "type": "aws_route_table",
      "name": "private",
      "provider": "provider[\"registry.terraform.io/hashicorp/aws\"]",
      "instances": [
        {
          "schema_version": 0,
          "attributes": {
            "arn": "arn:aws:ec2:ap-south-1:225989359549:route-table/rtb-004077f15cc57857c",
            "id": "rtb-004077f15cc57857c",
            "owner_id": "225989359549",
            "propagating_vgws": [],
            "route": [
              {
                "carrier_gateway_id": "",
                "cidr_block": "0.0.0.0/0",
                "core_network_arn": "",
                "destination_prefix_list_id": "",
                "egress_only_gateway_id": "",
                "gateway_id": "",
                "ipv6_cidr_block": "",
                "local_gateway_id": "",
                "nat_gateway_id": "nat-02c5d3715bc51caae",
                "network_interface_id": "",
                "transit_gateway_id": "",
                "vpc_endpoint_id": "",
                "vpc_peering_connection_id": ""
              }
            ],
            "tags": {
              "Environment": "dev",
              "Name": "project01-PrivateRouteTable",
              "Terraform": "true",
              "Tier": "Private"
            },
            "tags_all": {
              "Environment": "dev",
              "Name": "project01-PrivateRouteTable",
              "Terraform": "true",
              "Tier": "Private"
            },
            "timeouts": null,
            "vpc_id": "vpc-0d130e9297a521230"
          },
          "sensitive_attributes": [],
          "private": "eyJlMmJmYjczMC1lY2FhLTExZTYtOGY4OC0zNDM2M2JjN2M0YzAiOnsiY3JlYXRlIjozMDAwMDAwMDAwMDAsImRlbGV0ZSI6MzAwMDAwMDAwMDAwLCJ1cGRhdGUiOjEyMDAwMDAwMDAwMH19",
          "dependencies": [
            "aws_eip.nat",
            "aws_internet_gateway.gw",
            "aws_nat_gateway.gw",
            "aws_subnet.public",
            "aws_vpc.main",
            "data.aws_availability_zones.available"
          ]
        }
      ]
    },
    {
      "mode": "managed",
      "type": "aws_route_table",
      "name": "public",
      "provider": "provider[\"registry.terraform.io/hashicorp/aws\"]",
      "instances": [
        {
          "schema_version": 0,
          "attributes": {
            "arn": "arn:aws:ec2:ap-south-1:225989359549:route-table/rtb-05cf52ede1ddcb330",
            "id": "rtb-05cf52ede1ddcb330",
            "owner_id": "225989359549",
            "propagating_vgws": [],
            "route": [
              {
                "carrier_gateway_id": "",
                "cidr_block": "0.0.0.0/0",
                "core_network_arn": "",
                "destination_prefix_list_id": "",
                "egress_only_gateway_id": "",
                "gateway_id": "igw-0426d7be1b40d8c36",
                "ipv6_cidr_block": "",
                "local_gateway_id": "",
                "nat_gateway_id": "",
                "network_interface_id": "",
                "transit_gateway_id": "",
                "vpc_endpoint_id": "",
                "vpc_peering_connection_id": ""
              }
            ],
            "tags": {
              "Environment": "dev",
              "Name": "project01-PublicRouteTable",
              "Terraform": "true",
              "Tier": "Public"
            },
            "tags_all": {
              "Environment": "dev",
              "Name": "project01-PublicRouteTable",
              "Terraform": "true",
              "Tier": "Public"
            },
            "timeouts": null,
            "vpc_id": "vpc-0d130e9297a521230"
          },
          "sensitive_attributes": [],
          "private": "eyJlMmJmYjczMC1lY2FhLTExZTYtOGY4OC0zNDM2M2JjN2M0YzAiOnsiY3JlYXRlIjozMDAwMDAwMDAwMDAsImRlbGV0ZSI6MzAwMDAwMDAwMDAwLCJ1cGRhdGUiOjEyMDAwMDAwMDAwMH19",
          "dependencies": [
            "aws_internet_gateway.gw",
            "aws_vpc.main"
          ]
        }
      ]
    },
    {
      "mode": "managed",
      "type": "aws_route_table_association",
      "name": "private",
      "provider": "provider[\"registry.terraform.io/hashicorp/aws\"]",
      "instances": [
        {
          "index_key": 0,
          "schema_version": 0,
          "attributes": {
            "gateway_id": "",
            "id": "rtbassoc-0067925f4f3db206b",
            "route_table_id": "rtb-004077f15cc57857c",
            "subnet_id": "subnet-08ec3a5152fb3e99d",
            "timeouts": null
          },
          "sensitive_attributes": [],
          "private": "eyJlMmJmYjczMC1lY2FhLTExZTYtOGY4OC0zNDM2M2JjN2M0YzAiOnsiY3JlYXRlIjozMDAwMDAwMDAwMDAsImRlbGV0ZSI6MzAwMDAwMDAwMDAwLCJ1cGRhdGUiOjEyMDAwMDAwMDAwMH19",
          "dependencies": [
            "aws_eip.nat",
            "aws_internet_gateway.gw",
            "aws_nat_gateway.gw",
            "aws_route_table.private",
            "aws_subnet.private",
            "aws_subnet.public",
            "aws_vpc.main",
            "data.aws_availability_zones.available"
          ]
        },
        {
          "index_key": 1,
          "schema_version": 0,
          "attributes": {
            "gateway_id": "",
            "id": "rtbassoc-0cc01e1c1de7e0da5",
            "route_table_id": "rtb-004077f15cc57857c",
            "subnet_id": "subnet-0938c477a0e70c25b",
            "timeouts": null
          },
          "sensitive_attributes": [],
          "private": "eyJlMmJmYjczMC1lY2FhLTExZTYtOGY4OC0zNDM2M2JjN2M0YzAiOnsiY3JlYXRlIjozMDAwMDAwMDAwMDAsImRlbGV0ZSI6MzAwMDAwMDAwMDAwLCJ1cGRhdGUiOjEyMDAwMDAwMDAwMH19",
          "dependencies": [
            "aws_eip.nat",
            "aws_internet_gateway.gw",
            "aws_nat_gateway.gw",
            "aws_route_table.private",
            "aws_subnet.private",
            "aws_subnet.public",
            "aws_vpc.main",
            "data.aws_availability_zones.available"
          ]
        },
        {
          "index_key": 2,
          "schema_version": 0,
          "attributes": {
            "gateway_id": "",
            "id": "rtbassoc-0f4a75abc27df7b1e",
            "route_table_id": "rtb-004077f15cc57857c",
            "subnet_id": "subnet-0c35345bc1a16f783",
            "timeouts": null
          },
          "sensitive_attributes": [],
          "private": "eyJlMmJmYjczMC1lY2FhLTExZTYtOGY4OC0zNDM2M2JjN2M0YzAiOnsiY3JlYXRlIjozMDAwMDAwMDAwMDAsImRlbGV0ZSI6MzAwMDAwMDAwMDAwLCJ1cGRhdGUiOjEyMDAwMDAwMDAwMH19",
          "dependencies": [
            "aws_eip.nat",
            "aws_internet_gateway.gw",
            "aws_nat_gateway.gw",
            "aws_route_table.private",
            "aws_subnet.private",
            "aws_subnet.public",
            "aws_vpc.main",
            "data.aws_availability_zones.available"
          ]
        }
      ]
    },
    {
      "mode": "managed",
      "type": "aws_route_table_association",
      "name": "public",
      "provider": "provider[\"registry.terraform.io/hashicorp/aws\"]",
      "instances": [
        {
          "index_key": 0,
          "schema_version": 0,
          "attributes": {
            "gateway_id": "",
            "id": "rtbassoc-08b411d320bc10155",
            "route_table_id": "rtb-05cf52ede1ddcb330",
            "subnet_id": "subnet-05132fd967a6c2b60",
            "timeouts": null
          },
          "sensitive_attributes": [],
          "private": "eyJlMmJmYjczMC1lY2FhLTExZTYtOGY4OC0zNDM2M2JjN2M0YzAiOnsiY3JlYXRlIjozMDAwMDAwMDAwMDAsImRlbGV0ZSI6MzAwMDAwMDAwMDAwLCJ1cGRhdGUiOjEyMDAwMDAwMDAwMH19",
          "dependencies": [
            "aws_internet_gateway.gw",
            "aws_route_table.public",
            "aws_subnet.public",
            "aws_vpc.main",
            "data.aws_availability_zones.available"
          ]
        },
        {
          "index_key": 1,
          "schema_version": 0,
          "attributes": {
            "gateway_id": "",
            "id": "rtbassoc-02a0bdfe4afef6505",
            "route_table_id": "rtb-05cf52ede1ddcb330",
            "subnet_id": "subnet-055f108c16aec4a1b",
            "timeouts": null
          },
          "sensitive_attributes": [],
          "private": "eyJlMmJmYjczMC1lY2FhLTExZTYtOGY4OC0zNDM2M2JjN2M0YzAiOnsiY3JlYXRlIjozMDAwMDAwMDAwMDAsImRlbGV0ZSI6MzAwMDAwMDAwMDAwLCJ1cGRhdGUiOjEyMDAwMDAwMDAwMH19",
          "dependencies": [
            "aws_internet_gateway.gw",
            "aws_route_table.public",
            "aws_subnet.public",
            "aws_vpc.main",
            "data.aws_availability_zones.available"
          ]
        },
        {
          "index_key": 2,
          "schema_version": 0,
          "attributes": {
            "gateway_id": "",
            "id": "rtbassoc-045210b7f775ba080",
            "route_table_id": "rtb-05cf52ede1ddcb330",
            "subnet_id": "subnet-082aec15f3f69b07f",
            "timeouts": null
          },
          "sensitive_attributes": [],
          "private": "eyJlMmJmYjczMC1lY2FhLTExZTYtOGY4OC0zNDM2M2JjN2M0YzAiOnsiY3JlYXRlIjozMDAwMDAwMDAwMDAsImRlbGV0ZSI6MzAwMDAwMDAwMDAwLCJ1cGRhdGUiOjEyMDAwMDAwMDAwMH19",
          "dependencies": [
            "aws_internet_gateway.gw",
            "aws_route_table.public",
            "aws_subnet.public",
            "aws_vpc.main",
            "data.aws_availability_zones.available"
          ]
        }
      ]
    },
    {
      "mode": "managed",
      "type": "aws_secretsmanager_secret",
      "name": "db_credentials",
      "provider": "provider[\"registry.terraform.io/hashicorp/aws\"]",
      "instances": [
        {
          "schema_version": 0,
          "attributes": {
            "arn": "arn:aws:secretsmanager:ap-south-1:225989359549:secret:project01-dev-db-credentials-Ty0hR6",
            "description": "Credentials for the project01 RDS database",
            "force_overwrite_replica_secret": false,
            "id": "arn:aws:secretsmanager:ap-south-1:225989359549:secret:project01-dev-db-credentials-Ty0hR6",
            "kms_key_id": "",
            "name": "project01-dev-db-credentials",
            "name_prefix": "",
            "policy": "",
            "recovery_window_in_days": 30,
            "replica": [],
            "tags": {
              "Environment": "dev",
              "Name": "project01-DB-Secret",
              "Terraform": "true"
            },
            "tags_all": {
              "Environment": "dev",
              "Name": "project01-DB-Secret",
              "Terraform": "true"
            }
          },
          "sensitive_attributes": [],
          "private": "bnVsbA==",
          "create_before_destroy": true
        }
      ]
    },
    {
      "mode": "managed",
      "type": "aws_secretsmanager_secret_version",
      "name": "db_credentials",
      "provider": "provider[\"registry.terraform.io/hashicorp/aws\"]",
      "instances": [
        {
          "schema_version": 0,
          "attributes": {
            "arn": "arn:aws:secretsmanager:ap-south-1:225989359549:secret:project01-dev-db-credentials-Ty0hR6",
            "has_secret_string_wo": null,
            "id": "arn:aws:secretsmanager:ap-south-1:225989359549:secret:project01-dev-db-credentials-Ty0hR6|terraform-20250414023325670800000002",
            "secret_binary": "",
            "secret_id": "arn:aws:secretsmanager:ap-south-1:225989359549:secret:project01-dev-db-credentials-Ty0hR6",
            "secret_string": "{\"engine\":\"postgres\",\"password\":\"ksNVWmRLsXILa5Pj\",\"username\":\"dbadmin\"}",
            "secret_string_wo": null,
            "secret_string_wo_version": null,
            "version_id": "terraform-20250414023325670800000002",
            "version_stages": [
              "AWSCURRENT"
            ]
          },
          "sensitive_attributes": [
            [
              {
                "type": "get_attr",
                "value": "secret_string"
              }
            ],
            [
              {
                "type": "get_attr",
                "value": "secret_string_wo"
              }
            ],
            [
              {
                "type": "get_attr",
                "value": "secret_binary"
              }
            ]
          ],
          "private": "bnVsbA==",
          "dependencies": [
            "aws_secretsmanager_secret.db_credentials",
            "random_password.db_password"
          ]
        }
      ]
    },
    {
      "mode": "managed",
      "type": "aws_security_group",
      "name": "alb",
      "provider": "provider[\"registry.terraform.io/hashicorp/aws\"]",
      "instances": [
        {
          "schema_version": 1,
          "attributes": {
            "arn": "arn:aws:ec2:ap-south-1:225989359549:security-group/sg-004ac64e7e7f39f66",
            "description": "Allow HTTP/HTTPS inbound traffic to ALB and all outbound",
            "egress": [
              {
                "cidr_blocks": [
                  "0.0.0.0/0"
                ],
                "description": "",
                "from_port": 0,
                "ipv6_cidr_blocks": [
                  "::/0"
                ],
                "prefix_list_ids": [],
                "protocol": "-1",
                "security_groups": [],
                "self": false,
                "to_port": 0
              }
            ],
            "id": "sg-004ac64e7e7f39f66",
            "ingress": [
              {
                "cidr_blocks": [
                  "0.0.0.0/0"
                ],
                "description": "Allow HTTP traffic (for redirect)",
                "from_port": 80,
                "ipv6_cidr_blocks": [
                  "::/0"
                ],
                "prefix_list_ids": [],
                "protocol": "tcp",
                "security_groups": [],
                "self": false,
                "to_port": 80
              },
              {
                "cidr_blocks": [
                  "0.0.0.0/0"
                ],
                "description": "Allow HTTPS traffic",
                "from_port": 443,
                "ipv6_cidr_blocks": [
                  "::/0"
                ],
                "prefix_list_ids": [],
                "protocol": "tcp",
                "security_groups": [],
                "self": false,
                "to_port": 443
              }
            ],
            "name": "project01-ALB-SG",
            "name_prefix": "",
            "owner_id": "225989359549",
            "revoke_rules_on_delete": false,
            "tags": {
              "Environment": "dev",
              "Name": "project01-ALB-SG",
              "Terraform": "true"
            },
            "tags_all": {
              "Environment": "dev",
              "Name": "project01-ALB-SG",
              "Terraform": "true"
            },
            "timeouts": null,
            "vpc_id": "vpc-0d130e9297a521230"
          },
          "sensitive_attributes": [],
          "private": "eyJlMmJmYjczMC1lY2FhLTExZTYtOGY4OC0zNDM2M2JjN2M0YzAiOnsiY3JlYXRlIjo2MDAwMDAwMDAwMDAsImRlbGV0ZSI6OTAwMDAwMDAwMDAwfSwic2NoZW1hX3ZlcnNpb24iOiIxIn0=",
          "dependencies": [
            "aws_vpc.main"
          ],
          "create_before_destroy": true
        }
      ]
    },
    {
      "mode": "managed",
      "type": "aws_security_group",
      "name": "bastion",
      "provider": "provider[\"registry.terraform.io/hashicorp/aws\"]",
      "instances": [
        {
          "schema_version": 1,
          "attributes": {
            "arn": "arn:aws:ec2:ap-south-1:225989359549:security-group/sg-0525ad1a1f9dfcb7a",
            "description": "Allow SSH inbound from My IP and all outbound",
            "egress": [
              {
                "cidr_blocks": [
                  "0.0.0.0/0"
                ],
                "description": "",
                "from_port": 0,
                "ipv6_cidr_blocks": [
                  "::/0"
                ],
                "prefix_list_ids": [],
                "protocol": "-1",
                "security_groups": [],
                "self": false,
                "to_port": 0
              }
            ],
            "id": "sg-0525ad1a1f9dfcb7a",
            "ingress": [
              {
                "cidr_blocks": [
                  "0.0.0.0/0"
                ],
                "description": "Allow SSH from My IP",
                "from_port": 22,
                "ipv6_cidr_blocks": [],
                "prefix_list_ids": [],
                "protocol": "tcp",
                "security_groups": [],
                "self": false,
                "to_port": 22
              }
            ],
            "name": "project01-Bastion-SG",
            "name_prefix": "",
            "owner_id": "225989359549",
            "revoke_rules_on_delete": false,
            "tags": {
              "Environment": "dev",
              "Name": "project01-Bastion-SG",
              "Terraform": "true"
            },
            "tags_all": {
              "Environment": "dev",
              "Name": "project01-Bastion-SG",
              "Terraform": "true"
            },
            "timeouts": null,
            "vpc_id": "vpc-0d130e9297a521230"
          },
          "sensitive_attributes": [],
          "private": "eyJlMmJmYjczMC1lY2FhLTExZTYtOGY4OC0zNDM2M2JjN2M0YzAiOnsiY3JlYXRlIjo2MDAwMDAwMDAwMDAsImRlbGV0ZSI6OTAwMDAwMDAwMDAwfSwic2NoZW1hX3ZlcnNpb24iOiIxIn0=",
          "dependencies": [
            "aws_vpc.main"
          ],
          "create_before_destroy": true
        }
      ]
    },
    {
      "mode": "managed",
      "type": "aws_security_group",
      "name": "ec2",
      "provider": "provider[\"registry.terraform.io/hashicorp/aws\"]",
      "instances": [
        {
          "schema_version": 1,
          "attributes": {
            "arn": "arn:aws:ec2:ap-south-1:225989359549:security-group/sg-0c9d424b4e6901773",
            "description": "Allow traffic from ALB and outbound to DB and Internet",
            "egress": [
              {
                "cidr_blocks": [
                  "0.0.0.0/0"
                ],
                "description": "Allow all other outbound traffic",
                "from_port": 0,
                "ipv6_cidr_blocks": [
                  "::/0"
                ],
                "prefix_list_ids": [],
                "protocol": "-1",
                "security_groups": [],
                "self": false,
                "to_port": 0
              },
              {
                "cidr_blocks": [],
                "description": "Allow outbound traffic to RDS DB",
                "from_port": 5432,
                "ipv6_cidr_blocks": [],
                "prefix_list_ids": [],
                "protocol": "tcp",
                "security_groups": [
                  "sg-0a19134ff62deadfb"
                ],
                "self": false,
                "to_port": 5432
              }
            ],
            "id": "sg-0c9d424b4e6901773",
            "ingress": [
              {
                "cidr_blocks": [],
                "description": "Allow SSH from Bastion SG",
                "from_port": 22,
                "ipv6_cidr_blocks": [],
                "prefix_list_ids": [],
                "protocol": "tcp",
                "security_groups": [
                  "sg-0525ad1a1f9dfcb7a"
                ],
                "self": false,
                "to_port": 22
              },
              {
                "cidr_blocks": [],
                "description": "Allow traffic from ALB",
                "from_port": 8080,
                "ipv6_cidr_blocks": [],
                "prefix_list_ids": [],
                "protocol": "tcp",
                "security_groups": [
                  "sg-004ac64e7e7f39f66"
                ],
                "self": false,
                "to_port": 8080
              }
            ],
            "name": "project01-EC2-SG",
            "name_prefix": "",
            "owner_id": "225989359549",
            "revoke_rules_on_delete": false,
            "tags": {
              "Environment": "dev",
              "Name": "project01-EC2-SG",
              "Terraform": "true"
            },
            "tags_all": {
              "Environment": "dev",
              "Name": "project01-EC2-SG",
              "Terraform": "true"
            },
            "timeouts": null,
            "vpc_id": "vpc-0d130e9297a521230"
          },
          "sensitive_attributes": [],
          "private": "eyJlMmJmYjczMC1lY2FhLTExZTYtOGY4OC0zNDM2M2JjN2M0YzAiOnsiY3JlYXRlIjo2MDAwMDAwMDAwMDAsImRlbGV0ZSI6OTAwMDAwMDAwMDAwfSwic2NoZW1hX3ZlcnNpb24iOiIxIn0=",
          "dependencies": [
            "aws_security_group.alb",
            "aws_security_group.bastion",
            "aws_security_group.rds",
            "aws_vpc.main"
          ],
          "create_before_destroy": true
        }
      ]
    },
    {
      "mode": "managed",
      "type": "aws_security_group",
      "name": "rds",
      "provider": "provider[\"registry.terraform.io/hashicorp/aws\"]",
      "instances": [
        {
          "schema_version": 1,
          "attributes": {
            "arn": "arn:aws:ec2:ap-south-1:225989359549:security-group/sg-0a19134ff62deadfb",
            "description": "Allow inbound traffic from EC2 instances to PostgreSQL",
            "egress": [],
            "id": "sg-0a19134ff62deadfb",
            "ingress": [],
            "name": "project01-RDS-SG",
            "name_prefix": "",
            "owner_id": "225989359549",
            "revoke_rules_on_delete": false,
            "tags": {
              "Environment": "dev",
              "Name": "project01-RDS-SG",
              "Terraform": "true"
            },
            "tags_all": {
              "Environment": "dev",
              "Name": "project01-RDS-SG",
              "Terraform": "true"
            },
            "timeouts": null,
            "vpc_id": "vpc-0d130e9297a521230"
          },
          "sensitive_attributes": [],
          "private": "eyJlMmJmYjczMC1lY2FhLTExZTYtOGY4OC0zNDM2M2JjN2M0YzAiOnsiY3JlYXRlIjo2MDAwMDAwMDAwMDAsImRlbGV0ZSI6OTAwMDAwMDAwMDAwfSwic2NoZW1hX3ZlcnNpb24iOiIxIn0=",
          "dependencies": [
            "aws_vpc.main"
          ],
          "create_before_destroy": true
        }
      ]
    },
    {
      "mode": "managed",
      "type": "aws_ssm_parameter",
      "name": "cloudwatch_agent_config",
      "provider": "provider[\"registry.terraform.io/hashicorp/aws\"]",
      "instances": [
        {
          "schema_version": 0,
          "attributes": {
            "allowed_pattern": "",
            "arn": "arn:aws:ssm:ap-south-1:225989359549:parameter/project01/dev/cloudwatch-agent-config",
            "data_type": "text",
            "description": "CloudWatch Agent configuration for project01 dev",
            "has_value_wo": null,
            "id": "/project01/dev/cloudwatch-agent-config",
            "insecure_value": null,
            "key_id": "",
            "name": "/project01/dev/cloudwatch-agent-config",
            "overwrite": null,
            "tags": {
              "Environment": "dev",
              "Name": "project01-CW-Agent-Config",
              "Terraform": "true"
            },
            "tags_all": {
              "Environment": "dev",
              "Name": "project01-CW-Agent-Config",
              "Terraform": "true"
            },
            "tier": "Standard",
            "type": "String",
            "value": "{\n  \"agent\": {\n    \"run_as_user\": \"root\"\n  },\n  \"logs\": {\n    \"logs_collected\": {\n      \"files\": {\n        \"collect_list\": [\n          {\n            \"file_path\": \"/opt/app/logs/app.log\", # IMPORTANT: Change to your app's actual log file path\n            \"log_group_name\": \"/project01/dev/app.log\", # Interpolation works here!\n            \"log_stream_name\": \"{instance_id}\",\n            \"timestamp_format\": \"%Y-%m-%d %H:%M:%S\", # Adjust format if needed\n            \"multi_line_start_pattern\": \"{timestamp_format}\" # Adjust if needed for multi-line logs\n          },\n          {\n            \"file_path\": \"/var/log/messages\", # Example system logs\n            \"log_group_name\": \"/project01/dev/system.log\", # Interpolation works here!\n            \"log_stream_name\": \"{instance_id}\"\n          }\n        ]\n      }\n    },\n    \"log_stream_name\": \"project01-dev-DefaultLogStream\", # Optional: Default stream name if others fail\n    \"force_flush_interval\": 15\n  },\n  \"metrics\": {\n     \"metrics_collected\": {\n       \"collectd\": {\n         \"metrics_aggregation_interval\": 60\n       },\n       \"cpu\": {\n         \"measurement\": [\n           \"cpu_usage_idle\",\n           \"cpu_usage_nice\",\n           \"cpu_usage_system\",\n           \"cpu_usage_user\",\n           \"cpu_usage_wait\"\n         ],\n         \"metrics_collection_interval\": 60,\n         \"totalcpu\": true\n       },\n       \"disk\": {\n         \"measurement\": [\n           \"used_percent\",\n           \"inodes_free\"\n         ],\n         \"metrics_collection_interval\": 60,\n         \"resources\": [\n           \"/\"\n         ]\n       },\n       \"mem\": {\n         \"measurement\": [\n           \"mem_used_percent\"\n         ],\n         \"metrics_collection_interval\": 60\n       },\n       \"swap\": {\n         \"measurement\": [\n           \"swap_used_percent\"\n         ],\n         \"metrics_collection_interval\": 60\n       }\n     },\n     # Optional: Add aggregation dimensions if needed\n     # \"append_dimensions\": {\n     #   \"AutoScalingGroupName\": \"${aws:AutoScalingGroupName}\",\n     #   \"ImageId\": \"${aws:ImageId}\",\n     #   \"InstanceId\": \"${aws:InstanceId}\",\n     #   \"InstanceType\": \"${aws:InstanceType}\"\n     # }\n     \"aggregation_interval\": 60 # How often metrics are aggregated and sent (seconds)\n  }\n}\n",
            "value_wo": null,
            "value_wo_version": null,
            "version": 1
          },
          "sensitive_attributes": [
            [
              {
                "type": "get_attr",
                "value": "value_wo"
              }
            ],
            [
              {
                "type": "get_attr",
                "value": "value"
              }
            ]
          ],
          "private": "bnVsbA==",
          "create_before_destroy": true
        }
      ]
    },
    {
      "mode": "managed",
      "type": "aws_subnet",
      "name": "private",
      "provider": "provider[\"registry.terraform.io/hashicorp/aws\"]",
      "instances": [
        {
          "index_key": 0,
          "schema_version": 1,
          "attributes": {
            "arn": "arn:aws:ec2:ap-south-1:225989359549:subnet/subnet-08ec3a5152fb3e99d",
            "assign_ipv6_address_on_creation": false,
            "availability_zone": "ap-south-1a",
            "availability_zone_id": "aps1-az1",
            "cidr_block": "10.0.101.0/24",
            "customer_owned_ipv4_pool": "",
            "enable_dns64": false,
            "enable_lni_at_device_index": 0,
            "enable_resource_name_dns_a_record_on_launch": false,
            "enable_resource_name_dns_aaaa_record_on_launch": false,
            "id": "subnet-08ec3a5152fb3e99d",
            "ipv6_cidr_block": "",
            "ipv6_cidr_block_association_id": "",
            "ipv6_native": false,
            "map_customer_owned_ip_on_launch": false,
            "map_public_ip_on_launch": false,
            "outpost_arn": "",
            "owner_id": "225989359549",
            "private_dns_hostname_type_on_launch": "ip-name",
            "tags": {
              "Environment": "dev",
              "Name": "project01-PrivateSubnet-ap-south-1a",
              "Terraform": "true",
              "Tier": "Private"
            },
            "tags_all": {
              "Environment": "dev",
              "Name": "project01-PrivateSubnet-ap-south-1a",
              "Terraform": "true",
              "Tier": "Private"
            },
            "timeouts": null,
            "vpc_id": "vpc-0d130e9297a521230"
          },
          "sensitive_attributes": [],
          "private": "eyJlMmJmYjczMC1lY2FhLTExZTYtOGY4OC0zNDM2M2JjN2M0YzAiOnsiY3JlYXRlIjo2MDAwMDAwMDAwMDAsImRlbGV0ZSI6MTIwMDAwMDAwMDAwMH0sInNjaGVtYV92ZXJzaW9uIjoiMSJ9",
          "dependencies": [
            "aws_vpc.main",
            "data.aws_availability_zones.available"
          ],
          "create_before_destroy": true
        },
        {
          "index_key": 1,
          "schema_version": 1,
          "attributes": {
            "arn": "arn:aws:ec2:ap-south-1:225989359549:subnet/subnet-0938c477a0e70c25b",
            "assign_ipv6_address_on_creation": false,
            "availability_zone": "ap-south-1b",
            "availability_zone_id": "aps1-az3",
            "cidr_block": "10.0.102.0/24",
            "customer_owned_ipv4_pool": "",
            "enable_dns64": false,
            "enable_lni_at_device_index": 0,
            "enable_resource_name_dns_a_record_on_launch": false,
            "enable_resource_name_dns_aaaa_record_on_launch": false,
            "id": "subnet-0938c477a0e70c25b",
            "ipv6_cidr_block": "",
            "ipv6_cidr_block_association_id": "",
            "ipv6_native": false,
            "map_customer_owned_ip_on_launch": false,
            "map_public_ip_on_launch": false,
            "outpost_arn": "",
            "owner_id": "225989359549",
            "private_dns_hostname_type_on_launch": "ip-name",
            "tags": {
              "Environment": "dev",
              "Name": "project01-PrivateSubnet-ap-south-1b",
              "Terraform": "true",
              "Tier": "Private"
            },
            "tags_all": {
              "Environment": "dev",
              "Name": "project01-PrivateSubnet-ap-south-1b",
              "Terraform": "true",
              "Tier": "Private"
            },
            "timeouts": null,
            "vpc_id": "vpc-0d130e9297a521230"
          },
          "sensitive_attributes": [],
          "private": "eyJlMmJmYjczMC1lY2FhLTExZTYtOGY4OC0zNDM2M2JjN2M0YzAiOnsiY3JlYXRlIjo2MDAwMDAwMDAwMDAsImRlbGV0ZSI6MTIwMDAwMDAwMDAwMH0sInNjaGVtYV92ZXJzaW9uIjoiMSJ9",
          "dependencies": [
            "aws_vpc.main",
            "data.aws_availability_zones.available"
          ],
          "create_before_destroy": true
        },
        {
          "index_key": 2,
          "schema_version": 1,
          "attributes": {
            "arn": "arn:aws:ec2:ap-south-1:225989359549:subnet/subnet-0c35345bc1a16f783",
            "assign_ipv6_address_on_creation": false,
            "availability_zone": "ap-south-1c",
            "availability_zone_id": "aps1-az2",
            "cidr_block": "10.0.103.0/24",
            "customer_owned_ipv4_pool": "",
            "enable_dns64": false,
            "enable_lni_at_device_index": 0,
            "enable_resource_name_dns_a_record_on_launch": false,
            "enable_resource_name_dns_aaaa_record_on_launch": false,
            "id": "subnet-0c35345bc1a16f783",
            "ipv6_cidr_block": "",
            "ipv6_cidr_block_association_id": "",
            "ipv6_native": false,
            "map_customer_owned_ip_on_launch": false,
            "map_public_ip_on_launch": false,
            "outpost_arn": "",
            "owner_id": "225989359549",
            "private_dns_hostname_type_on_launch": "ip-name",
            "tags": {
              "Environment": "dev",
              "Name": "project01-PrivateSubnet-ap-south-1c",
              "Terraform": "true",
              "Tier": "Private"
            },
            "tags_all": {
              "Environment": "dev",
              "Name": "project01-PrivateSubnet-ap-south-1c",
              "Terraform": "true",
              "Tier": "Private"
            },
            "timeouts": null,
            "vpc_id": "vpc-0d130e9297a521230"
          },
          "sensitive_attributes": [],
          "private": "eyJlMmJmYjczMC1lY2FhLTExZTYtOGY4OC0zNDM2M2JjN2M0YzAiOnsiY3JlYXRlIjo2MDAwMDAwMDAwMDAsImRlbGV0ZSI6MTIwMDAwMDAwMDAwMH0sInNjaGVtYV92ZXJzaW9uIjoiMSJ9",
          "dependencies": [
            "aws_vpc.main",
            "data.aws_availability_zones.available"
          ],
          "create_before_destroy": true
        }
      ]
    },
    {
      "mode": "managed",
      "type": "aws_subnet",
      "name": "public",
      "provider": "provider[\"registry.terraform.io/hashicorp/aws\"]",
      "instances": [
        {
          "index_key": 0,
          "schema_version": 1,
          "attributes": {
            "arn": "arn:aws:ec2:ap-south-1:225989359549:subnet/subnet-05132fd967a6c2b60",
            "assign_ipv6_address_on_creation": false,
            "availability_zone": "ap-south-1a",
            "availability_zone_id": "aps1-az1",
            "cidr_block": "10.0.1.0/24",
            "customer_owned_ipv4_pool": "",
            "enable_dns64": false,
            "enable_lni_at_device_index": 0,
            "enable_resource_name_dns_a_record_on_launch": false,
            "enable_resource_name_dns_aaaa_record_on_launch": false,
            "id": "subnet-05132fd967a6c2b60",
            "ipv6_cidr_block": "",
            "ipv6_cidr_block_association_id": "",
            "ipv6_native": false,
            "map_customer_owned_ip_on_launch": false,
            "map_public_ip_on_launch": true,
            "outpost_arn": "",
            "owner_id": "225989359549",
            "private_dns_hostname_type_on_launch": "ip-name",
            "tags": {
              "Environment": "dev",
              "Name": "project01-PublicSubnet-ap-south-1a",
              "Terraform": "true",
              "Tier": "Public"
            },
            "tags_all": {
              "Environment": "dev",
              "Name": "project01-PublicSubnet-ap-south-1a",
              "Terraform": "true",
              "Tier": "Public"
            },
            "timeouts": null,
            "vpc_id": "vpc-0d130e9297a521230"
          },
          "sensitive_attributes": [],
          "private": "eyJlMmJmYjczMC1lY2FhLTExZTYtOGY4OC0zNDM2M2JjN2M0YzAiOnsiY3JlYXRlIjo2MDAwMDAwMDAwMDAsImRlbGV0ZSI6MTIwMDAwMDAwMDAwMH0sInNjaGVtYV92ZXJzaW9uIjoiMSJ9",
          "dependencies": [
            "aws_vpc.main",
            "data.aws_availability_zones.available"
          ]
        },
        {
          "index_key": 1,
          "schema_version": 1,
          "attributes": {
            "arn": "arn:aws:ec2:ap-south-1:225989359549:subnet/subnet-055f108c16aec4a1b",
            "assign_ipv6_address_on_creation": false,
            "availability_zone": "ap-south-1b",
            "availability_zone_id": "aps1-az3",
            "cidr_block": "10.0.2.0/24",
            "customer_owned_ipv4_pool": "",
            "enable_dns64": false,
            "enable_lni_at_device_index": 0,
            "enable_resource_name_dns_a_record_on_launch": false,
            "enable_resource_name_dns_aaaa_record_on_launch": false,
            "id": "subnet-055f108c16aec4a1b",
            "ipv6_cidr_block": "",
            "ipv6_cidr_block_association_id": "",
            "ipv6_native": false,
            "map_customer_owned_ip_on_launch": false,
            "map_public_ip_on_launch": true,
            "outpost_arn": "",
            "owner_id": "225989359549",
            "private_dns_hostname_type_on_launch": "ip-name",
            "tags": {
              "Environment": "dev",
              "Name": "project01-PublicSubnet-ap-south-1b",
              "Terraform": "true",
              "Tier": "Public"
            },
            "tags_all": {
              "Environment": "dev",
              "Name": "project01-PublicSubnet-ap-south-1b",
              "Terraform": "true",
              "Tier": "Public"
            },
            "timeouts": null,
            "vpc_id": "vpc-0d130e9297a521230"
          },
          "sensitive_attributes": [],
          "private": "eyJlMmJmYjczMC1lY2FhLTExZTYtOGY4OC0zNDM2M2JjN2M0YzAiOnsiY3JlYXRlIjo2MDAwMDAwMDAwMDAsImRlbGV0ZSI6MTIwMDAwMDAwMDAwMH0sInNjaGVtYV92ZXJzaW9uIjoiMSJ9",
          "dependencies": [
            "aws_vpc.main",
            "data.aws_availability_zones.available"
          ]
        },
        {
          "index_key": 2,
          "schema_version": 1,
          "attributes": {
            "arn": "arn:aws:ec2:ap-south-1:225989359549:subnet/subnet-082aec15f3f69b07f",
            "assign_ipv6_address_on_creation": false,
            "availability_zone": "ap-south-1c",
            "availability_zone_id": "aps1-az2",
            "cidr_block": "10.0.3.0/24",
            "customer_owned_ipv4_pool": "",
            "enable_dns64": false,
            "enable_lni_at_device_index": 0,
            "enable_resource_name_dns_a_record_on_launch": false,
            "enable_resource_name_dns_aaaa_record_on_launch": false,
            "id": "subnet-082aec15f3f69b07f",
            "ipv6_cidr_block": "",
            "ipv6_cidr_block_association_id": "",
            "ipv6_native": false,
            "map_customer_owned_ip_on_launch": false,
            "map_public_ip_on_launch": true,
            "outpost_arn": "",
            "owner_id": "225989359549",
            "private_dns_hostname_type_on_launch": "ip-name",
            "tags": {
              "Environment": "dev",
              "Name": "project01-PublicSubnet-ap-south-1c",
              "Terraform": "true",
              "Tier": "Public"
            },
            "tags_all": {
              "Environment": "dev",
              "Name": "project01-PublicSubnet-ap-south-1c",
              "Terraform": "true",
              "Tier": "Public"
            },
            "timeouts": null,
            "vpc_id": "vpc-0d130e9297a521230"
          },
          "sensitive_attributes": [],
          "private": "eyJlMmJmYjczMC1lY2FhLTExZTYtOGY4OC0zNDM2M2JjN2M0YzAiOnsiY3JlYXRlIjo2MDAwMDAwMDAwMDAsImRlbGV0ZSI6MTIwMDAwMDAwMDAwMH0sInNjaGVtYV92ZXJzaW9uIjoiMSJ9",
          "dependencies": [
            "aws_vpc.main",
            "data.aws_availability_zones.available"
          ]
        }
      ]
    },
    {
      "mode": "managed",
      "type": "aws_vpc",
      "name": "main",
      "provider": "provider[\"registry.terraform.io/hashicorp/aws\"]",
      "instances": [
        {
          "schema_version": 1,
          "attributes": {
            "arn": "arn:aws:ec2:ap-south-1:225989359549:vpc/vpc-0d130e9297a521230",
            "assign_generated_ipv6_cidr_block": false,
            "cidr_block": "10.0.0.0/16",
            "default_network_acl_id": "acl-019d50c04f0bb36f9",
            "default_route_table_id": "rtb-04674dd0b1f94d566",
            "default_security_group_id": "sg-0e56fe6f2ea4ba649",
            "dhcp_options_id": "dopt-0ce102aa45c8c97fc",
            "enable_dns_hostnames": true,
            "enable_dns_support": true,
            "enable_network_address_usage_metrics": false,
            "id": "vpc-0d130e9297a521230",
            "instance_tenancy": "default",
            "ipv4_ipam_pool_id": null,
            "ipv4_netmask_length": null,
            "ipv6_association_id": "",
            "ipv6_cidr_block": "",
            "ipv6_cidr_block_network_border_group": "",
            "ipv6_ipam_pool_id": "",
            "ipv6_netmask_length": 0,
            "main_route_table_id": "rtb-04674dd0b1f94d566",
            "owner_id": "225989359549",
            "tags": {
              "Environment": "dev",
              "Name": "project01-VPC",
              "Terraform": "true"
            },
            "tags_all": {
              "Environment": "dev",
              "Name": "project01-VPC",
              "Terraform": "true"
            }
          },
          "sensitive_attributes": [],
          "private": "eyJzY2hlbWFfdmVyc2lvbiI6IjEifQ==",
          "create_before_destroy": true
        }
      ]
    },
    {
      "mode": "managed",
      "type": "random_password",
      "name": "db_password",
      "provider": "provider[\"registry.terraform.io/hashicorp/random\"]",
      "instances": [
        {
          "schema_version": 3,
          "attributes": {
            "bcrypt_hash": "$2a$10$xJD2bU2IZQCvkscCXKMpzeZ2oQ01ek/jJXA6Ylv49Qelwaif8qlWm",
            "id": "none",
            "keepers": null,
            "length": 16,
            "lower": true,
            "min_lower": 0,
            "min_numeric": 0,
            "min_special": 0,
            "min_upper": 0,
            "number": true,
            "numeric": true,
            "override_special": "_%@",
            "result": "ksNVWmRLsXILa5Pj",
            "special": true,
            "upper": true
          },
          "sensitive_attributes": [
            [
              {
                "type": "get_attr",
                "value": "bcrypt_hash"
              }
            ],
            [
              {
                "type": "get_attr",
                "value": "result"
              }
            ]
          ],
          "create_before_destroy": true
        }
      ]
    }
  ],
  "check_results": null
}
